
Microsoft Visual Studio Solution File, Format Version 12.00
# Visual Studio 15
VisualStudioVersion = 15.0.26124.0
MinimumVisualStudioVersion = 15.0.26124.0
Project("{FAE04EC0-301F-11D3-BF4B-00C04F79EFBC}") = "Nameless.Bookshelf.Core", "..\Bookshelf\Nameless.Bookshelf.Core\Nameless.Bookshelf.Core.csproj", "{130E2575-4547-45A6-8F5F-058E7687ACC4}"
EndProject
Project("{FAE04EC0-301F-11D3-BF4B-00C04F79EFBC}") = "Nameless.WebApplication.Core", "Nameless.WebApplication.Core\Nameless.WebApplication.Core.csproj", "{674A3368-BE9A-47C6-A59F-2CE989831FE5}"
EndProject
Project("{FAE04EC0-301F-11D3-BF4B-00C04F79EFBC}") = "Nameless.WebApplication.Web", "Nameless.WebApplication.Web\Nameless.WebApplication.Web.csproj", "{B31586F5-16CB-45FA-A9D0-4C0F0FC0470D}"
EndProject
Project("{FAE04EC0-301F-11D3-BF4B-00C04F79EFBC}") = "Nameless.Caching", "..\..\src\Nameless.Caching\Nameless.Caching.csproj", "{CE483C85-BDE0-4F5B-8100-AE4278B29424}"
EndProject
Project("{FAE04EC0-301F-11D3-BF4B-00C04F79EFBC}") = "Nameless.Core", "..\..\src\Nameless.Core\Nameless.Core.csproj", "{0E5C5ACF-0DA5-4767-9FA1-1F6522960DB4}"
EndProject
Project("{FAE04EC0-301F-11D3-BF4B-00C04F79EFBC}") = "Nameless.CQRS", "..\..\src\Nameless.CQRS\Nameless.CQRS.csproj", "{DD7C9E45-D62F-4B8C-A0C5-A51081671327}"
EndProject
Project("{FAE04EC0-301F-11D3-BF4B-00C04F79EFBC}") = "Nameless.Environment", "..\..\src\Nameless.Environment\Nameless.Environment.csproj", "{4BF1FE4C-169E-4F45-BAF7-37AFFE73A9E5}"
EndProject
Project("{FAE04EC0-301F-11D3-BF4B-00C04F79EFBC}") = "Nameless.FileStorage", "..\..\src\Nameless.FileStorage\Nameless.FileStorage.csproj", "{7FFC7C0C-F320-4D13-8E7B-6364904F02F9}"
EndProject
Project("{FAE04EC0-301F-11D3-BF4B-00C04F79EFBC}") = "Nameless.IO", "..\..\src\Nameless.IO\Nameless.IO.csproj", "{30A06738-CE5A-42D6-8282-EED3ABFF6F8C}"
EndProject
Project("{FAE04EC0-301F-11D3-BF4B-00C04F79EFBC}") = "Nameless.IoC", "..\..\src\Nameless.IoC\Nameless.IoC.csproj", "{AA8C89FF-6FE2-4EFC-B55C-079AF5B33741}"
EndProject
Project("{FAE04EC0-301F-11D3-BF4B-00C04F79EFBC}") = "Nameless.Localization", "..\..\src\Nameless.Localization\Nameless.Localization.csproj", "{94604025-60B1-4030-830D-8D0672347713}"
EndProject
Project("{FAE04EC0-301F-11D3-BF4B-00C04F79EFBC}") = "Nameless.Logging", "..\..\src\Nameless.Logging\Nameless.Logging.csproj", "{9663FDA7-7C7C-4089-BF06-D5A0FDF24A06}"
EndProject
Project("{FAE04EC0-301F-11D3-BF4B-00C04F79EFBC}") = "Nameless.Mailing", "..\..\src\Nameless.Mailing\Nameless.Mailing.csproj", "{08EDE8BD-0103-49AF-B929-8BD95A479F51}"
EndProject
Project("{FAE04EC0-301F-11D3-BF4B-00C04F79EFBC}") = "Nameless.Notification", "..\..\src\Nameless.Notification\Nameless.Notification.csproj", "{6927822A-4875-4718-9092-28B0B37AE949}"
EndProject
Project("{FAE04EC0-301F-11D3-BF4B-00C04F79EFBC}") = "Nameless.ObjectMapper", "..\..\src\Nameless.ObjectMapper\Nameless.ObjectMapper.csproj", "{44A6EC9A-021E-4994-8FAF-20DE0AF887F9}"
EndProject
Project("{FAE04EC0-301F-11D3-BF4B-00C04F79EFBC}") = "Nameless.Patterns", "..\..\src\Nameless.Patterns\Nameless.Patterns.csproj", "{8061BAC5-8D2A-4E10-AED3-07293F086184}"
EndProject
Project("{FAE04EC0-301F-11D3-BF4B-00C04F79EFBC}") = "Nameless.Persistence", "..\..\src\Nameless.Persistence\Nameless.Persistence.csproj", "{C2543D8A-F589-49AD-84FF-59AFA58A70E4}"
EndProject
Project("{FAE04EC0-301F-11D3-BF4B-00C04F79EFBC}") = "Nameless.PubSub", "..\..\src\Nameless.PubSub\Nameless.PubSub.csproj", "{9CBA1B4B-08FF-431A-B6D3-6E47B982DB42}"
EndProject
Project("{FAE04EC0-301F-11D3-BF4B-00C04F79EFBC}") = "Nameless.Search", "..\..\src\Nameless.Search\Nameless.Search.csproj", "{91BFBAF4-4054-4156-93C6-3DB1FD78E7B6}"
EndProject
Project("{FAE04EC0-301F-11D3-BF4B-00C04F79EFBC}") = "Nameless.Security", "..\..\src\Nameless.Security\Nameless.Security.csproj", "{196F7076-3864-4AE7-87BE-B5CA0C4367C0}"
EndProject
Project("{FAE04EC0-301F-11D3-BF4B-00C04F79EFBC}") = "Nameless.Serialization", "..\..\src\Nameless.Serialization\Nameless.Serialization.csproj", "{7D8A46D5-4F8E-414B-B222-61B26D92596A}"
EndProject
Project("{FAE04EC0-301F-11D3-BF4B-00C04F79EFBC}") = "Nameless.Services", "..\..\src\Nameless.Services\Nameless.Services.csproj", "{F687C71D-3AD2-4D85-AE2C-7A1A700F70F4}"
EndProject
Project("{FAE04EC0-301F-11D3-BF4B-00C04F79EFBC}") = "Nameless.Text", "..\..\src\Nameless.Text\Nameless.Text.csproj", "{1AF0F555-05AC-47F9-9D3C-8F1270A7DB06}"
EndProject
Project("{FAE04EC0-301F-11D3-BF4B-00C04F79EFBC}") = "Nameless.AspNetCore", "..\..\impl\Nameless.AspNetCore\Nameless.AspNetCore.csproj", "{4AADCCA2-576B-4952-9363-C59E0E9444E7}"
EndProject
Project("{FAE04EC0-301F-11D3-BF4B-00C04F79EFBC}") = "Nameless.Caching.InMemory", "..\..\impl\Nameless.Caching.InMemory\Nameless.Caching.InMemory.csproj", "{FECA0734-5B41-42DA-BD38-C611A1CB52D3}"
EndProject
Project("{FAE04EC0-301F-11D3-BF4B-00C04F79EFBC}") = "Nameless.CQRS.Common", "..\..\impl\Nameless.CQRS.Common\Nameless.CQRS.Common.csproj", "{52072321-01C3-4D71-A5A3-FD087964253E}"
EndProject
Project("{FAE04EC0-301F-11D3-BF4B-00C04F79EFBC}") = "Nameless.Environment.Common", "..\..\impl\Nameless.Environment.Common\Nameless.Environment.Common.csproj", "{76C10011-59AE-4DE5-A2F7-7C57002ED230}"
EndProject
Project("{FAE04EC0-301F-11D3-BF4B-00C04F79EFBC}") = "Nameless.FileProvider.Common", "..\..\impl\Nameless.FileProvider.Common\Nameless.FileProvider.Common.csproj", "{B91A80F6-C7A3-4F5F-B2A3-D362BE015E95}"
EndProject
Project("{FAE04EC0-301F-11D3-BF4B-00C04F79EFBC}") = "Nameless.FileStorage.FileSystem", "..\..\impl\Nameless.FileStorage.FileSystem\Nameless.FileStorage.FileSystem.csproj", "{5FAF1295-5D8C-4241-B031-C45F56C268D5}"
EndProject
Project("{FAE04EC0-301F-11D3-BF4B-00C04F79EFBC}") = "Nameless.IoC.Autofac", "..\..\impl\Nameless.IoC.Autofac\Nameless.IoC.Autofac.csproj", "{963EE629-BA67-4C2D-A46D-86DBE635A1A1}"
EndProject
Project("{FAE04EC0-301F-11D3-BF4B-00C04F79EFBC}") = "Nameless.Localization.Json", "..\..\impl\Nameless.Localization.Json\Nameless.Localization.Json.csproj", "{87DAFE2C-65EE-4F3B-9DA1-611D4CD8CA56}"
EndProject
Project("{FAE04EC0-301F-11D3-BF4B-00C04F79EFBC}") = "Nameless.Logging.Log4net", "..\..\impl\Nameless.Logging.Log4net\Nameless.Logging.Log4net.csproj", "{FAF44194-8625-4539-B9C2-34BA6E19842E}"
EndProject
Project("{FAE04EC0-301F-11D3-BF4B-00C04F79EFBC}") = "Nameless.Mailing.MailKit", "..\..\impl\Nameless.Mailing.MailKit\Nameless.Mailing.MailKit.csproj", "{67A53FB3-955B-4E76-B5CF-973A2F270FF3}"
EndProject
Project("{FAE04EC0-301F-11D3-BF4B-00C04F79EFBC}") = "Nameless.NHibernate", "..\..\impl\Nameless.NHibernate\Nameless.NHibernate.csproj", "{401B9CB5-D165-4D7A-A02D-406F2BE93B03}"
EndProject
Project("{FAE04EC0-301F-11D3-BF4B-00C04F79EFBC}") = "Nameless.Notification.Common", "..\..\impl\Nameless.Notification.Common\Nameless.Notification.Common.csproj", "{9C4D3DF6-E5F4-4563-9DF7-909D9E74D95E}"
EndProject
Project("{FAE04EC0-301F-11D3-BF4B-00C04F79EFBC}") = "Nameless.ObjectMapper.AutoMapper", "..\..\impl\Nameless.ObjectMapper.AutoMapper\Nameless.ObjectMapper.AutoMapper.csproj", "{CBC44810-6DD0-4F8F-A7B3-8267D84E81A4}"
EndProject
Project("{FAE04EC0-301F-11D3-BF4B-00C04F79EFBC}") = "Nameless.Persistence.NHibernate", "..\..\impl\Nameless.Persistence.NHibernate\Nameless.Persistence.NHibernate.csproj", "{2760CB17-3A57-4FF2-87A3-CB025F296895}"
EndProject
Project("{FAE04EC0-301F-11D3-BF4B-00C04F79EFBC}") = "Nameless.PubSub.Common", "..\..\impl\Nameless.PubSub.Common\Nameless.PubSub.Common.csproj", "{2047D646-35CE-4BCF-A08D-2EB752B4BAB8}"
EndProject
Project("{FAE04EC0-301F-11D3-BF4B-00C04F79EFBC}") = "Nameless.Search.Lucene", "..\..\impl\Nameless.Search.Lucene\Nameless.Search.Lucene.csproj", "{433DE109-4B6D-4D2A-9680-3D4DCB0A17AD}"
EndProject
Project("{FAE04EC0-301F-11D3-BF4B-00C04F79EFBC}") = "Nameless.Security.Common", "..\..\impl\Nameless.Security.Common\Nameless.Security.Common.csproj", "{B9138FB3-D273-47CD-B271-57BCA331B14F}"
EndProject
Project("{FAE04EC0-301F-11D3-BF4B-00C04F79EFBC}") = "Nameless.Serialization.Json", "..\..\impl\Nameless.Serialization.Json\Nameless.Serialization.Json.csproj", "{653E8F4A-CED0-4969-9E2A-C90A6CA70C7C}"
EndProject
Project("{FAE04EC0-301F-11D3-BF4B-00C04F79EFBC}") = "Nameless.Services.Common", "..\..\impl\Nameless.Services.Common\Nameless.Services.Common.csproj", "{924FF557-4B0D-45F2-808D-677B3DB4DA5E}"
EndProject
Project("{FAE04EC0-301F-11D3-BF4B-00C04F79EFBC}") = "Nameless.Text.Common", "..\..\impl\Nameless.Text.Common\Nameless.Text.Common.csproj", "{1CF537E8-96E4-470E-9A3F-2DA5392A6B17}"
EndProject
Project("{FAE04EC0-301F-11D3-BF4B-00C04F79EFBC}") = "Nameless.Caching.InMemory.Extra", "..\..\extra\Nameless.Caching.InMemory.Extra\Nameless.Caching.InMemory.Extra.csproj", "{D04EBB3E-B8FB-4CAE-B99B-9F0A48950D54}"
EndProject
Project("{FAE04EC0-301F-11D3-BF4B-00C04F79EFBC}") = "Nameless.CQRS.Common.Extra", "..\..\extra\Nameless.CQRS.Common.Extra\Nameless.CQRS.Common.Extra.csproj", "{80FDF449-4293-4BE3-9230-FE195716531C}"
EndProject
Project("{FAE04EC0-301F-11D3-BF4B-00C04F79EFBC}") = "Nameless.Environment.Common.Extra", "..\..\extra\Nameless.Environment.Common.Extra\Nameless.Environment.Common.Extra.csproj", "{BABC4B7D-6AC4-47B2-8195-6E9170303B8A}"
EndProject
Project("{FAE04EC0-301F-11D3-BF4B-00C04F79EFBC}") = "Nameless.FileProvider.Physical.Extra", "..\..\extra\Nameless.FileProvider.Physical.Extra\Nameless.FileProvider.Physical.Extra.csproj", "{5DF90508-AEA5-458A-BF1A-1C9C04E5C5DF}"
EndProject
Project("{FAE04EC0-301F-11D3-BF4B-00C04F79EFBC}") = "Nameless.FileStorage.FileSystem.Extra", "..\..\extra\Nameless.FileStorage.FileSystem.Extra\Nameless.FileStorage.FileSystem.Extra.csproj", "{931EA209-821C-44A4-999D-17EC30E5E846}"
EndProject
Project("{FAE04EC0-301F-11D3-BF4B-00C04F79EFBC}") = "Nameless.IoC.Autofac.Extra", "..\..\extra\Nameless.IoC.Autofac.Extra\Nameless.IoC.Autofac.Extra.csproj", "{FB44ACDA-49C4-4802-9A67-7A69BFFD674A}"
EndProject
Project("{FAE04EC0-301F-11D3-BF4B-00C04F79EFBC}") = "Nameless.Localization.Json.Extra", "..\..\extra\Nameless.Localization.Json.Extra\Nameless.Localization.Json.Extra.csproj", "{33696B1C-07A3-41F7-82C3-69EF8945EFAA}"
EndProject
Project("{FAE04EC0-301F-11D3-BF4B-00C04F79EFBC}") = "Nameless.Logging.Log4net.Extra", "..\..\extra\Nameless.Logging.Log4net.Extra\Nameless.Logging.Log4net.Extra.csproj", "{F11761B3-49C0-4D4F-8565-B30C3AF639D7}"
EndProject
Project("{FAE04EC0-301F-11D3-BF4B-00C04F79EFBC}") = "Nameless.Mailing.Mailkit.Extra", "..\..\extra\Nameless.Mailing.Mailkit.Extra\Nameless.Mailing.Mailkit.Extra.csproj", "{B62ACCF8-AAA3-4834-85CE-A476C02C709F}"
EndProject
Project("{FAE04EC0-301F-11D3-BF4B-00C04F79EFBC}") = "Nameless.NHibernate.Extra", "..\..\extra\Nameless.NHibernate.Extra\Nameless.NHibernate.Extra.csproj", "{9B35D41B-DB08-482C-BA95-B0332254610F}"
EndProject
Project("{FAE04EC0-301F-11D3-BF4B-00C04F79EFBC}") = "Nameless.Notification.Common.Extra", "..\..\extra\Nameless.Notification.Common.Extra\Nameless.Notification.Common.Extra.csproj", "{17236D2D-EE7B-414C-8D39-2A16771730D1}"
EndProject
Project("{FAE04EC0-301F-11D3-BF4B-00C04F79EFBC}") = "Nameless.ObjectMapper.AutoMapper.Extra", "..\..\extra\Nameless.ObjectMapper.AutoMapper.Extra\Nameless.ObjectMapper.AutoMapper.Extra.csproj", "{BA6DA4AD-3185-4B6E-996E-F2BBF5A12EE5}"
EndProject
Project("{FAE04EC0-301F-11D3-BF4B-00C04F79EFBC}") = "Nameless.Persistence.NHibernate.Extra", "..\..\extra\Nameless.Persistence.NHibernate.Extra\Nameless.Persistence.NHibernate.Extra.csproj", "{C1595FC9-9792-482A-A6EB-CE6B4759AF41}"
EndProject
Project("{FAE04EC0-301F-11D3-BF4B-00C04F79EFBC}") = "Nameless.PubSub.Common.Extra", "..\..\extra\Nameless.PubSub.Common.Extra\Nameless.PubSub.Common.Extra.csproj", "{C476A77D-E799-40F8-8120-6DDCD3892752}"
EndProject
Project("{FAE04EC0-301F-11D3-BF4B-00C04F79EFBC}") = "Nameless.Search.Lucene.Extra", "..\..\extra\Nameless.Search.Lucene.Extra\Nameless.Search.Lucene.Extra.csproj", "{015FF367-A6CC-4071-A374-ACE172CEB8D5}"
EndProject
Project("{FAE04EC0-301F-11D3-BF4B-00C04F79EFBC}") = "Nameless.Security.Common.Extra", "..\..\extra\Nameless.Security.Common.Extra\Nameless.Security.Common.Extra.csproj", "{DAE271DF-6804-43EA-A354-EDB8F0B2AD71}"
EndProject
Project("{FAE04EC0-301F-11D3-BF4B-00C04F79EFBC}") = "Nameless.Serialization.Json.Extra", "..\..\extra\Nameless.Serialization.Json.Extra\Nameless.Serialization.Json.Extra.csproj", "{BCAF9303-CA02-43C7-89AD-F3D21DC9DB23}"
EndProject
Project("{FAE04EC0-301F-11D3-BF4B-00C04F79EFBC}") = "Nameless.Services.Common.Extra", "..\..\extra\Nameless.Services.Common.Extra\Nameless.Services.Common.Extra.csproj", "{93332311-8C2B-445A-BA2C-64F280657945}"
EndProject
Project("{FAE04EC0-301F-11D3-BF4B-00C04F79EFBC}") = "Nameless.Text.Common.Extra", "..\..\extra\Nameless.Text.Common.Extra\Nameless.Text.Common.Extra.csproj", "{0D9DBB6D-EA96-4EBC-A0EE-F75FB9F4A3D5}"
EndProject
Global
	GlobalSection(SolutionConfigurationPlatforms) = preSolution
		Debug|Any CPU = Debug|Any CPU
		Debug|x64 = Debug|x64
		Debug|x86 = Debug|x86
		Release|Any CPU = Release|Any CPU
		Release|x64 = Release|x64
		Release|x86 = Release|x86
	EndGlobalSection
	GlobalSection(SolutionProperties) = preSolution
		HideSolutionNode = FALSE
	EndGlobalSection
	GlobalSection(ProjectConfigurationPlatforms) = postSolution
		{130E2575-4547-45A6-8F5F-058E7687ACC4}.Debug|Any CPU.ActiveCfg = Debug|Any CPU
		{130E2575-4547-45A6-8F5F-058E7687ACC4}.Debug|Any CPU.Build.0 = Debug|Any CPU
		{130E2575-4547-45A6-8F5F-058E7687ACC4}.Debug|x64.ActiveCfg = Debug|Any CPU
		{130E2575-4547-45A6-8F5F-058E7687ACC4}.Debug|x64.Build.0 = Debug|Any CPU
		{130E2575-4547-45A6-8F5F-058E7687ACC4}.Debug|x86.ActiveCfg = Debug|Any CPU
		{130E2575-4547-45A6-8F5F-058E7687ACC4}.Debug|x86.Build.0 = Debug|Any CPU
		{130E2575-4547-45A6-8F5F-058E7687ACC4}.Release|Any CPU.ActiveCfg = Release|Any CPU
		{130E2575-4547-45A6-8F5F-058E7687ACC4}.Release|Any CPU.Build.0 = Release|Any CPU
		{130E2575-4547-45A6-8F5F-058E7687ACC4}.Release|x64.ActiveCfg = Release|Any CPU
		{130E2575-4547-45A6-8F5F-058E7687ACC4}.Release|x64.Build.0 = Release|Any CPU
		{130E2575-4547-45A6-8F5F-058E7687ACC4}.Release|x86.ActiveCfg = Release|Any CPU
		{130E2575-4547-45A6-8F5F-058E7687ACC4}.Release|x86.Build.0 = Release|Any CPU
		{674A3368-BE9A-47C6-A59F-2CE989831FE5}.Debug|Any CPU.ActiveCfg = Debug|Any CPU
		{674A3368-BE9A-47C6-A59F-2CE989831FE5}.Debug|Any CPU.Build.0 = Debug|Any CPU
		{674A3368-BE9A-47C6-A59F-2CE989831FE5}.Debug|x64.ActiveCfg = Debug|Any CPU
		{674A3368-BE9A-47C6-A59F-2CE989831FE5}.Debug|x64.Build.0 = Debug|Any CPU
		{674A3368-BE9A-47C6-A59F-2CE989831FE5}.Debug|x86.ActiveCfg = Debug|Any CPU
		{674A3368-BE9A-47C6-A59F-2CE989831FE5}.Debug|x86.Build.0 = Debug|Any CPU
		{674A3368-BE9A-47C6-A59F-2CE989831FE5}.Release|Any CPU.ActiveCfg = Release|Any CPU
		{674A3368-BE9A-47C6-A59F-2CE989831FE5}.Release|Any CPU.Build.0 = Release|Any CPU
		{674A3368-BE9A-47C6-A59F-2CE989831FE5}.Release|x64.ActiveCfg = Release|Any CPU
		{674A3368-BE9A-47C6-A59F-2CE989831FE5}.Release|x64.Build.0 = Release|Any CPU
		{674A3368-BE9A-47C6-A59F-2CE989831FE5}.Release|x86.ActiveCfg = Release|Any CPU
		{674A3368-BE9A-47C6-A59F-2CE989831FE5}.Release|x86.Build.0 = Release|Any CPU
		{B31586F5-16CB-45FA-A9D0-4C0F0FC0470D}.Debug|Any CPU.ActiveCfg = Debug|Any CPU
		{B31586F5-16CB-45FA-A9D0-4C0F0FC0470D}.Debug|Any CPU.Build.0 = Debug|Any CPU
		{B31586F5-16CB-45FA-A9D0-4C0F0FC0470D}.Debug|x64.ActiveCfg = Debug|Any CPU
		{B31586F5-16CB-45FA-A9D0-4C0F0FC0470D}.Debug|x64.Build.0 = Debug|Any CPU
		{B31586F5-16CB-45FA-A9D0-4C0F0FC0470D}.Debug|x86.ActiveCfg = Debug|Any CPU
		{B31586F5-16CB-45FA-A9D0-4C0F0FC0470D}.Debug|x86.Build.0 = Debug|Any CPU
		{B31586F5-16CB-45FA-A9D0-4C0F0FC0470D}.Release|Any CPU.ActiveCfg = Release|Any CPU
		{B31586F5-16CB-45FA-A9D0-4C0F0FC0470D}.Release|Any CPU.Build.0 = Release|Any CPU
		{B31586F5-16CB-45FA-A9D0-4C0F0FC0470D}.Release|x64.ActiveCfg = Release|Any CPU
		{B31586F5-16CB-45FA-A9D0-4C0F0FC0470D}.Release|x64.Build.0 = Release|Any CPU
		{B31586F5-16CB-45FA-A9D0-4C0F0FC0470D}.Release|x86.ActiveCfg = Release|Any CPU
		{B31586F5-16CB-45FA-A9D0-4C0F0FC0470D}.Release|x86.Build.0 = Release|Any CPU
		{CE483C85-BDE0-4F5B-8100-AE4278B29424}.Debug|Any CPU.ActiveCfg = Debug|Any CPU
		{CE483C85-BDE0-4F5B-8100-AE4278B29424}.Debug|Any CPU.Build.0 = Debug|Any CPU
		{CE483C85-BDE0-4F5B-8100-AE4278B29424}.Debug|x64.ActiveCfg = Debug|Any CPU
		{CE483C85-BDE0-4F5B-8100-AE4278B29424}.Debug|x64.Build.0 = Debug|Any CPU
		{CE483C85-BDE0-4F5B-8100-AE4278B29424}.Debug|x86.ActiveCfg = Debug|Any CPU
		{CE483C85-BDE0-4F5B-8100-AE4278B29424}.Debug|x86.Build.0 = Debug|Any CPU
		{CE483C85-BDE0-4F5B-8100-AE4278B29424}.Release|Any CPU.ActiveCfg = Release|Any CPU
		{CE483C85-BDE0-4F5B-8100-AE4278B29424}.Release|Any CPU.Build.0 = Release|Any CPU
		{CE483C85-BDE0-4F5B-8100-AE4278B29424}.Release|x64.ActiveCfg = Release|Any CPU
		{CE483C85-BDE0-4F5B-8100-AE4278B29424}.Release|x64.Build.0 = Release|Any CPU
		{CE483C85-BDE0-4F5B-8100-AE4278B29424}.Release|x86.ActiveCfg = Release|Any CPU
		{CE483C85-BDE0-4F5B-8100-AE4278B29424}.Release|x86.Build.0 = Release|Any CPU
		{0E5C5ACF-0DA5-4767-9FA1-1F6522960DB4}.Debug|Any CPU.ActiveCfg = Debug|Any CPU
		{0E5C5ACF-0DA5-4767-9FA1-1F6522960DB4}.Debug|Any CPU.Build.0 = Debug|Any CPU
		{0E5C5ACF-0DA5-4767-9FA1-1F6522960DB4}.Debug|x64.ActiveCfg = Debug|Any CPU
		{0E5C5ACF-0DA5-4767-9FA1-1F6522960DB4}.Debug|x64.Build.0 = Debug|Any CPU
		{0E5C5ACF-0DA5-4767-9FA1-1F6522960DB4}.Debug|x86.ActiveCfg = Debug|Any CPU
		{0E5C5ACF-0DA5-4767-9FA1-1F6522960DB4}.Debug|x86.Build.0 = Debug|Any CPU
		{0E5C5ACF-0DA5-4767-9FA1-1F6522960DB4}.Release|Any CPU.ActiveCfg = Release|Any CPU
		{0E5C5ACF-0DA5-4767-9FA1-1F6522960DB4}.Release|Any CPU.Build.0 = Release|Any CPU
		{0E5C5ACF-0DA5-4767-9FA1-1F6522960DB4}.Release|x64.ActiveCfg = Release|Any CPU
		{0E5C5ACF-0DA5-4767-9FA1-1F6522960DB4}.Release|x64.Build.0 = Release|Any CPU
		{0E5C5ACF-0DA5-4767-9FA1-1F6522960DB4}.Release|x86.ActiveCfg = Release|Any CPU
		{0E5C5ACF-0DA5-4767-9FA1-1F6522960DB4}.Release|x86.Build.0 = Release|Any CPU
		{DD7C9E45-D62F-4B8C-A0C5-A51081671327}.Debug|Any CPU.ActiveCfg = Debug|Any CPU
		{DD7C9E45-D62F-4B8C-A0C5-A51081671327}.Debug|Any CPU.Build.0 = Debug|Any CPU
		{DD7C9E45-D62F-4B8C-A0C5-A51081671327}.Debug|x64.ActiveCfg = Debug|Any CPU
		{DD7C9E45-D62F-4B8C-A0C5-A51081671327}.Debug|x64.Build.0 = Debug|Any CPU
		{DD7C9E45-D62F-4B8C-A0C5-A51081671327}.Debug|x86.ActiveCfg = Debug|Any CPU
		{DD7C9E45-D62F-4B8C-A0C5-A51081671327}.Debug|x86.Build.0 = Debug|Any CPU
		{DD7C9E45-D62F-4B8C-A0C5-A51081671327}.Release|Any CPU.ActiveCfg = Release|Any CPU
		{DD7C9E45-D62F-4B8C-A0C5-A51081671327}.Release|Any CPU.Build.0 = Release|Any CPU
		{DD7C9E45-D62F-4B8C-A0C5-A51081671327}.Release|x64.ActiveCfg = Release|Any CPU
		{DD7C9E45-D62F-4B8C-A0C5-A51081671327}.Release|x64.Build.0 = Release|Any CPU
		{DD7C9E45-D62F-4B8C-A0C5-A51081671327}.Release|x86.ActiveCfg = Release|Any CPU
		{DD7C9E45-D62F-4B8C-A0C5-A51081671327}.Release|x86.Build.0 = Release|Any CPU
		{4BF1FE4C-169E-4F45-BAF7-37AFFE73A9E5}.Debug|Any CPU.ActiveCfg = Debug|Any CPU
		{4BF1FE4C-169E-4F45-BAF7-37AFFE73A9E5}.Debug|Any CPU.Build.0 = Debug|Any CPU
		{4BF1FE4C-169E-4F45-BAF7-37AFFE73A9E5}.Debug|x64.ActiveCfg = Debug|Any CPU
		{4BF1FE4C-169E-4F45-BAF7-37AFFE73A9E5}.Debug|x64.Build.0 = Debug|Any CPU
		{4BF1FE4C-169E-4F45-BAF7-37AFFE73A9E5}.Debug|x86.ActiveCfg = Debug|Any CPU
		{4BF1FE4C-169E-4F45-BAF7-37AFFE73A9E5}.Debug|x86.Build.0 = Debug|Any CPU
		{4BF1FE4C-169E-4F45-BAF7-37AFFE73A9E5}.Release|Any CPU.ActiveCfg = Release|Any CPU
		{4BF1FE4C-169E-4F45-BAF7-37AFFE73A9E5}.Release|Any CPU.Build.0 = Release|Any CPU
		{4BF1FE4C-169E-4F45-BAF7-37AFFE73A9E5}.Release|x64.ActiveCfg = Release|Any CPU
		{4BF1FE4C-169E-4F45-BAF7-37AFFE73A9E5}.Release|x64.Build.0 = Release|Any CPU
		{4BF1FE4C-169E-4F45-BAF7-37AFFE73A9E5}.Release|x86.ActiveCfg = Release|Any CPU
		{4BF1FE4C-169E-4F45-BAF7-37AFFE73A9E5}.Release|x86.Build.0 = Release|Any CPU
		{7FFC7C0C-F320-4D13-8E7B-6364904F02F9}.Debug|Any CPU.ActiveCfg = Debug|Any CPU
		{7FFC7C0C-F320-4D13-8E7B-6364904F02F9}.Debug|Any CPU.Build.0 = Debug|Any CPU
		{7FFC7C0C-F320-4D13-8E7B-6364904F02F9}.Debug|x64.ActiveCfg = Debug|Any CPU
		{7FFC7C0C-F320-4D13-8E7B-6364904F02F9}.Debug|x64.Build.0 = Debug|Any CPU
		{7FFC7C0C-F320-4D13-8E7B-6364904F02F9}.Debug|x86.ActiveCfg = Debug|Any CPU
		{7FFC7C0C-F320-4D13-8E7B-6364904F02F9}.Debug|x86.Build.0 = Debug|Any CPU
		{7FFC7C0C-F320-4D13-8E7B-6364904F02F9}.Release|Any CPU.ActiveCfg = Release|Any CPU
		{7FFC7C0C-F320-4D13-8E7B-6364904F02F9}.Release|Any CPU.Build.0 = Release|Any CPU
		{7FFC7C0C-F320-4D13-8E7B-6364904F02F9}.Release|x64.ActiveCfg = Release|Any CPU
		{7FFC7C0C-F320-4D13-8E7B-6364904F02F9}.Release|x64.Build.0 = Release|Any CPU
		{7FFC7C0C-F320-4D13-8E7B-6364904F02F9}.Release|x86.ActiveCfg = Release|Any CPU
		{7FFC7C0C-F320-4D13-8E7B-6364904F02F9}.Release|x86.Build.0 = Release|Any CPU
		{30A06738-CE5A-42D6-8282-EED3ABFF6F8C}.Debug|Any CPU.ActiveCfg = Debug|Any CPU
		{30A06738-CE5A-42D6-8282-EED3ABFF6F8C}.Debug|Any CPU.Build.0 = Debug|Any CPU
		{30A06738-CE5A-42D6-8282-EED3ABFF6F8C}.Debug|x64.ActiveCfg = Debug|Any CPU
		{30A06738-CE5A-42D6-8282-EED3ABFF6F8C}.Debug|x64.Build.0 = Debug|Any CPU
		{30A06738-CE5A-42D6-8282-EED3ABFF6F8C}.Debug|x86.ActiveCfg = Debug|Any CPU
		{30A06738-CE5A-42D6-8282-EED3ABFF6F8C}.Debug|x86.Build.0 = Debug|Any CPU
		{30A06738-CE5A-42D6-8282-EED3ABFF6F8C}.Release|Any CPU.ActiveCfg = Release|Any CPU
		{30A06738-CE5A-42D6-8282-EED3ABFF6F8C}.Release|Any CPU.Build.0 = Release|Any CPU
		{30A06738-CE5A-42D6-8282-EED3ABFF6F8C}.Release|x64.ActiveCfg = Release|Any CPU
		{30A06738-CE5A-42D6-8282-EED3ABFF6F8C}.Release|x64.Build.0 = Release|Any CPU
		{30A06738-CE5A-42D6-8282-EED3ABFF6F8C}.Release|x86.ActiveCfg = Release|Any CPU
		{30A06738-CE5A-42D6-8282-EED3ABFF6F8C}.Release|x86.Build.0 = Release|Any CPU
		{AA8C89FF-6FE2-4EFC-B55C-079AF5B33741}.Debug|Any CPU.ActiveCfg = Debug|Any CPU
		{AA8C89FF-6FE2-4EFC-B55C-079AF5B33741}.Debug|Any CPU.Build.0 = Debug|Any CPU
		{AA8C89FF-6FE2-4EFC-B55C-079AF5B33741}.Debug|x64.ActiveCfg = Debug|Any CPU
		{AA8C89FF-6FE2-4EFC-B55C-079AF5B33741}.Debug|x64.Build.0 = Debug|Any CPU
		{AA8C89FF-6FE2-4EFC-B55C-079AF5B33741}.Debug|x86.ActiveCfg = Debug|Any CPU
		{AA8C89FF-6FE2-4EFC-B55C-079AF5B33741}.Debug|x86.Build.0 = Debug|Any CPU
		{AA8C89FF-6FE2-4EFC-B55C-079AF5B33741}.Release|Any CPU.ActiveCfg = Release|Any CPU
		{AA8C89FF-6FE2-4EFC-B55C-079AF5B33741}.Release|Any CPU.Build.0 = Release|Any CPU
		{AA8C89FF-6FE2-4EFC-B55C-079AF5B33741}.Release|x64.ActiveCfg = Release|Any CPU
		{AA8C89FF-6FE2-4EFC-B55C-079AF5B33741}.Release|x64.Build.0 = Release|Any CPU
		{AA8C89FF-6FE2-4EFC-B55C-079AF5B33741}.Release|x86.ActiveCfg = Release|Any CPU
		{AA8C89FF-6FE2-4EFC-B55C-079AF5B33741}.Release|x86.Build.0 = Release|Any CPU
		{94604025-60B1-4030-830D-8D0672347713}.Debug|Any CPU.ActiveCfg = Debug|Any CPU
		{94604025-60B1-4030-830D-8D0672347713}.Debug|Any CPU.Build.0 = Debug|Any CPU
		{94604025-60B1-4030-830D-8D0672347713}.Debug|x64.ActiveCfg = Debug|Any CPU
		{94604025-60B1-4030-830D-8D0672347713}.Debug|x64.Build.0 = Debug|Any CPU
		{94604025-60B1-4030-830D-8D0672347713}.Debug|x86.ActiveCfg = Debug|Any CPU
		{94604025-60B1-4030-830D-8D0672347713}.Debug|x86.Build.0 = Debug|Any CPU
		{94604025-60B1-4030-830D-8D0672347713}.Release|Any CPU.ActiveCfg = Release|Any CPU
		{94604025-60B1-4030-830D-8D0672347713}.Release|Any CPU.Build.0 = Release|Any CPU
		{94604025-60B1-4030-830D-8D0672347713}.Release|x64.ActiveCfg = Release|Any CPU
		{94604025-60B1-4030-830D-8D0672347713}.Release|x64.Build.0 = Release|Any CPU
		{94604025-60B1-4030-830D-8D0672347713}.Release|x86.ActiveCfg = Release|Any CPU
		{94604025-60B1-4030-830D-8D0672347713}.Release|x86.Build.0 = Release|Any CPU
		{9663FDA7-7C7C-4089-BF06-D5A0FDF24A06}.Debug|Any CPU.ActiveCfg = Debug|Any CPU
		{9663FDA7-7C7C-4089-BF06-D5A0FDF24A06}.Debug|Any CPU.Build.0 = Debug|Any CPU
		{9663FDA7-7C7C-4089-BF06-D5A0FDF24A06}.Debug|x64.ActiveCfg = Debug|Any CPU
		{9663FDA7-7C7C-4089-BF06-D5A0FDF24A06}.Debug|x64.Build.0 = Debug|Any CPU
		{9663FDA7-7C7C-4089-BF06-D5A0FDF24A06}.Debug|x86.ActiveCfg = Debug|Any CPU
		{9663FDA7-7C7C-4089-BF06-D5A0FDF24A06}.Debug|x86.Build.0 = Debug|Any CPU
		{9663FDA7-7C7C-4089-BF06-D5A0FDF24A06}.Release|Any CPU.ActiveCfg = Release|Any CPU
		{9663FDA7-7C7C-4089-BF06-D5A0FDF24A06}.Release|Any CPU.Build.0 = Release|Any CPU
		{9663FDA7-7C7C-4089-BF06-D5A0FDF24A06}.Release|x64.ActiveCfg = Release|Any CPU
		{9663FDA7-7C7C-4089-BF06-D5A0FDF24A06}.Release|x64.Build.0 = Release|Any CPU
		{9663FDA7-7C7C-4089-BF06-D5A0FDF24A06}.Release|x86.ActiveCfg = Release|Any CPU
		{9663FDA7-7C7C-4089-BF06-D5A0FDF24A06}.Release|x86.Build.0 = Release|Any CPU
		{08EDE8BD-0103-49AF-B929-8BD95A479F51}.Debug|Any CPU.ActiveCfg = Debug|Any CPU
		{08EDE8BD-0103-49AF-B929-8BD95A479F51}.Debug|Any CPU.Build.0 = Debug|Any CPU
		{08EDE8BD-0103-49AF-B929-8BD95A479F51}.Debug|x64.ActiveCfg = Debug|Any CPU
		{08EDE8BD-0103-49AF-B929-8BD95A479F51}.Debug|x64.Build.0 = Debug|Any CPU
		{08EDE8BD-0103-49AF-B929-8BD95A479F51}.Debug|x86.ActiveCfg = Debug|Any CPU
		{08EDE8BD-0103-49AF-B929-8BD95A479F51}.Debug|x86.Build.0 = Debug|Any CPU
		{08EDE8BD-0103-49AF-B929-8BD95A479F51}.Release|Any CPU.ActiveCfg = Release|Any CPU
		{08EDE8BD-0103-49AF-B929-8BD95A479F51}.Release|Any CPU.Build.0 = Release|Any CPU
		{08EDE8BD-0103-49AF-B929-8BD95A479F51}.Release|x64.ActiveCfg = Release|Any CPU
		{08EDE8BD-0103-49AF-B929-8BD95A479F51}.Release|x64.Build.0 = Release|Any CPU
		{08EDE8BD-0103-49AF-B929-8BD95A479F51}.Release|x86.ActiveCfg = Release|Any CPU
		{08EDE8BD-0103-49AF-B929-8BD95A479F51}.Release|x86.Build.0 = Release|Any CPU
		{6927822A-4875-4718-9092-28B0B37AE949}.Debug|Any CPU.ActiveCfg = Debug|Any CPU
		{6927822A-4875-4718-9092-28B0B37AE949}.Debug|Any CPU.Build.0 = Debug|Any CPU
		{6927822A-4875-4718-9092-28B0B37AE949}.Debug|x64.ActiveCfg = Debug|Any CPU
		{6927822A-4875-4718-9092-28B0B37AE949}.Debug|x64.Build.0 = Debug|Any CPU
		{6927822A-4875-4718-9092-28B0B37AE949}.Debug|x86.ActiveCfg = Debug|Any CPU
		{6927822A-4875-4718-9092-28B0B37AE949}.Debug|x86.Build.0 = Debug|Any CPU
		{6927822A-4875-4718-9092-28B0B37AE949}.Release|Any CPU.ActiveCfg = Release|Any CPU
		{6927822A-4875-4718-9092-28B0B37AE949}.Release|Any CPU.Build.0 = Release|Any CPU
		{6927822A-4875-4718-9092-28B0B37AE949}.Release|x64.ActiveCfg = Release|Any CPU
		{6927822A-4875-4718-9092-28B0B37AE949}.Release|x64.Build.0 = Release|Any CPU
		{6927822A-4875-4718-9092-28B0B37AE949}.Release|x86.ActiveCfg = Release|Any CPU
		{6927822A-4875-4718-9092-28B0B37AE949}.Release|x86.Build.0 = Release|Any CPU
		{44A6EC9A-021E-4994-8FAF-20DE0AF887F9}.Debug|Any CPU.ActiveCfg = Debug|Any CPU
		{44A6EC9A-021E-4994-8FAF-20DE0AF887F9}.Debug|Any CPU.Build.0 = Debug|Any CPU
		{44A6EC9A-021E-4994-8FAF-20DE0AF887F9}.Debug|x64.ActiveCfg = Debug|Any CPU
		{44A6EC9A-021E-4994-8FAF-20DE0AF887F9}.Debug|x64.Build.0 = Debug|Any CPU
		{44A6EC9A-021E-4994-8FAF-20DE0AF887F9}.Debug|x86.ActiveCfg = Debug|Any CPU
		{44A6EC9A-021E-4994-8FAF-20DE0AF887F9}.Debug|x86.Build.0 = Debug|Any CPU
		{44A6EC9A-021E-4994-8FAF-20DE0AF887F9}.Release|Any CPU.ActiveCfg = Release|Any CPU
		{44A6EC9A-021E-4994-8FAF-20DE0AF887F9}.Release|Any CPU.Build.0 = Release|Any CPU
		{44A6EC9A-021E-4994-8FAF-20DE0AF887F9}.Release|x64.ActiveCfg = Release|Any CPU
		{44A6EC9A-021E-4994-8FAF-20DE0AF887F9}.Release|x64.Build.0 = Release|Any CPU
		{44A6EC9A-021E-4994-8FAF-20DE0AF887F9}.Release|x86.ActiveCfg = Release|Any CPU
		{44A6EC9A-021E-4994-8FAF-20DE0AF887F9}.Release|x86.Build.0 = Release|Any CPU
		{8061BAC5-8D2A-4E10-AED3-07293F086184}.Debug|Any CPU.ActiveCfg = Debug|Any CPU
		{8061BAC5-8D2A-4E10-AED3-07293F086184}.Debug|Any CPU.Build.0 = Debug|Any CPU
		{8061BAC5-8D2A-4E10-AED3-07293F086184}.Debug|x64.ActiveCfg = Debug|Any CPU
		{8061BAC5-8D2A-4E10-AED3-07293F086184}.Debug|x64.Build.0 = Debug|Any CPU
		{8061BAC5-8D2A-4E10-AED3-07293F086184}.Debug|x86.ActiveCfg = Debug|Any CPU
		{8061BAC5-8D2A-4E10-AED3-07293F086184}.Debug|x86.Build.0 = Debug|Any CPU
		{8061BAC5-8D2A-4E10-AED3-07293F086184}.Release|Any CPU.ActiveCfg = Release|Any CPU
		{8061BAC5-8D2A-4E10-AED3-07293F086184}.Release|Any CPU.Build.0 = Release|Any CPU
		{8061BAC5-8D2A-4E10-AED3-07293F086184}.Release|x64.ActiveCfg = Release|Any CPU
		{8061BAC5-8D2A-4E10-AED3-07293F086184}.Release|x64.Build.0 = Release|Any CPU
		{8061BAC5-8D2A-4E10-AED3-07293F086184}.Release|x86.ActiveCfg = Release|Any CPU
		{8061BAC5-8D2A-4E10-AED3-07293F086184}.Release|x86.Build.0 = Release|Any CPU
		{C2543D8A-F589-49AD-84FF-59AFA58A70E4}.Debug|Any CPU.ActiveCfg = Debug|Any CPU
		{C2543D8A-F589-49AD-84FF-59AFA58A70E4}.Debug|Any CPU.Build.0 = Debug|Any CPU
		{C2543D8A-F589-49AD-84FF-59AFA58A70E4}.Debug|x64.ActiveCfg = Debug|Any CPU
		{C2543D8A-F589-49AD-84FF-59AFA58A70E4}.Debug|x64.Build.0 = Debug|Any CPU
		{C2543D8A-F589-49AD-84FF-59AFA58A70E4}.Debug|x86.ActiveCfg = Debug|Any CPU
		{C2543D8A-F589-49AD-84FF-59AFA58A70E4}.Debug|x86.Build.0 = Debug|Any CPU
		{C2543D8A-F589-49AD-84FF-59AFA58A70E4}.Release|Any CPU.ActiveCfg = Release|Any CPU
		{C2543D8A-F589-49AD-84FF-59AFA58A70E4}.Release|Any CPU.Build.0 = Release|Any CPU
		{C2543D8A-F589-49AD-84FF-59AFA58A70E4}.Release|x64.ActiveCfg = Release|Any CPU
		{C2543D8A-F589-49AD-84FF-59AFA58A70E4}.Release|x64.Build.0 = Release|Any CPU
		{C2543D8A-F589-49AD-84FF-59AFA58A70E4}.Release|x86.ActiveCfg = Release|Any CPU
		{C2543D8A-F589-49AD-84FF-59AFA58A70E4}.Release|x86.Build.0 = Release|Any CPU
		{9CBA1B4B-08FF-431A-B6D3-6E47B982DB42}.Debug|Any CPU.ActiveCfg = Debug|Any CPU
		{9CBA1B4B-08FF-431A-B6D3-6E47B982DB42}.Debug|Any CPU.Build.0 = Debug|Any CPU
		{9CBA1B4B-08FF-431A-B6D3-6E47B982DB42}.Debug|x64.ActiveCfg = Debug|Any CPU
		{9CBA1B4B-08FF-431A-B6D3-6E47B982DB42}.Debug|x64.Build.0 = Debug|Any CPU
		{9CBA1B4B-08FF-431A-B6D3-6E47B982DB42}.Debug|x86.ActiveCfg = Debug|Any CPU
		{9CBA1B4B-08FF-431A-B6D3-6E47B982DB42}.Debug|x86.Build.0 = Debug|Any CPU
		{9CBA1B4B-08FF-431A-B6D3-6E47B982DB42}.Release|Any CPU.ActiveCfg = Release|Any CPU
		{9CBA1B4B-08FF-431A-B6D3-6E47B982DB42}.Release|Any CPU.Build.0 = Release|Any CPU
		{9CBA1B4B-08FF-431A-B6D3-6E47B982DB42}.Release|x64.ActiveCfg = Release|Any CPU
		{9CBA1B4B-08FF-431A-B6D3-6E47B982DB42}.Release|x64.Build.0 = Release|Any CPU
		{9CBA1B4B-08FF-431A-B6D3-6E47B982DB42}.Release|x86.ActiveCfg = Release|Any CPU
		{9CBA1B4B-08FF-431A-B6D3-6E47B982DB42}.Release|x86.Build.0 = Release|Any CPU
		{91BFBAF4-4054-4156-93C6-3DB1FD78E7B6}.Debug|Any CPU.ActiveCfg = Debug|Any CPU
		{91BFBAF4-4054-4156-93C6-3DB1FD78E7B6}.Debug|Any CPU.Build.0 = Debug|Any CPU
		{91BFBAF4-4054-4156-93C6-3DB1FD78E7B6}.Debug|x64.ActiveCfg = Debug|Any CPU
		{91BFBAF4-4054-4156-93C6-3DB1FD78E7B6}.Debug|x64.Build.0 = Debug|Any CPU
		{91BFBAF4-4054-4156-93C6-3DB1FD78E7B6}.Debug|x86.ActiveCfg = Debug|Any CPU
		{91BFBAF4-4054-4156-93C6-3DB1FD78E7B6}.Debug|x86.Build.0 = Debug|Any CPU
		{91BFBAF4-4054-4156-93C6-3DB1FD78E7B6}.Release|Any CPU.ActiveCfg = Release|Any CPU
		{91BFBAF4-4054-4156-93C6-3DB1FD78E7B6}.Release|Any CPU.Build.0 = Release|Any CPU
		{91BFBAF4-4054-4156-93C6-3DB1FD78E7B6}.Release|x64.ActiveCfg = Release|Any CPU
		{91BFBAF4-4054-4156-93C6-3DB1FD78E7B6}.Release|x64.Build.0 = Release|Any CPU
		{91BFBAF4-4054-4156-93C6-3DB1FD78E7B6}.Release|x86.ActiveCfg = Release|Any CPU
		{91BFBAF4-4054-4156-93C6-3DB1FD78E7B6}.Release|x86.Build.0 = Release|Any CPU
		{196F7076-3864-4AE7-87BE-B5CA0C4367C0}.Debug|Any CPU.ActiveCfg = Debug|Any CPU
		{196F7076-3864-4AE7-87BE-B5CA0C4367C0}.Debug|Any CPU.Build.0 = Debug|Any CPU
		{196F7076-3864-4AE7-87BE-B5CA0C4367C0}.Debug|x64.ActiveCfg = Debug|Any CPU
		{196F7076-3864-4AE7-87BE-B5CA0C4367C0}.Debug|x64.Build.0 = Debug|Any CPU
		{196F7076-3864-4AE7-87BE-B5CA0C4367C0}.Debug|x86.ActiveCfg = Debug|Any CPU
		{196F7076-3864-4AE7-87BE-B5CA0C4367C0}.Debug|x86.Build.0 = Debug|Any CPU
		{196F7076-3864-4AE7-87BE-B5CA0C4367C0}.Release|Any CPU.ActiveCfg = Release|Any CPU
		{196F7076-3864-4AE7-87BE-B5CA0C4367C0}.Release|Any CPU.Build.0 = Release|Any CPU
		{196F7076-3864-4AE7-87BE-B5CA0C4367C0}.Release|x64.ActiveCfg = Release|Any CPU
		{196F7076-3864-4AE7-87BE-B5CA0C4367C0}.Release|x64.Build.0 = Release|Any CPU
		{196F7076-3864-4AE7-87BE-B5CA0C4367C0}.Release|x86.ActiveCfg = Release|Any CPU
		{196F7076-3864-4AE7-87BE-B5CA0C4367C0}.Release|x86.Build.0 = Release|Any CPU
		{7D8A46D5-4F8E-414B-B222-61B26D92596A}.Debug|Any CPU.ActiveCfg = Debug|Any CPU
		{7D8A46D5-4F8E-414B-B222-61B26D92596A}.Debug|Any CPU.Build.0 = Debug|Any CPU
		{7D8A46D5-4F8E-414B-B222-61B26D92596A}.Debug|x64.ActiveCfg = Debug|Any CPU
		{7D8A46D5-4F8E-414B-B222-61B26D92596A}.Debug|x64.Build.0 = Debug|Any CPU
		{7D8A46D5-4F8E-414B-B222-61B26D92596A}.Debug|x86.ActiveCfg = Debug|Any CPU
		{7D8A46D5-4F8E-414B-B222-61B26D92596A}.Debug|x86.Build.0 = Debug|Any CPU
		{7D8A46D5-4F8E-414B-B222-61B26D92596A}.Release|Any CPU.ActiveCfg = Release|Any CPU
		{7D8A46D5-4F8E-414B-B222-61B26D92596A}.Release|Any CPU.Build.0 = Release|Any CPU
		{7D8A46D5-4F8E-414B-B222-61B26D92596A}.Release|x64.ActiveCfg = Release|Any CPU
		{7D8A46D5-4F8E-414B-B222-61B26D92596A}.Release|x64.Build.0 = Release|Any CPU
		{7D8A46D5-4F8E-414B-B222-61B26D92596A}.Release|x86.ActiveCfg = Release|Any CPU
		{7D8A46D5-4F8E-414B-B222-61B26D92596A}.Release|x86.Build.0 = Release|Any CPU
		{F687C71D-3AD2-4D85-AE2C-7A1A700F70F4}.Debug|Any CPU.ActiveCfg = Debug|Any CPU
		{F687C71D-3AD2-4D85-AE2C-7A1A700F70F4}.Debug|Any CPU.Build.0 = Debug|Any CPU
		{F687C71D-3AD2-4D85-AE2C-7A1A700F70F4}.Debug|x64.ActiveCfg = Debug|Any CPU
		{F687C71D-3AD2-4D85-AE2C-7A1A700F70F4}.Debug|x64.Build.0 = Debug|Any CPU
		{F687C71D-3AD2-4D85-AE2C-7A1A700F70F4}.Debug|x86.ActiveCfg = Debug|Any CPU
		{F687C71D-3AD2-4D85-AE2C-7A1A700F70F4}.Debug|x86.Build.0 = Debug|Any CPU
		{F687C71D-3AD2-4D85-AE2C-7A1A700F70F4}.Release|Any CPU.ActiveCfg = Release|Any CPU
		{F687C71D-3AD2-4D85-AE2C-7A1A700F70F4}.Release|Any CPU.Build.0 = Release|Any CPU
		{F687C71D-3AD2-4D85-AE2C-7A1A700F70F4}.Release|x64.ActiveCfg = Release|Any CPU
		{F687C71D-3AD2-4D85-AE2C-7A1A700F70F4}.Release|x64.Build.0 = Release|Any CPU
		{F687C71D-3AD2-4D85-AE2C-7A1A700F70F4}.Release|x86.ActiveCfg = Release|Any CPU
		{F687C71D-3AD2-4D85-AE2C-7A1A700F70F4}.Release|x86.Build.0 = Release|Any CPU
		{1AF0F555-05AC-47F9-9D3C-8F1270A7DB06}.Debug|Any CPU.ActiveCfg = Debug|Any CPU
		{1AF0F555-05AC-47F9-9D3C-8F1270A7DB06}.Debug|Any CPU.Build.0 = Debug|Any CPU
		{1AF0F555-05AC-47F9-9D3C-8F1270A7DB06}.Debug|x64.ActiveCfg = Debug|Any CPU
		{1AF0F555-05AC-47F9-9D3C-8F1270A7DB06}.Debug|x64.Build.0 = Debug|Any CPU
		{1AF0F555-05AC-47F9-9D3C-8F1270A7DB06}.Debug|x86.ActiveCfg = Debug|Any CPU
		{1AF0F555-05AC-47F9-9D3C-8F1270A7DB06}.Debug|x86.Build.0 = Debug|Any CPU
		{1AF0F555-05AC-47F9-9D3C-8F1270A7DB06}.Release|Any CPU.ActiveCfg = Release|Any CPU
		{1AF0F555-05AC-47F9-9D3C-8F1270A7DB06}.Release|Any CPU.Build.0 = Release|Any CPU
		{1AF0F555-05AC-47F9-9D3C-8F1270A7DB06}.Release|x64.ActiveCfg = Release|Any CPU
		{1AF0F555-05AC-47F9-9D3C-8F1270A7DB06}.Release|x64.Build.0 = Release|Any CPU
		{1AF0F555-05AC-47F9-9D3C-8F1270A7DB06}.Release|x86.ActiveCfg = Release|Any CPU
		{1AF0F555-05AC-47F9-9D3C-8F1270A7DB06}.Release|x86.Build.0 = Release|Any CPU
		{4AADCCA2-576B-4952-9363-C59E0E9444E7}.Debug|Any CPU.ActiveCfg = Debug|Any CPU
		{4AADCCA2-576B-4952-9363-C59E0E9444E7}.Debug|Any CPU.Build.0 = Debug|Any CPU
		{4AADCCA2-576B-4952-9363-C59E0E9444E7}.Debug|x64.ActiveCfg = Debug|Any CPU
		{4AADCCA2-576B-4952-9363-C59E0E9444E7}.Debug|x64.Build.0 = Debug|Any CPU
		{4AADCCA2-576B-4952-9363-C59E0E9444E7}.Debug|x86.ActiveCfg = Debug|Any CPU
		{4AADCCA2-576B-4952-9363-C59E0E9444E7}.Debug|x86.Build.0 = Debug|Any CPU
		{4AADCCA2-576B-4952-9363-C59E0E9444E7}.Release|Any CPU.ActiveCfg = Release|Any CPU
		{4AADCCA2-576B-4952-9363-C59E0E9444E7}.Release|Any CPU.Build.0 = Release|Any CPU
		{4AADCCA2-576B-4952-9363-C59E0E9444E7}.Release|x64.ActiveCfg = Release|Any CPU
		{4AADCCA2-576B-4952-9363-C59E0E9444E7}.Release|x64.Build.0 = Release|Any CPU
		{4AADCCA2-576B-4952-9363-C59E0E9444E7}.Release|x86.ActiveCfg = Release|Any CPU
		{4AADCCA2-576B-4952-9363-C59E0E9444E7}.Release|x86.Build.0 = Release|Any CPU
		{FECA0734-5B41-42DA-BD38-C611A1CB52D3}.Debug|Any CPU.ActiveCfg = Debug|Any CPU
		{FECA0734-5B41-42DA-BD38-C611A1CB52D3}.Debug|Any CPU.Build.0 = Debug|Any CPU
		{FECA0734-5B41-42DA-BD38-C611A1CB52D3}.Debug|x64.ActiveCfg = Debug|Any CPU
		{FECA0734-5B41-42DA-BD38-C611A1CB52D3}.Debug|x64.Build.0 = Debug|Any CPU
		{FECA0734-5B41-42DA-BD38-C611A1CB52D3}.Debug|x86.ActiveCfg = Debug|Any CPU
		{FECA0734-5B41-42DA-BD38-C611A1CB52D3}.Debug|x86.Build.0 = Debug|Any CPU
		{FECA0734-5B41-42DA-BD38-C611A1CB52D3}.Release|Any CPU.ActiveCfg = Release|Any CPU
		{FECA0734-5B41-42DA-BD38-C611A1CB52D3}.Release|Any CPU.Build.0 = Release|Any CPU
		{FECA0734-5B41-42DA-BD38-C611A1CB52D3}.Release|x64.ActiveCfg = Release|Any CPU
		{FECA0734-5B41-42DA-BD38-C611A1CB52D3}.Release|x64.Build.0 = Release|Any CPU
		{FECA0734-5B41-42DA-BD38-C611A1CB52D3}.Release|x86.ActiveCfg = Release|Any CPU
		{FECA0734-5B41-42DA-BD38-C611A1CB52D3}.Release|x86.Build.0 = Release|Any CPU
		{52072321-01C3-4D71-A5A3-FD087964253E}.Debug|Any CPU.ActiveCfg = Debug|Any CPU
		{52072321-01C3-4D71-A5A3-FD087964253E}.Debug|Any CPU.Build.0 = Debug|Any CPU
		{52072321-01C3-4D71-A5A3-FD087964253E}.Debug|x64.ActiveCfg = Debug|Any CPU
		{52072321-01C3-4D71-A5A3-FD087964253E}.Debug|x64.Build.0 = Debug|Any CPU
		{52072321-01C3-4D71-A5A3-FD087964253E}.Debug|x86.ActiveCfg = Debug|Any CPU
		{52072321-01C3-4D71-A5A3-FD087964253E}.Debug|x86.Build.0 = Debug|Any CPU
		{52072321-01C3-4D71-A5A3-FD087964253E}.Release|Any CPU.ActiveCfg = Release|Any CPU
		{52072321-01C3-4D71-A5A3-FD087964253E}.Release|Any CPU.Build.0 = Release|Any CPU
		{52072321-01C3-4D71-A5A3-FD087964253E}.Release|x64.ActiveCfg = Release|Any CPU
		{52072321-01C3-4D71-A5A3-FD087964253E}.Release|x64.Build.0 = Release|Any CPU
		{52072321-01C3-4D71-A5A3-FD087964253E}.Release|x86.ActiveCfg = Release|Any CPU
		{52072321-01C3-4D71-A5A3-FD087964253E}.Release|x86.Build.0 = Release|Any CPU
		{76C10011-59AE-4DE5-A2F7-7C57002ED230}.Debug|Any CPU.ActiveCfg = Debug|Any CPU
		{76C10011-59AE-4DE5-A2F7-7C57002ED230}.Debug|Any CPU.Build.0 = Debug|Any CPU
		{76C10011-59AE-4DE5-A2F7-7C57002ED230}.Debug|x64.ActiveCfg = Debug|Any CPU
		{76C10011-59AE-4DE5-A2F7-7C57002ED230}.Debug|x64.Build.0 = Debug|Any CPU
		{76C10011-59AE-4DE5-A2F7-7C57002ED230}.Debug|x86.ActiveCfg = Debug|Any CPU
		{76C10011-59AE-4DE5-A2F7-7C57002ED230}.Debug|x86.Build.0 = Debug|Any CPU
		{76C10011-59AE-4DE5-A2F7-7C57002ED230}.Release|Any CPU.ActiveCfg = Release|Any CPU
		{76C10011-59AE-4DE5-A2F7-7C57002ED230}.Release|Any CPU.Build.0 = Release|Any CPU
		{76C10011-59AE-4DE5-A2F7-7C57002ED230}.Release|x64.ActiveCfg = Release|Any CPU
		{76C10011-59AE-4DE5-A2F7-7C57002ED230}.Release|x64.Build.0 = Release|Any CPU
		{76C10011-59AE-4DE5-A2F7-7C57002ED230}.Release|x86.ActiveCfg = Release|Any CPU
		{76C10011-59AE-4DE5-A2F7-7C57002ED230}.Release|x86.Build.0 = Release|Any CPU
		{B91A80F6-C7A3-4F5F-B2A3-D362BE015E95}.Debug|Any CPU.ActiveCfg = Debug|Any CPU
		{B91A80F6-C7A3-4F5F-B2A3-D362BE015E95}.Debug|Any CPU.Build.0 = Debug|Any CPU
		{B91A80F6-C7A3-4F5F-B2A3-D362BE015E95}.Debug|x64.ActiveCfg = Debug|Any CPU
		{B91A80F6-C7A3-4F5F-B2A3-D362BE015E95}.Debug|x64.Build.0 = Debug|Any CPU
		{B91A80F6-C7A3-4F5F-B2A3-D362BE015E95}.Debug|x86.ActiveCfg = Debug|Any CPU
		{B91A80F6-C7A3-4F5F-B2A3-D362BE015E95}.Debug|x86.Build.0 = Debug|Any CPU
		{B91A80F6-C7A3-4F5F-B2A3-D362BE015E95}.Release|Any CPU.ActiveCfg = Release|Any CPU
		{B91A80F6-C7A3-4F5F-B2A3-D362BE015E95}.Release|Any CPU.Build.0 = Release|Any CPU
		{B91A80F6-C7A3-4F5F-B2A3-D362BE015E95}.Release|x64.ActiveCfg = Release|Any CPU
		{B91A80F6-C7A3-4F5F-B2A3-D362BE015E95}.Release|x64.Build.0 = Release|Any CPU
		{B91A80F6-C7A3-4F5F-B2A3-D362BE015E95}.Release|x86.ActiveCfg = Release|Any CPU
		{B91A80F6-C7A3-4F5F-B2A3-D362BE015E95}.Release|x86.Build.0 = Release|Any CPU
		{5FAF1295-5D8C-4241-B031-C45F56C268D5}.Debug|Any CPU.ActiveCfg = Debug|Any CPU
		{5FAF1295-5D8C-4241-B031-C45F56C268D5}.Debug|Any CPU.Build.0 = Debug|Any CPU
		{5FAF1295-5D8C-4241-B031-C45F56C268D5}.Debug|x64.ActiveCfg = Debug|Any CPU
		{5FAF1295-5D8C-4241-B031-C45F56C268D5}.Debug|x64.Build.0 = Debug|Any CPU
		{5FAF1295-5D8C-4241-B031-C45F56C268D5}.Debug|x86.ActiveCfg = Debug|Any CPU
		{5FAF1295-5D8C-4241-B031-C45F56C268D5}.Debug|x86.Build.0 = Debug|Any CPU
		{5FAF1295-5D8C-4241-B031-C45F56C268D5}.Release|Any CPU.ActiveCfg = Release|Any CPU
		{5FAF1295-5D8C-4241-B031-C45F56C268D5}.Release|Any CPU.Build.0 = Release|Any CPU
		{5FAF1295-5D8C-4241-B031-C45F56C268D5}.Release|x64.ActiveCfg = Release|Any CPU
		{5FAF1295-5D8C-4241-B031-C45F56C268D5}.Release|x64.Build.0 = Release|Any CPU
		{5FAF1295-5D8C-4241-B031-C45F56C268D5}.Release|x86.ActiveCfg = Release|Any CPU
		{5FAF1295-5D8C-4241-B031-C45F56C268D5}.Release|x86.Build.0 = Release|Any CPU
		{963EE629-BA67-4C2D-A46D-86DBE635A1A1}.Debug|Any CPU.ActiveCfg = Debug|Any CPU
		{963EE629-BA67-4C2D-A46D-86DBE635A1A1}.Debug|Any CPU.Build.0 = Debug|Any CPU
		{963EE629-BA67-4C2D-A46D-86DBE635A1A1}.Debug|x64.ActiveCfg = Debug|Any CPU
		{963EE629-BA67-4C2D-A46D-86DBE635A1A1}.Debug|x64.Build.0 = Debug|Any CPU
		{963EE629-BA67-4C2D-A46D-86DBE635A1A1}.Debug|x86.ActiveCfg = Debug|Any CPU
		{963EE629-BA67-4C2D-A46D-86DBE635A1A1}.Debug|x86.Build.0 = Debug|Any CPU
		{963EE629-BA67-4C2D-A46D-86DBE635A1A1}.Release|Any CPU.ActiveCfg = Release|Any CPU
		{963EE629-BA67-4C2D-A46D-86DBE635A1A1}.Release|Any CPU.Build.0 = Release|Any CPU
		{963EE629-BA67-4C2D-A46D-86DBE635A1A1}.Release|x64.ActiveCfg = Release|Any CPU
		{963EE629-BA67-4C2D-A46D-86DBE635A1A1}.Release|x64.Build.0 = Release|Any CPU
		{963EE629-BA67-4C2D-A46D-86DBE635A1A1}.Release|x86.ActiveCfg = Release|Any CPU
		{963EE629-BA67-4C2D-A46D-86DBE635A1A1}.Release|x86.Build.0 = Release|Any CPU
		{87DAFE2C-65EE-4F3B-9DA1-611D4CD8CA56}.Debug|Any CPU.ActiveCfg = Debug|Any CPU
		{87DAFE2C-65EE-4F3B-9DA1-611D4CD8CA56}.Debug|Any CPU.Build.0 = Debug|Any CPU
		{87DAFE2C-65EE-4F3B-9DA1-611D4CD8CA56}.Debug|x64.ActiveCfg = Debug|Any CPU
		{87DAFE2C-65EE-4F3B-9DA1-611D4CD8CA56}.Debug|x64.Build.0 = Debug|Any CPU
		{87DAFE2C-65EE-4F3B-9DA1-611D4CD8CA56}.Debug|x86.ActiveCfg = Debug|Any CPU
		{87DAFE2C-65EE-4F3B-9DA1-611D4CD8CA56}.Debug|x86.Build.0 = Debug|Any CPU
		{87DAFE2C-65EE-4F3B-9DA1-611D4CD8CA56}.Release|Any CPU.ActiveCfg = Release|Any CPU
		{87DAFE2C-65EE-4F3B-9DA1-611D4CD8CA56}.Release|Any CPU.Build.0 = Release|Any CPU
		{87DAFE2C-65EE-4F3B-9DA1-611D4CD8CA56}.Release|x64.ActiveCfg = Release|Any CPU
		{87DAFE2C-65EE-4F3B-9DA1-611D4CD8CA56}.Release|x64.Build.0 = Release|Any CPU
		{87DAFE2C-65EE-4F3B-9DA1-611D4CD8CA56}.Release|x86.ActiveCfg = Release|Any CPU
		{87DAFE2C-65EE-4F3B-9DA1-611D4CD8CA56}.Release|x86.Build.0 = Release|Any CPU
		{FAF44194-8625-4539-B9C2-34BA6E19842E}.Debug|Any CPU.ActiveCfg = Debug|Any CPU
		{FAF44194-8625-4539-B9C2-34BA6E19842E}.Debug|Any CPU.Build.0 = Debug|Any CPU
		{FAF44194-8625-4539-B9C2-34BA6E19842E}.Debug|x64.ActiveCfg = Debug|Any CPU
		{FAF44194-8625-4539-B9C2-34BA6E19842E}.Debug|x64.Build.0 = Debug|Any CPU
		{FAF44194-8625-4539-B9C2-34BA6E19842E}.Debug|x86.ActiveCfg = Debug|Any CPU
		{FAF44194-8625-4539-B9C2-34BA6E19842E}.Debug|x86.Build.0 = Debug|Any CPU
		{FAF44194-8625-4539-B9C2-34BA6E19842E}.Release|Any CPU.ActiveCfg = Release|Any CPU
		{FAF44194-8625-4539-B9C2-34BA6E19842E}.Release|Any CPU.Build.0 = Release|Any CPU
		{FAF44194-8625-4539-B9C2-34BA6E19842E}.Release|x64.ActiveCfg = Release|Any CPU
		{FAF44194-8625-4539-B9C2-34BA6E19842E}.Release|x64.Build.0 = Release|Any CPU
		{FAF44194-8625-4539-B9C2-34BA6E19842E}.Release|x86.ActiveCfg = Release|Any CPU
		{FAF44194-8625-4539-B9C2-34BA6E19842E}.Release|x86.Build.0 = Release|Any CPU
		{67A53FB3-955B-4E76-B5CF-973A2F270FF3}.Debug|Any CPU.ActiveCfg = Debug|Any CPU
		{67A53FB3-955B-4E76-B5CF-973A2F270FF3}.Debug|Any CPU.Build.0 = Debug|Any CPU
		{67A53FB3-955B-4E76-B5CF-973A2F270FF3}.Debug|x64.ActiveCfg = Debug|Any CPU
		{67A53FB3-955B-4E76-B5CF-973A2F270FF3}.Debug|x64.Build.0 = Debug|Any CPU
		{67A53FB3-955B-4E76-B5CF-973A2F270FF3}.Debug|x86.ActiveCfg = Debug|Any CPU
		{67A53FB3-955B-4E76-B5CF-973A2F270FF3}.Debug|x86.Build.0 = Debug|Any CPU
		{67A53FB3-955B-4E76-B5CF-973A2F270FF3}.Release|Any CPU.ActiveCfg = Release|Any CPU
		{67A53FB3-955B-4E76-B5CF-973A2F270FF3}.Release|Any CPU.Build.0 = Release|Any CPU
		{67A53FB3-955B-4E76-B5CF-973A2F270FF3}.Release|x64.ActiveCfg = Release|Any CPU
		{67A53FB3-955B-4E76-B5CF-973A2F270FF3}.Release|x64.Build.0 = Release|Any CPU
		{67A53FB3-955B-4E76-B5CF-973A2F270FF3}.Release|x86.ActiveCfg = Release|Any CPU
		{67A53FB3-955B-4E76-B5CF-973A2F270FF3}.Release|x86.Build.0 = Release|Any CPU
		{401B9CB5-D165-4D7A-A02D-406F2BE93B03}.Debug|Any CPU.ActiveCfg = Debug|Any CPU
		{401B9CB5-D165-4D7A-A02D-406F2BE93B03}.Debug|Any CPU.Build.0 = Debug|Any CPU
		{401B9CB5-D165-4D7A-A02D-406F2BE93B03}.Debug|x64.ActiveCfg = Debug|Any CPU
		{401B9CB5-D165-4D7A-A02D-406F2BE93B03}.Debug|x64.Build.0 = Debug|Any CPU
		{401B9CB5-D165-4D7A-A02D-406F2BE93B03}.Debug|x86.ActiveCfg = Debug|Any CPU
		{401B9CB5-D165-4D7A-A02D-406F2BE93B03}.Debug|x86.Build.0 = Debug|Any CPU
		{401B9CB5-D165-4D7A-A02D-406F2BE93B03}.Release|Any CPU.ActiveCfg = Release|Any CPU
		{401B9CB5-D165-4D7A-A02D-406F2BE93B03}.Release|Any CPU.Build.0 = Release|Any CPU
		{401B9CB5-D165-4D7A-A02D-406F2BE93B03}.Release|x64.ActiveCfg = Release|Any CPU
		{401B9CB5-D165-4D7A-A02D-406F2BE93B03}.Release|x64.Build.0 = Release|Any CPU
		{401B9CB5-D165-4D7A-A02D-406F2BE93B03}.Release|x86.ActiveCfg = Release|Any CPU
		{401B9CB5-D165-4D7A-A02D-406F2BE93B03}.Release|x86.Build.0 = Release|Any CPU
		{9C4D3DF6-E5F4-4563-9DF7-909D9E74D95E}.Debug|Any CPU.ActiveCfg = Debug|Any CPU
		{9C4D3DF6-E5F4-4563-9DF7-909D9E74D95E}.Debug|Any CPU.Build.0 = Debug|Any CPU
		{9C4D3DF6-E5F4-4563-9DF7-909D9E74D95E}.Debug|x64.ActiveCfg = Debug|Any CPU
		{9C4D3DF6-E5F4-4563-9DF7-909D9E74D95E}.Debug|x64.Build.0 = Debug|Any CPU
		{9C4D3DF6-E5F4-4563-9DF7-909D9E74D95E}.Debug|x86.ActiveCfg = Debug|Any CPU
		{9C4D3DF6-E5F4-4563-9DF7-909D9E74D95E}.Debug|x86.Build.0 = Debug|Any CPU
		{9C4D3DF6-E5F4-4563-9DF7-909D9E74D95E}.Release|Any CPU.ActiveCfg = Release|Any CPU
		{9C4D3DF6-E5F4-4563-9DF7-909D9E74D95E}.Release|Any CPU.Build.0 = Release|Any CPU
		{9C4D3DF6-E5F4-4563-9DF7-909D9E74D95E}.Release|x64.ActiveCfg = Release|Any CPU
		{9C4D3DF6-E5F4-4563-9DF7-909D9E74D95E}.Release|x64.Build.0 = Release|Any CPU
		{9C4D3DF6-E5F4-4563-9DF7-909D9E74D95E}.Release|x86.ActiveCfg = Release|Any CPU
		{9C4D3DF6-E5F4-4563-9DF7-909D9E74D95E}.Release|x86.Build.0 = Release|Any CPU
		{CBC44810-6DD0-4F8F-A7B3-8267D84E81A4}.Debug|Any CPU.ActiveCfg = Debug|Any CPU
		{CBC44810-6DD0-4F8F-A7B3-8267D84E81A4}.Debug|Any CPU.Build.0 = Debug|Any CPU
		{CBC44810-6DD0-4F8F-A7B3-8267D84E81A4}.Debug|x64.ActiveCfg = Debug|Any CPU
		{CBC44810-6DD0-4F8F-A7B3-8267D84E81A4}.Debug|x64.Build.0 = Debug|Any CPU
		{CBC44810-6DD0-4F8F-A7B3-8267D84E81A4}.Debug|x86.ActiveCfg = Debug|Any CPU
		{CBC44810-6DD0-4F8F-A7B3-8267D84E81A4}.Debug|x86.Build.0 = Debug|Any CPU
		{CBC44810-6DD0-4F8F-A7B3-8267D84E81A4}.Release|Any CPU.ActiveCfg = Release|Any CPU
		{CBC44810-6DD0-4F8F-A7B3-8267D84E81A4}.Release|Any CPU.Build.0 = Release|Any CPU
		{CBC44810-6DD0-4F8F-A7B3-8267D84E81A4}.Release|x64.ActiveCfg = Release|Any CPU
		{CBC44810-6DD0-4F8F-A7B3-8267D84E81A4}.Release|x64.Build.0 = Release|Any CPU
		{CBC44810-6DD0-4F8F-A7B3-8267D84E81A4}.Release|x86.ActiveCfg = Release|Any CPU
		{CBC44810-6DD0-4F8F-A7B3-8267D84E81A4}.Release|x86.Build.0 = Release|Any CPU
		{2760CB17-3A57-4FF2-87A3-CB025F296895}.Debug|Any CPU.ActiveCfg = Debug|Any CPU
		{2760CB17-3A57-4FF2-87A3-CB025F296895}.Debug|Any CPU.Build.0 = Debug|Any CPU
		{2760CB17-3A57-4FF2-87A3-CB025F296895}.Debug|x64.ActiveCfg = Debug|Any CPU
		{2760CB17-3A57-4FF2-87A3-CB025F296895}.Debug|x64.Build.0 = Debug|Any CPU
		{2760CB17-3A57-4FF2-87A3-CB025F296895}.Debug|x86.ActiveCfg = Debug|Any CPU
		{2760CB17-3A57-4FF2-87A3-CB025F296895}.Debug|x86.Build.0 = Debug|Any CPU
		{2760CB17-3A57-4FF2-87A3-CB025F296895}.Release|Any CPU.ActiveCfg = Release|Any CPU
		{2760CB17-3A57-4FF2-87A3-CB025F296895}.Release|Any CPU.Build.0 = Release|Any CPU
		{2760CB17-3A57-4FF2-87A3-CB025F296895}.Release|x64.ActiveCfg = Release|Any CPU
		{2760CB17-3A57-4FF2-87A3-CB025F296895}.Release|x64.Build.0 = Release|Any CPU
		{2760CB17-3A57-4FF2-87A3-CB025F296895}.Release|x86.ActiveCfg = Release|Any CPU
		{2760CB17-3A57-4FF2-87A3-CB025F296895}.Release|x86.Build.0 = Release|Any CPU
		{2047D646-35CE-4BCF-A08D-2EB752B4BAB8}.Debug|Any CPU.ActiveCfg = Debug|Any CPU
		{2047D646-35CE-4BCF-A08D-2EB752B4BAB8}.Debug|Any CPU.Build.0 = Debug|Any CPU
		{2047D646-35CE-4BCF-A08D-2EB752B4BAB8}.Debug|x64.ActiveCfg = Debug|Any CPU
		{2047D646-35CE-4BCF-A08D-2EB752B4BAB8}.Debug|x64.Build.0 = Debug|Any CPU
		{2047D646-35CE-4BCF-A08D-2EB752B4BAB8}.Debug|x86.ActiveCfg = Debug|Any CPU
		{2047D646-35CE-4BCF-A08D-2EB752B4BAB8}.Debug|x86.Build.0 = Debug|Any CPU
		{2047D646-35CE-4BCF-A08D-2EB752B4BAB8}.Release|Any CPU.ActiveCfg = Release|Any CPU
		{2047D646-35CE-4BCF-A08D-2EB752B4BAB8}.Release|Any CPU.Build.0 = Release|Any CPU
		{2047D646-35CE-4BCF-A08D-2EB752B4BAB8}.Release|x64.ActiveCfg = Release|Any CPU
		{2047D646-35CE-4BCF-A08D-2EB752B4BAB8}.Release|x64.Build.0 = Release|Any CPU
		{2047D646-35CE-4BCF-A08D-2EB752B4BAB8}.Release|x86.ActiveCfg = Release|Any CPU
		{2047D646-35CE-4BCF-A08D-2EB752B4BAB8}.Release|x86.Build.0 = Release|Any CPU
		{433DE109-4B6D-4D2A-9680-3D4DCB0A17AD}.Debug|Any CPU.ActiveCfg = Debug|Any CPU
		{433DE109-4B6D-4D2A-9680-3D4DCB0A17AD}.Debug|Any CPU.Build.0 = Debug|Any CPU
		{433DE109-4B6D-4D2A-9680-3D4DCB0A17AD}.Debug|x64.ActiveCfg = Debug|Any CPU
		{433DE109-4B6D-4D2A-9680-3D4DCB0A17AD}.Debug|x64.Build.0 = Debug|Any CPU
		{433DE109-4B6D-4D2A-9680-3D4DCB0A17AD}.Debug|x86.ActiveCfg = Debug|Any CPU
		{433DE109-4B6D-4D2A-9680-3D4DCB0A17AD}.Debug|x86.Build.0 = Debug|Any CPU
		{433DE109-4B6D-4D2A-9680-3D4DCB0A17AD}.Release|Any CPU.ActiveCfg = Release|Any CPU
		{433DE109-4B6D-4D2A-9680-3D4DCB0A17AD}.Release|Any CPU.Build.0 = Release|Any CPU
		{433DE109-4B6D-4D2A-9680-3D4DCB0A17AD}.Release|x64.ActiveCfg = Release|Any CPU
		{433DE109-4B6D-4D2A-9680-3D4DCB0A17AD}.Release|x64.Build.0 = Release|Any CPU
		{433DE109-4B6D-4D2A-9680-3D4DCB0A17AD}.Release|x86.ActiveCfg = Release|Any CPU
		{433DE109-4B6D-4D2A-9680-3D4DCB0A17AD}.Release|x86.Build.0 = Release|Any CPU
		{B9138FB3-D273-47CD-B271-57BCA331B14F}.Debug|Any CPU.ActiveCfg = Debug|Any CPU
		{B9138FB3-D273-47CD-B271-57BCA331B14F}.Debug|Any CPU.Build.0 = Debug|Any CPU
		{B9138FB3-D273-47CD-B271-57BCA331B14F}.Debug|x64.ActiveCfg = Debug|Any CPU
		{B9138FB3-D273-47CD-B271-57BCA331B14F}.Debug|x64.Build.0 = Debug|Any CPU
		{B9138FB3-D273-47CD-B271-57BCA331B14F}.Debug|x86.ActiveCfg = Debug|Any CPU
		{B9138FB3-D273-47CD-B271-57BCA331B14F}.Debug|x86.Build.0 = Debug|Any CPU
		{B9138FB3-D273-47CD-B271-57BCA331B14F}.Release|Any CPU.ActiveCfg = Release|Any CPU
		{B9138FB3-D273-47CD-B271-57BCA331B14F}.Release|Any CPU.Build.0 = Release|Any CPU
		{B9138FB3-D273-47CD-B271-57BCA331B14F}.Release|x64.ActiveCfg = Release|Any CPU
		{B9138FB3-D273-47CD-B271-57BCA331B14F}.Release|x64.Build.0 = Release|Any CPU
		{B9138FB3-D273-47CD-B271-57BCA331B14F}.Release|x86.ActiveCfg = Release|Any CPU
		{B9138FB3-D273-47CD-B271-57BCA331B14F}.Release|x86.Build.0 = Release|Any CPU
		{653E8F4A-CED0-4969-9E2A-C90A6CA70C7C}.Debug|Any CPU.ActiveCfg = Debug|Any CPU
		{653E8F4A-CED0-4969-9E2A-C90A6CA70C7C}.Debug|Any CPU.Build.0 = Debug|Any CPU
		{653E8F4A-CED0-4969-9E2A-C90A6CA70C7C}.Debug|x64.ActiveCfg = Debug|Any CPU
		{653E8F4A-CED0-4969-9E2A-C90A6CA70C7C}.Debug|x64.Build.0 = Debug|Any CPU
		{653E8F4A-CED0-4969-9E2A-C90A6CA70C7C}.Debug|x86.ActiveCfg = Debug|Any CPU
		{653E8F4A-CED0-4969-9E2A-C90A6CA70C7C}.Debug|x86.Build.0 = Debug|Any CPU
		{653E8F4A-CED0-4969-9E2A-C90A6CA70C7C}.Release|Any CPU.ActiveCfg = Release|Any CPU
		{653E8F4A-CED0-4969-9E2A-C90A6CA70C7C}.Release|Any CPU.Build.0 = Release|Any CPU
		{653E8F4A-CED0-4969-9E2A-C90A6CA70C7C}.Release|x64.ActiveCfg = Release|Any CPU
		{653E8F4A-CED0-4969-9E2A-C90A6CA70C7C}.Release|x64.Build.0 = Release|Any CPU
		{653E8F4A-CED0-4969-9E2A-C90A6CA70C7C}.Release|x86.ActiveCfg = Release|Any CPU
		{653E8F4A-CED0-4969-9E2A-C90A6CA70C7C}.Release|x86.Build.0 = Release|Any CPU
		{924FF557-4B0D-45F2-808D-677B3DB4DA5E}.Debug|Any CPU.ActiveCfg = Debug|Any CPU
		{924FF557-4B0D-45F2-808D-677B3DB4DA5E}.Debug|Any CPU.Build.0 = Debug|Any CPU
		{924FF557-4B0D-45F2-808D-677B3DB4DA5E}.Debug|x64.ActiveCfg = Debug|Any CPU
		{924FF557-4B0D-45F2-808D-677B3DB4DA5E}.Debug|x64.Build.0 = Debug|Any CPU
		{924FF557-4B0D-45F2-808D-677B3DB4DA5E}.Debug|x86.ActiveCfg = Debug|Any CPU
		{924FF557-4B0D-45F2-808D-677B3DB4DA5E}.Debug|x86.Build.0 = Debug|Any CPU
		{924FF557-4B0D-45F2-808D-677B3DB4DA5E}.Release|Any CPU.ActiveCfg = Release|Any CPU
		{924FF557-4B0D-45F2-808D-677B3DB4DA5E}.Release|Any CPU.Build.0 = Release|Any CPU
		{924FF557-4B0D-45F2-808D-677B3DB4DA5E}.Release|x64.ActiveCfg = Release|Any CPU
		{924FF557-4B0D-45F2-808D-677B3DB4DA5E}.Release|x64.Build.0 = Release|Any CPU
		{924FF557-4B0D-45F2-808D-677B3DB4DA5E}.Release|x86.ActiveCfg = Release|Any CPU
		{924FF557-4B0D-45F2-808D-677B3DB4DA5E}.Release|x86.Build.0 = Release|Any CPU
		{1CF537E8-96E4-470E-9A3F-2DA5392A6B17}.Debug|Any CPU.ActiveCfg = Debug|Any CPU
		{1CF537E8-96E4-470E-9A3F-2DA5392A6B17}.Debug|Any CPU.Build.0 = Debug|Any CPU
		{1CF537E8-96E4-470E-9A3F-2DA5392A6B17}.Debug|x64.ActiveCfg = Debug|Any CPU
		{1CF537E8-96E4-470E-9A3F-2DA5392A6B17}.Debug|x64.Build.0 = Debug|Any CPU
		{1CF537E8-96E4-470E-9A3F-2DA5392A6B17}.Debug|x86.ActiveCfg = Debug|Any CPU
		{1CF537E8-96E4-470E-9A3F-2DA5392A6B17}.Debug|x86.Build.0 = Debug|Any CPU
		{1CF537E8-96E4-470E-9A3F-2DA5392A6B17}.Release|Any CPU.ActiveCfg = Release|Any CPU
		{1CF537E8-96E4-470E-9A3F-2DA5392A6B17}.Release|Any CPU.Build.0 = Release|Any CPU
		{1CF537E8-96E4-470E-9A3F-2DA5392A6B17}.Release|x64.ActiveCfg = Release|Any CPU
		{1CF537E8-96E4-470E-9A3F-2DA5392A6B17}.Release|x64.Build.0 = Release|Any CPU
		{1CF537E8-96E4-470E-9A3F-2DA5392A6B17}.Release|x86.ActiveCfg = Release|Any CPU
		{1CF537E8-96E4-470E-9A3F-2DA5392A6B17}.Release|x86.Build.0 = Release|Any CPU
		{D04EBB3E-B8FB-4CAE-B99B-9F0A48950D54}.Debug|Any CPU.ActiveCfg = Debug|Any CPU
		{D04EBB3E-B8FB-4CAE-B99B-9F0A48950D54}.Debug|Any CPU.Build.0 = Debug|Any CPU
		{D04EBB3E-B8FB-4CAE-B99B-9F0A48950D54}.Debug|x64.ActiveCfg = Debug|Any CPU
		{D04EBB3E-B8FB-4CAE-B99B-9F0A48950D54}.Debug|x64.Build.0 = Debug|Any CPU
		{D04EBB3E-B8FB-4CAE-B99B-9F0A48950D54}.Debug|x86.ActiveCfg = Debug|Any CPU
		{D04EBB3E-B8FB-4CAE-B99B-9F0A48950D54}.Debug|x86.Build.0 = Debug|Any CPU
		{D04EBB3E-B8FB-4CAE-B99B-9F0A48950D54}.Release|Any CPU.ActiveCfg = Release|Any CPU
		{D04EBB3E-B8FB-4CAE-B99B-9F0A48950D54}.Release|Any CPU.Build.0 = Release|Any CPU
		{D04EBB3E-B8FB-4CAE-B99B-9F0A48950D54}.Release|x64.ActiveCfg = Release|Any CPU
		{D04EBB3E-B8FB-4CAE-B99B-9F0A48950D54}.Release|x64.Build.0 = Release|Any CPU
		{D04EBB3E-B8FB-4CAE-B99B-9F0A48950D54}.Release|x86.ActiveCfg = Release|Any CPU
		{D04EBB3E-B8FB-4CAE-B99B-9F0A48950D54}.Release|x86.Build.0 = Release|Any CPU
		{80FDF449-4293-4BE3-9230-FE195716531C}.Debug|Any CPU.ActiveCfg = Debug|Any CPU
		{80FDF449-4293-4BE3-9230-FE195716531C}.Debug|Any CPU.Build.0 = Debug|Any CPU
		{80FDF449-4293-4BE3-9230-FE195716531C}.Debug|x64.ActiveCfg = Debug|Any CPU
		{80FDF449-4293-4BE3-9230-FE195716531C}.Debug|x64.Build.0 = Debug|Any CPU
		{80FDF449-4293-4BE3-9230-FE195716531C}.Debug|x86.ActiveCfg = Debug|Any CPU
		{80FDF449-4293-4BE3-9230-FE195716531C}.Debug|x86.Build.0 = Debug|Any CPU
		{80FDF449-4293-4BE3-9230-FE195716531C}.Release|Any CPU.ActiveCfg = Release|Any CPU
		{80FDF449-4293-4BE3-9230-FE195716531C}.Release|Any CPU.Build.0 = Release|Any CPU
		{80FDF449-4293-4BE3-9230-FE195716531C}.Release|x64.ActiveCfg = Release|Any CPU
		{80FDF449-4293-4BE3-9230-FE195716531C}.Release|x64.Build.0 = Release|Any CPU
		{80FDF449-4293-4BE3-9230-FE195716531C}.Release|x86.ActiveCfg = Release|Any CPU
		{80FDF449-4293-4BE3-9230-FE195716531C}.Release|x86.Build.0 = Release|Any CPU
		{BABC4B7D-6AC4-47B2-8195-6E9170303B8A}.Debug|Any CPU.ActiveCfg = Debug|Any CPU
		{BABC4B7D-6AC4-47B2-8195-6E9170303B8A}.Debug|Any CPU.Build.0 = Debug|Any CPU
		{BABC4B7D-6AC4-47B2-8195-6E9170303B8A}.Debug|x64.ActiveCfg = Debug|Any CPU
		{BABC4B7D-6AC4-47B2-8195-6E9170303B8A}.Debug|x64.Build.0 = Debug|Any CPU
		{BABC4B7D-6AC4-47B2-8195-6E9170303B8A}.Debug|x86.ActiveCfg = Debug|Any CPU
		{BABC4B7D-6AC4-47B2-8195-6E9170303B8A}.Debug|x86.Build.0 = Debug|Any CPU
		{BABC4B7D-6AC4-47B2-8195-6E9170303B8A}.Release|Any CPU.ActiveCfg = Release|Any CPU
		{BABC4B7D-6AC4-47B2-8195-6E9170303B8A}.Release|Any CPU.Build.0 = Release|Any CPU
		{BABC4B7D-6AC4-47B2-8195-6E9170303B8A}.Release|x64.ActiveCfg = Release|Any CPU
		{BABC4B7D-6AC4-47B2-8195-6E9170303B8A}.Release|x64.Build.0 = Release|Any CPU
		{BABC4B7D-6AC4-47B2-8195-6E9170303B8A}.Release|x86.ActiveCfg = Release|Any CPU
		{BABC4B7D-6AC4-47B2-8195-6E9170303B8A}.Release|x86.Build.0 = Release|Any CPU
		{5DF90508-AEA5-458A-BF1A-1C9C04E5C5DF}.Debug|Any CPU.ActiveCfg = Debug|Any CPU
		{5DF90508-AEA5-458A-BF1A-1C9C04E5C5DF}.Debug|Any CPU.Build.0 = Debug|Any CPU
		{5DF90508-AEA5-458A-BF1A-1C9C04E5C5DF}.Debug|x64.ActiveCfg = Debug|Any CPU
		{5DF90508-AEA5-458A-BF1A-1C9C04E5C5DF}.Debug|x64.Build.0 = Debug|Any CPU
		{5DF90508-AEA5-458A-BF1A-1C9C04E5C5DF}.Debug|x86.ActiveCfg = Debug|Any CPU
		{5DF90508-AEA5-458A-BF1A-1C9C04E5C5DF}.Debug|x86.Build.0 = Debug|Any CPU
		{5DF90508-AEA5-458A-BF1A-1C9C04E5C5DF}.Release|Any CPU.ActiveCfg = Release|Any CPU
		{5DF90508-AEA5-458A-BF1A-1C9C04E5C5DF}.Release|Any CPU.Build.0 = Release|Any CPU
		{5DF90508-AEA5-458A-BF1A-1C9C04E5C5DF}.Release|x64.ActiveCfg = Release|Any CPU
		{5DF90508-AEA5-458A-BF1A-1C9C04E5C5DF}.Release|x64.Build.0 = Release|Any CPU
		{5DF90508-AEA5-458A-BF1A-1C9C04E5C5DF}.Release|x86.ActiveCfg = Release|Any CPU
		{5DF90508-AEA5-458A-BF1A-1C9C04E5C5DF}.Release|x86.Build.0 = Release|Any CPU
		{931EA209-821C-44A4-999D-17EC30E5E846}.Debug|Any CPU.ActiveCfg = Debug|Any CPU
		{931EA209-821C-44A4-999D-17EC30E5E846}.Debug|Any CPU.Build.0 = Debug|Any CPU
		{931EA209-821C-44A4-999D-17EC30E5E846}.Debug|x64.ActiveCfg = Debug|Any CPU
		{931EA209-821C-44A4-999D-17EC30E5E846}.Debug|x64.Build.0 = Debug|Any CPU
		{931EA209-821C-44A4-999D-17EC30E5E846}.Debug|x86.ActiveCfg = Debug|Any CPU
		{931EA209-821C-44A4-999D-17EC30E5E846}.Debug|x86.Build.0 = Debug|Any CPU
		{931EA209-821C-44A4-999D-17EC30E5E846}.Release|Any CPU.ActiveCfg = Release|Any CPU
		{931EA209-821C-44A4-999D-17EC30E5E846}.Release|Any CPU.Build.0 = Release|Any CPU
		{931EA209-821C-44A4-999D-17EC30E5E846}.Release|x64.ActiveCfg = Release|Any CPU
		{931EA209-821C-44A4-999D-17EC30E5E846}.Release|x64.Build.0 = Release|Any CPU
		{931EA209-821C-44A4-999D-17EC30E5E846}.Release|x86.ActiveCfg = Release|Any CPU
		{931EA209-821C-44A4-999D-17EC30E5E846}.Release|x86.Build.0 = Release|Any CPU
		{FB44ACDA-49C4-4802-9A67-7A69BFFD674A}.Debug|Any CPU.ActiveCfg = Debug|Any CPU
		{FB44ACDA-49C4-4802-9A67-7A69BFFD674A}.Debug|Any CPU.Build.0 = Debug|Any CPU
		{FB44ACDA-49C4-4802-9A67-7A69BFFD674A}.Debug|x64.ActiveCfg = Debug|Any CPU
		{FB44ACDA-49C4-4802-9A67-7A69BFFD674A}.Debug|x64.Build.0 = Debug|Any CPU
		{FB44ACDA-49C4-4802-9A67-7A69BFFD674A}.Debug|x86.ActiveCfg = Debug|Any CPU
		{FB44ACDA-49C4-4802-9A67-7A69BFFD674A}.Debug|x86.Build.0 = Debug|Any CPU
		{FB44ACDA-49C4-4802-9A67-7A69BFFD674A}.Release|Any CPU.ActiveCfg = Release|Any CPU
		{FB44ACDA-49C4-4802-9A67-7A69BFFD674A}.Release|Any CPU.Build.0 = Release|Any CPU
		{FB44ACDA-49C4-4802-9A67-7A69BFFD674A}.Release|x64.ActiveCfg = Release|Any CPU
		{FB44ACDA-49C4-4802-9A67-7A69BFFD674A}.Release|x64.Build.0 = Release|Any CPU
		{FB44ACDA-49C4-4802-9A67-7A69BFFD674A}.Release|x86.ActiveCfg = Release|Any CPU
		{FB44ACDA-49C4-4802-9A67-7A69BFFD674A}.Release|x86.Build.0 = Release|Any CPU
		{33696B1C-07A3-41F7-82C3-69EF8945EFAA}.Debug|Any CPU.ActiveCfg = Debug|Any CPU
		{33696B1C-07A3-41F7-82C3-69EF8945EFAA}.Debug|Any CPU.Build.0 = Debug|Any CPU
		{33696B1C-07A3-41F7-82C3-69EF8945EFAA}.Debug|x64.ActiveCfg = Debug|Any CPU
		{33696B1C-07A3-41F7-82C3-69EF8945EFAA}.Debug|x64.Build.0 = Debug|Any CPU
		{33696B1C-07A3-41F7-82C3-69EF8945EFAA}.Debug|x86.ActiveCfg = Debug|Any CPU
		{33696B1C-07A3-41F7-82C3-69EF8945EFAA}.Debug|x86.Build.0 = Debug|Any CPU
		{33696B1C-07A3-41F7-82C3-69EF8945EFAA}.Release|Any CPU.ActiveCfg = Release|Any CPU
		{33696B1C-07A3-41F7-82C3-69EF8945EFAA}.Release|Any CPU.Build.0 = Release|Any CPU
		{33696B1C-07A3-41F7-82C3-69EF8945EFAA}.Release|x64.ActiveCfg = Release|Any CPU
		{33696B1C-07A3-41F7-82C3-69EF8945EFAA}.Release|x64.Build.0 = Release|Any CPU
		{33696B1C-07A3-41F7-82C3-69EF8945EFAA}.Release|x86.ActiveCfg = Release|Any CPU
		{33696B1C-07A3-41F7-82C3-69EF8945EFAA}.Release|x86.Build.0 = Release|Any CPU
		{F11761B3-49C0-4D4F-8565-B30C3AF639D7}.Debug|Any CPU.ActiveCfg = Debug|Any CPU
		{F11761B3-49C0-4D4F-8565-B30C3AF639D7}.Debug|Any CPU.Build.0 = Debug|Any CPU
		{F11761B3-49C0-4D4F-8565-B30C3AF639D7}.Debug|x64.ActiveCfg = Debug|Any CPU
		{F11761B3-49C0-4D4F-8565-B30C3AF639D7}.Debug|x64.Build.0 = Debug|Any CPU
		{F11761B3-49C0-4D4F-8565-B30C3AF639D7}.Debug|x86.ActiveCfg = Debug|Any CPU
		{F11761B3-49C0-4D4F-8565-B30C3AF639D7}.Debug|x86.Build.0 = Debug|Any CPU
		{F11761B3-49C0-4D4F-8565-B30C3AF639D7}.Release|Any CPU.ActiveCfg = Release|Any CPU
		{F11761B3-49C0-4D4F-8565-B30C3AF639D7}.Release|Any CPU.Build.0 = Release|Any CPU
		{F11761B3-49C0-4D4F-8565-B30C3AF639D7}.Release|x64.ActiveCfg = Release|Any CPU
		{F11761B3-49C0-4D4F-8565-B30C3AF639D7}.Release|x64.Build.0 = Release|Any CPU
		{F11761B3-49C0-4D4F-8565-B30C3AF639D7}.Release|x86.ActiveCfg = Release|Any CPU
		{F11761B3-49C0-4D4F-8565-B30C3AF639D7}.Release|x86.Build.0 = Release|Any CPU
		{B62ACCF8-AAA3-4834-85CE-A476C02C709F}.Debug|Any CPU.ActiveCfg = Debug|Any CPU
		{B62ACCF8-AAA3-4834-85CE-A476C02C709F}.Debug|Any CPU.Build.0 = Debug|Any CPU
		{B62ACCF8-AAA3-4834-85CE-A476C02C709F}.Debug|x64.ActiveCfg = Debug|Any CPU
		{B62ACCF8-AAA3-4834-85CE-A476C02C709F}.Debug|x64.Build.0 = Debug|Any CPU
		{B62ACCF8-AAA3-4834-85CE-A476C02C709F}.Debug|x86.ActiveCfg = Debug|Any CPU
		{B62ACCF8-AAA3-4834-85CE-A476C02C709F}.Debug|x86.Build.0 = Debug|Any CPU
		{B62ACCF8-AAA3-4834-85CE-A476C02C709F}.Release|Any CPU.ActiveCfg = Release|Any CPU
		{B62ACCF8-AAA3-4834-85CE-A476C02C709F}.Release|Any CPU.Build.0 = Release|Any CPU
		{B62ACCF8-AAA3-4834-85CE-A476C02C709F}.Release|x64.ActiveCfg = Release|Any CPU
		{B62ACCF8-AAA3-4834-85CE-A476C02C709F}.Release|x64.Build.0 = Release|Any CPU
		{B62ACCF8-AAA3-4834-85CE-A476C02C709F}.Release|x86.ActiveCfg = Release|Any CPU
		{B62ACCF8-AAA3-4834-85CE-A476C02C709F}.Release|x86.Build.0 = Release|Any CPU
		{9B35D41B-DB08-482C-BA95-B0332254610F}.Debug|Any CPU.ActiveCfg = Debug|Any CPU
		{9B35D41B-DB08-482C-BA95-B0332254610F}.Debug|Any CPU.Build.0 = Debug|Any CPU
		{9B35D41B-DB08-482C-BA95-B0332254610F}.Debug|x64.ActiveCfg = Debug|Any CPU
		{9B35D41B-DB08-482C-BA95-B0332254610F}.Debug|x64.Build.0 = Debug|Any CPU
		{9B35D41B-DB08-482C-BA95-B0332254610F}.Debug|x86.ActiveCfg = Debug|Any CPU
		{9B35D41B-DB08-482C-BA95-B0332254610F}.Debug|x86.Build.0 = Debug|Any CPU
		{9B35D41B-DB08-482C-BA95-B0332254610F}.Release|Any CPU.ActiveCfg = Release|Any CPU
		{9B35D41B-DB08-482C-BA95-B0332254610F}.Release|Any CPU.Build.0 = Release|Any CPU
		{9B35D41B-DB08-482C-BA95-B0332254610F}.Release|x64.ActiveCfg = Release|Any CPU
		{9B35D41B-DB08-482C-BA95-B0332254610F}.Release|x64.Build.0 = Release|Any CPU
		{9B35D41B-DB08-482C-BA95-B0332254610F}.Release|x86.ActiveCfg = Release|Any CPU
		{9B35D41B-DB08-482C-BA95-B0332254610F}.Release|x86.Build.0 = Release|Any CPU
		{17236D2D-EE7B-414C-8D39-2A16771730D1}.Debug|Any CPU.ActiveCfg = Debug|Any CPU
		{17236D2D-EE7B-414C-8D39-2A16771730D1}.Debug|Any CPU.Build.0 = Debug|Any CPU
		{17236D2D-EE7B-414C-8D39-2A16771730D1}.Debug|x64.ActiveCfg = Debug|Any CPU
		{17236D2D-EE7B-414C-8D39-2A16771730D1}.Debug|x64.Build.0 = Debug|Any CPU
		{17236D2D-EE7B-414C-8D39-2A16771730D1}.Debug|x86.ActiveCfg = Debug|Any CPU
		{17236D2D-EE7B-414C-8D39-2A16771730D1}.Debug|x86.Build.0 = Debug|Any CPU
		{17236D2D-EE7B-414C-8D39-2A16771730D1}.Release|Any CPU.ActiveCfg = Release|Any CPU
		{17236D2D-EE7B-414C-8D39-2A16771730D1}.Release|Any CPU.Build.0 = Release|Any CPU
		{17236D2D-EE7B-414C-8D39-2A16771730D1}.Release|x64.ActiveCfg = Release|Any CPU
		{17236D2D-EE7B-414C-8D39-2A16771730D1}.Release|x64.Build.0 = Release|Any CPU
		{17236D2D-EE7B-414C-8D39-2A16771730D1}.Release|x86.ActiveCfg = Release|Any CPU
		{17236D2D-EE7B-414C-8D39-2A16771730D1}.Release|x86.Build.0 = Release|Any CPU
		{BA6DA4AD-3185-4B6E-996E-F2BBF5A12EE5}.Debug|Any CPU.ActiveCfg = Debug|Any CPU
		{BA6DA4AD-3185-4B6E-996E-F2BBF5A12EE5}.Debug|Any CPU.Build.0 = Debug|Any CPU
		{BA6DA4AD-3185-4B6E-996E-F2BBF5A12EE5}.Debug|x64.ActiveCfg = Debug|Any CPU
		{BA6DA4AD-3185-4B6E-996E-F2BBF5A12EE5}.Debug|x64.Build.0 = Debug|Any CPU
		{BA6DA4AD-3185-4B6E-996E-F2BBF5A12EE5}.Debug|x86.ActiveCfg = Debug|Any CPU
		{BA6DA4AD-3185-4B6E-996E-F2BBF5A12EE5}.Debug|x86.Build.0 = Debug|Any CPU
		{BA6DA4AD-3185-4B6E-996E-F2BBF5A12EE5}.Release|Any CPU.ActiveCfg = Release|Any CPU
		{BA6DA4AD-3185-4B6E-996E-F2BBF5A12EE5}.Release|Any CPU.Build.0 = Release|Any CPU
		{BA6DA4AD-3185-4B6E-996E-F2BBF5A12EE5}.Release|x64.ActiveCfg = Release|Any CPU
		{BA6DA4AD-3185-4B6E-996E-F2BBF5A12EE5}.Release|x64.Build.0 = Release|Any CPU
		{BA6DA4AD-3185-4B6E-996E-F2BBF5A12EE5}.Release|x86.ActiveCfg = Release|Any CPU
		{BA6DA4AD-3185-4B6E-996E-F2BBF5A12EE5}.Release|x86.Build.0 = Release|Any CPU
		{C1595FC9-9792-482A-A6EB-CE6B4759AF41}.Debug|Any CPU.ActiveCfg = Debug|Any CPU
		{C1595FC9-9792-482A-A6EB-CE6B4759AF41}.Debug|Any CPU.Build.0 = Debug|Any CPU
		{C1595FC9-9792-482A-A6EB-CE6B4759AF41}.Debug|x64.ActiveCfg = Debug|Any CPU
		{C1595FC9-9792-482A-A6EB-CE6B4759AF41}.Debug|x64.Build.0 = Debug|Any CPU
		{C1595FC9-9792-482A-A6EB-CE6B4759AF41}.Debug|x86.ActiveCfg = Debug|Any CPU
		{C1595FC9-9792-482A-A6EB-CE6B4759AF41}.Debug|x86.Build.0 = Debug|Any CPU
		{C1595FC9-9792-482A-A6EB-CE6B4759AF41}.Release|Any CPU.ActiveCfg = Release|Any CPU
		{C1595FC9-9792-482A-A6EB-CE6B4759AF41}.Release|Any CPU.Build.0 = Release|Any CPU
		{C1595FC9-9792-482A-A6EB-CE6B4759AF41}.Release|x64.ActiveCfg = Release|Any CPU
		{C1595FC9-9792-482A-A6EB-CE6B4759AF41}.Release|x64.Build.0 = Release|Any CPU
		{C1595FC9-9792-482A-A6EB-CE6B4759AF41}.Release|x86.ActiveCfg = Release|Any CPU
		{C1595FC9-9792-482A-A6EB-CE6B4759AF41}.Release|x86.Build.0 = Release|Any CPU
		{C476A77D-E799-40F8-8120-6DDCD3892752}.Debug|Any CPU.ActiveCfg = Debug|Any CPU
		{C476A77D-E799-40F8-8120-6DDCD3892752}.Debug|Any CPU.Build.0 = Debug|Any CPU
		{C476A77D-E799-40F8-8120-6DDCD3892752}.Debug|x64.ActiveCfg = Debug|Any CPU
		{C476A77D-E799-40F8-8120-6DDCD3892752}.Debug|x64.Build.0 = Debug|Any CPU
		{C476A77D-E799-40F8-8120-6DDCD3892752}.Debug|x86.ActiveCfg = Debug|Any CPU
		{C476A77D-E799-40F8-8120-6DDCD3892752}.Debug|x86.Build.0 = Debug|Any CPU
		{C476A77D-E799-40F8-8120-6DDCD3892752}.Release|Any CPU.ActiveCfg = Release|Any CPU
		{C476A77D-E799-40F8-8120-6DDCD3892752}.Release|Any CPU.Build.0 = Release|Any CPU
		{C476A77D-E799-40F8-8120-6DDCD3892752}.Release|x64.ActiveCfg = Release|Any CPU
		{C476A77D-E799-40F8-8120-6DDCD3892752}.Release|x64.Build.0 = Release|Any CPU
		{C476A77D-E799-40F8-8120-6DDCD3892752}.Release|x86.ActiveCfg = Release|Any CPU
		{C476A77D-E799-40F8-8120-6DDCD3892752}.Release|x86.Build.0 = Release|Any CPU
		{015FF367-A6CC-4071-A374-ACE172CEB8D5}.Debug|Any CPU.ActiveCfg = Debug|Any CPU
		{015FF367-A6CC-4071-A374-ACE172CEB8D5}.Debug|Any CPU.Build.0 = Debug|Any CPU
		{015FF367-A6CC-4071-A374-ACE172CEB8D5}.Debug|x64.ActiveCfg = Debug|Any CPU
		{015FF367-A6CC-4071-A374-ACE172CEB8D5}.Debug|x64.Build.0 = Debug|Any CPU
		{015FF367-A6CC-4071-A374-ACE172CEB8D5}.Debug|x86.ActiveCfg = Debug|Any CPU
		{015FF367-A6CC-4071-A374-ACE172CEB8D5}.Debug|x86.Build.0 = Debug|Any CPU
		{015FF367-A6CC-4071-A374-ACE172CEB8D5}.Release|Any CPU.ActiveCfg = Release|Any CPU
		{015FF367-A6CC-4071-A374-ACE172CEB8D5}.Release|Any CPU.Build.0 = Release|Any CPU
		{015FF367-A6CC-4071-A374-ACE172CEB8D5}.Release|x64.ActiveCfg = Release|Any CPU
		{015FF367-A6CC-4071-A374-ACE172CEB8D5}.Release|x64.Build.0 = Release|Any CPU
		{015FF367-A6CC-4071-A374-ACE172CEB8D5}.Release|x86.ActiveCfg = Release|Any CPU
		{015FF367-A6CC-4071-A374-ACE172CEB8D5}.Release|x86.Build.0 = Release|Any CPU
		{DAE271DF-6804-43EA-A354-EDB8F0B2AD71}.Debug|Any CPU.ActiveCfg = Debug|Any CPU
		{DAE271DF-6804-43EA-A354-EDB8F0B2AD71}.Debug|Any CPU.Build.0 = Debug|Any CPU
		{DAE271DF-6804-43EA-A354-EDB8F0B2AD71}.Debug|x64.ActiveCfg = Debug|Any CPU
		{DAE271DF-6804-43EA-A354-EDB8F0B2AD71}.Debug|x64.Build.0 = Debug|Any CPU
		{DAE271DF-6804-43EA-A354-EDB8F0B2AD71}.Debug|x86.ActiveCfg = Debug|Any CPU
		{DAE271DF-6804-43EA-A354-EDB8F0B2AD71}.Debug|x86.Build.0 = Debug|Any CPU
		{DAE271DF-6804-43EA-A354-EDB8F0B2AD71}.Release|Any CPU.ActiveCfg = Release|Any CPU
		{DAE271DF-6804-43EA-A354-EDB8F0B2AD71}.Release|Any CPU.Build.0 = Release|Any CPU
		{DAE271DF-6804-43EA-A354-EDB8F0B2AD71}.Release|x64.ActiveCfg = Release|Any CPU
		{DAE271DF-6804-43EA-A354-EDB8F0B2AD71}.Release|x64.Build.0 = Release|Any CPU
		{DAE271DF-6804-43EA-A354-EDB8F0B2AD71}.Release|x86.ActiveCfg = Release|Any CPU
		{DAE271DF-6804-43EA-A354-EDB8F0B2AD71}.Release|x86.Build.0 = Release|Any CPU
		{BCAF9303-CA02-43C7-89AD-F3D21DC9DB23}.Debug|Any CPU.ActiveCfg = Debug|Any CPU
		{BCAF9303-CA02-43C7-89AD-F3D21DC9DB23}.Debug|Any CPU.Build.0 = Debug|Any CPU
		{BCAF9303-CA02-43C7-89AD-F3D21DC9DB23}.Debug|x64.ActiveCfg = Debug|Any CPU
		{BCAF9303-CA02-43C7-89AD-F3D21DC9DB23}.Debug|x64.Build.0 = Debug|Any CPU
		{BCAF9303-CA02-43C7-89AD-F3D21DC9DB23}.Debug|x86.ActiveCfg = Debug|Any CPU
		{BCAF9303-CA02-43C7-89AD-F3D21DC9DB23}.Debug|x86.Build.0 = Debug|Any CPU
		{BCAF9303-CA02-43C7-89AD-F3D21DC9DB23}.Release|Any CPU.ActiveCfg = Release|Any CPU
		{BCAF9303-CA02-43C7-89AD-F3D21DC9DB23}.Release|Any CPU.Build.0 = Release|Any CPU
		{BCAF9303-CA02-43C7-89AD-F3D21DC9DB23}.Release|x64.ActiveCfg = Release|Any CPU
		{BCAF9303-CA02-43C7-89AD-F3D21DC9DB23}.Release|x64.Build.0 = Release|Any CPU
		{BCAF9303-CA02-43C7-89AD-F3D21DC9DB23}.Release|x86.ActiveCfg = Release|Any CPU
		{BCAF9303-CA02-43C7-89AD-F3D21DC9DB23}.Release|x86.Build.0 = Release|Any CPU
		{93332311-8C2B-445A-BA2C-64F280657945}.Debug|Any CPU.ActiveCfg = Debug|Any CPU
		{93332311-8C2B-445A-BA2C-64F280657945}.Debug|Any CPU.Build.0 = Debug|Any CPU
		{93332311-8C2B-445A-BA2C-64F280657945}.Debug|x64.ActiveCfg = Debug|Any CPU
		{93332311-8C2B-445A-BA2C-64F280657945}.Debug|x64.Build.0 = Debug|Any CPU
		{93332311-8C2B-445A-BA2C-64F280657945}.Debug|x86.ActiveCfg = Debug|Any CPU
		{93332311-8C2B-445A-BA2C-64F280657945}.Debug|x86.Build.0 = Debug|Any CPU
		{93332311-8C2B-445A-BA2C-64F280657945}.Release|Any CPU.ActiveCfg = Release|Any CPU
		{93332311-8C2B-445A-BA2C-64F280657945}.Release|Any CPU.Build.0 = Release|Any CPU
		{93332311-8C2B-445A-BA2C-64F280657945}.Release|x64.ActiveCfg = Release|Any CPU
		{93332311-8C2B-445A-BA2C-64F280657945}.Release|x64.Build.0 = Release|Any CPU
		{93332311-8C2B-445A-BA2C-64F280657945}.Release|x86.ActiveCfg = Release|Any CPU
		{93332311-8C2B-445A-BA2C-64F280657945}.Release|x86.Build.0 = Release|Any CPU
		{0D9DBB6D-EA96-4EBC-A0EE-F75FB9F4A3D5}.Debug|Any CPU.ActiveCfg = Debug|Any CPU
		{0D9DBB6D-EA96-4EBC-A0EE-F75FB9F4A3D5}.Debug|Any CPU.Build.0 = Debug|Any CPU
		{0D9DBB6D-EA96-4EBC-A0EE-F75FB9F4A3D5}.Debug|x64.ActiveCfg = Debug|Any CPU
		{0D9DBB6D-EA96-4EBC-A0EE-F75FB9F4A3D5}.Debug|x64.Build.0 = Debug|Any CPU
		{0D9DBB6D-EA96-4EBC-A0EE-F75FB9F4A3D5}.Debug|x86.ActiveCfg = Debug|Any CPU
		{0D9DBB6D-EA96-4EBC-A0EE-F75FB9F4A3D5}.Debug|x86.Build.0 = Debug|Any CPU
		{0D9DBB6D-EA96-4EBC-A0EE-F75FB9F4A3D5}.Release|Any CPU.ActiveCfg = Release|Any CPU
		{0D9DBB6D-EA96-4EBC-A0EE-F75FB9F4A3D5}.Release|Any CPU.Build.0 = Release|Any CPU
		{0D9DBB6D-EA96-4EBC-A0EE-F75FB9F4A3D5}.Release|x64.ActiveCfg = Release|Any CPU
		{0D9DBB6D-EA96-4EBC-A0EE-F75FB9F4A3D5}.Release|x64.Build.0 = Release|Any CPU
		{0D9DBB6D-EA96-4EBC-A0EE-F75FB9F4A3D5}.Release|x86.ActiveCfg = Release|Any CPU
		{0D9DBB6D-EA96-4EBC-A0EE-F75FB9F4A3D5}.Release|x86.Build.0 = Release|Any CPU
	EndGlobalSection
EndGlobal
