
Microsoft Visual Studio Solution File, Format Version 12.00
# Visual Studio Version 17
VisualStudioVersion = 17.0.31903.59
MinimumVisualStudioVersion = 10.0.40219.1
Project("{2150E333-8FDC-42A3-9474-1A3956D46DE8}") = "src", "src", "{8D49D2F6-ED26-49A1-A5B7-82C04C89EF42}"
EndProject
Project("{9A19103F-16F7-4668-BE54-9A1E7A4F7556}") = "Nameless.Autofac", "src\Nameless.Autofac\Nameless.Autofac.csproj", "{9B7D083F-64A0-493B-BF0C-67E85BDC58F0}"
EndProject
Project("{9A19103F-16F7-4668-BE54-9A1E7A4F7556}") = "Nameless.Caching.Abstractions", "src\Nameless.Caching.Abstractions\Nameless.Caching.Abstractions.csproj", "{3DC1E68A-555C-4802-ADAA-5A30C9008D35}"
EndProject
Project("{9A19103F-16F7-4668-BE54-9A1E7A4F7556}") = "Nameless.Caching.InMemory", "src\Nameless.Caching.InMemory\Nameless.Caching.InMemory.csproj", "{205C15AF-61B9-4F2D-9952-00661780D9E1}"
EndProject
Project("{9A19103F-16F7-4668-BE54-9A1E7A4F7556}") = "Nameless.Caching.Redis", "src\Nameless.Caching.Redis\Nameless.Caching.Redis.csproj", "{86F98F03-3A8F-4F2F-90AD-736F5ACB5F1D}"
EndProject
Project("{9A19103F-16F7-4668-BE54-9A1E7A4F7556}") = "Nameless.Core", "src\Nameless.Core\Nameless.Core.csproj", "{078AD3F1-D42C-401E-A3C2-2D498130AD22}"
EndProject
Project("{9A19103F-16F7-4668-BE54-9A1E7A4F7556}") = "Nameless.Data.Abstractions", "src\Nameless.Data.Abstractions\Nameless.Data.Abstractions.csproj", "{08B607BC-630C-4705-8CF3-595DFE1B061C}"
EndProject
Project("{9A19103F-16F7-4668-BE54-9A1E7A4F7556}") = "Nameless.Data.Common", "src\Nameless.Data.Common\Nameless.Data.Common.csproj", "{9486CC21-934B-4A0A-87B2-930BF83D7DF7}"
EndProject
Project("{9A19103F-16F7-4668-BE54-9A1E7A4F7556}") = "Nameless.Data.SQLite", "src\Nameless.Data.SQLite\Nameless.Data.SQLite.csproj", "{068593C8-495F-4830-893B-39EB244DB9A3}"
EndProject
Project("{9A19103F-16F7-4668-BE54-9A1E7A4F7556}") = "Nameless.Data.SQLServer", "src\Nameless.Data.SQLServer\Nameless.Data.SQLServer.csproj", "{FC914F1D-D2D8-4BFB-BBC7-DC0192810056}"
EndProject
Project("{9A19103F-16F7-4668-BE54-9A1E7A4F7556}") = "Nameless.Localization.Json", "src\Nameless.Localization.Json\Nameless.Localization.Json.csproj", "{EEADE55C-54AE-4692-B2D8-A356A48E80AE}"
EndProject
Project("{9A19103F-16F7-4668-BE54-9A1E7A4F7556}") = "Nameless.Lucene", "src\Nameless.Lucene\Nameless.Lucene.csproj", "{58C513BE-1B63-4C39-B421-8BB98C1C0741}"
EndProject
Project("{9A19103F-16F7-4668-BE54-9A1E7A4F7556}") = "Nameless.Mailing.Abstractions", "src\Nameless.Mailing.Abstractions\Nameless.Mailing.Abstractions.csproj", "{C98472A7-ADEC-4F27-8019-FDB96074A464}"
EndProject
Project("{9A19103F-16F7-4668-BE54-9A1E7A4F7556}") = "Nameless.Mailing.MailKit", "src\Nameless.Mailing.MailKit\Nameless.Mailing.MailKit.csproj", "{E4340AF5-60D7-4915-9BDC-ABBFF67B0959}"
EndProject
Project("{9A19103F-16F7-4668-BE54-9A1E7A4F7556}") = "Nameless.MediatR.Integration", "src\Nameless.MediatR.Integration\Nameless.MediatR.Integration.csproj", "{FFF3CBC6-BB03-4880-BE6C-3991A603FFE0}"
EndProject
Project("{9A19103F-16F7-4668-BE54-9A1E7A4F7556}") = "Nameless.MongoDB", "src\Nameless.MongoDB\Nameless.MongoDB.csproj", "{7BD170FD-BE78-4545-8573-7B070E6B15D6}"
EndProject
Project("{9A19103F-16F7-4668-BE54-9A1E7A4F7556}") = "Nameless.NHibernate", "src\Nameless.NHibernate\Nameless.NHibernate.csproj", "{7A0ADD37-02B2-4845-8A19-20B5F44C6EC4}"
EndProject
Project("{9A19103F-16F7-4668-BE54-9A1E7A4F7556}") = "Nameless.ProducerConsumer.Abstractions", "src\Nameless.ProducerConsumer.Abstractions\Nameless.ProducerConsumer.Abstractions.csproj", "{0B2B35EE-FE94-478F-89E3-08F1CD87B238}"
EndProject
Project("{9A19103F-16F7-4668-BE54-9A1E7A4F7556}") = "Nameless.ProducerConsumer.RabbitMQ", "src\Nameless.ProducerConsumer.RabbitMQ\Nameless.ProducerConsumer.RabbitMQ.csproj", "{E190E85B-AB3E-442C-A752-3854690A8433}"
EndProject
Project("{9A19103F-16F7-4668-BE54-9A1E7A4F7556}") = "Nameless.Security", "src\Nameless.Security\Nameless.Security.csproj", "{7AABDF9A-9976-49E5-BA72-6DD06BDBB080}"
EndProject
Project("{9A19103F-16F7-4668-BE54-9A1E7A4F7556}") = "Nameless.Security.Abstractions", "src\Nameless.Security.Abstractions\Nameless.Security.Abstractions.csproj", "{2D7DD150-036E-442B-A8CD-D0AF1291FEA5}"
EndProject
Project("{9A19103F-16F7-4668-BE54-9A1E7A4F7556}") = "Nameless.Validation.Abstractions", "src\Nameless.Validation.Abstractions\Nameless.Validation.Abstractions.csproj", "{E901A69D-D8B0-45DC-BAFE-B48BC23E76B9}"
EndProject
Project("{9A19103F-16F7-4668-BE54-9A1E7A4F7556}") = "Nameless.Validation.FluentValidation", "src\Nameless.Validation.FluentValidation\Nameless.Validation.FluentValidation.csproj", "{62A50DD6-8D60-4413-B0F2-E2786169E30C}"
EndProject
Project("{9A19103F-16F7-4668-BE54-9A1E7A4F7556}") = "Nameless.Web.Core", "src\Nameless.Web.Core\Nameless.Web.Core.csproj", "{3BAF2DD7-3834-4628-AD9A-241C14EC260E}"
EndProject
Project("{9A19103F-16F7-4668-BE54-9A1E7A4F7556}") = "Nameless.Web.Identity.Api", "src\Nameless.Web.Identity.Api\Nameless.Web.Identity.Api.csproj", "{399D9EE5-D9B9-4562-94F1-5A554E6795A7}"
EndProject
Project("{2150E333-8FDC-42A3-9474-1A3956D46DE8}") = "tests", "tests", "{1A52E807-E1BB-46A0-AB1A-317AAA4FD732}"
EndProject
Project("{9A19103F-16F7-4668-BE54-9A1E7A4F7556}") = "Nameless.Autofac.UnitTest", "tests\Nameless.Autofac.UnitTest\Nameless.Autofac.UnitTest.csproj", "{DD8450AF-5B7B-45EA-A3D6-360673A46F26}"
EndProject
Project("{9A19103F-16F7-4668-BE54-9A1E7A4F7556}") = "Nameless.Caching.InMemory.UnitTest", "tests\Nameless.Caching.InMemory.UnitTest\Nameless.Caching.InMemory.UnitTest.csproj", "{43919454-420F-4E3E-8E68-67AEB04E6450}"
EndProject
Project("{9A19103F-16F7-4668-BE54-9A1E7A4F7556}") = "Nameless.Caching.Redis.UnitTest", "tests\Nameless.Caching.Redis.UnitTest\Nameless.Caching.Redis.UnitTest.csproj", "{8DDA2F69-CFD2-490B-B69E-2F52082A7758}"
EndProject
Project("{9A19103F-16F7-4668-BE54-9A1E7A4F7556}") = "Nameless.Core.UnitTest", "tests\Nameless.Core.UnitTest\Nameless.Core.UnitTest.csproj", "{A81BB515-C0D3-4347-8F9D-26444EB967DA}"
EndProject
Project("{9A19103F-16F7-4668-BE54-9A1E7A4F7556}") = "Nameless.Data.Abstractions.UnitTest", "tests\Nameless.Data.Abstractions.UnitTest\Nameless.Data.Abstractions.UnitTest.csproj", "{F49103DA-5D96-4EA1-AF38-2ED7769B682C}"
EndProject
Project("{9A19103F-16F7-4668-BE54-9A1E7A4F7556}") = "Nameless.Data.Common.UnitTest", "tests\Nameless.Data.Common.UnitTest\Nameless.Data.Common.UnitTest.csproj", "{BD804913-4D0E-4307-A970-B45C2BAE798C}"
EndProject
Project("{9A19103F-16F7-4668-BE54-9A1E7A4F7556}") = "Nameless.Data.SQLite.UnitTest", "tests\Nameless.Data.SQLite.UnitTest\Nameless.Data.SQLite.UnitTest.csproj", "{F7CE869E-5400-4C40-8980-6C7CCD9CE995}"
EndProject
Project("{9A19103F-16F7-4668-BE54-9A1E7A4F7556}") = "Nameless.Data.SQLServer.UnitTest", "tests\Nameless.Data.SQLServer.UnitTest\Nameless.Data.SQLServer.UnitTest.csproj", "{A1EA4420-8127-4423-8DCF-30080E5057E1}"
EndProject
Project("{9A19103F-16F7-4668-BE54-9A1E7A4F7556}") = "Nameless.Localization.Json.UnitTest", "tests\Nameless.Localization.Json.UnitTest\Nameless.Localization.Json.UnitTest.csproj", "{AFA530B3-C9D7-4121-9960-16172983015A}"
EndProject
Project("{9A19103F-16F7-4668-BE54-9A1E7A4F7556}") = "Nameless.Lucene.UnitTest", "tests\Nameless.Lucene.UnitTest\Nameless.Lucene.UnitTest.csproj", "{29CD82A4-489A-4CBB-9202-93FB24D1BF80}"
EndProject
Project("{9A19103F-16F7-4668-BE54-9A1E7A4F7556}") = "Nameless.Mailing.MailKit.UnitTest", "tests\Nameless.Mailing.MailKit.UnitTest\Nameless.Mailing.MailKit.UnitTest.csproj", "{986746D3-4671-4616-93D5-63248AF8F1A1}"
EndProject
Project("{9A19103F-16F7-4668-BE54-9A1E7A4F7556}") = "Nameless.MongoDB.UnitTest", "tests\Nameless.MongoDB.UnitTest\Nameless.MongoDB.UnitTest.csproj", "{E482AA9F-D934-4796-9C4C-BB735A41A574}"
EndProject
Project("{9A19103F-16F7-4668-BE54-9A1E7A4F7556}") = "Nameless.NHibernate.UnitTest", "tests\Nameless.NHibernate.UnitTest\Nameless.NHibernate.UnitTest.csproj", "{879C5EF9-DEBA-4DA2-A515-648ACCA6D42C}"
EndProject
Project("{9A19103F-16F7-4668-BE54-9A1E7A4F7556}") = "Nameless.ProducerConsumer.RabbitMQ.Specs", "tests\Nameless.ProducerConsumer.RabbitMQ.Specs\Nameless.ProducerConsumer.RabbitMQ.Specs.csproj", "{EBADEA9E-53E3-4957-95F0-94C119A601EA}"
EndProject
Project("{9A19103F-16F7-4668-BE54-9A1E7A4F7556}") = "Nameless.Security.UnitTest", "tests\Nameless.Security.UnitTest\Nameless.Security.UnitTest.csproj", "{4A7D8026-281E-4478-A4CD-05EE241A5E36}"
EndProject
Project("{9A19103F-16F7-4668-BE54-9A1E7A4F7556}") = "Nameless.Validation.FluentValidation.UnitTest", "tests\Nameless.Validation.FluentValidation.UnitTest\Nameless.Validation.FluentValidation.UnitTest.csproj", "{D4F1E128-C3A7-4D32-BCDC-C58085A8963C}"
EndProject
Project("{9A19103F-16F7-4668-BE54-9A1E7A4F7556}") = "Nameless.Web.Core.UnitTest", "tests\Nameless.Web.Core.UnitTest\Nameless.Web.Core.UnitTest.csproj", "{CAC3EB33-3066-47D9-9768-F433FA63081C}"
EndProject
Project("{2150E333-8FDC-42A3-9474-1A3956D46DE8}") = "github", "github", "{A8040124-56D6-4E08-9B62-AEF26359F162}"
EndProject
Project("{2150E333-8FDC-42A3-9474-1A3956D46DE8}") = "workflows", "workflows", "{9A1B7D27-F771-4E84-BDC1-C27C9D31550A}"
	ProjectSection(SolutionItems) = preProject
		.github\workflows\develop.yml = .github\workflows\develop.yml
		.github\workflows\release.yml = .github\workflows\release.yml
	EndProjectSection
EndProject
Project("{2150E333-8FDC-42A3-9474-1A3956D46DE8}") = "scripts", "scripts", "{13C234D0-E80D-4FBE-BC8B-99F09A826230}"
	ProjectSection(SolutionItems) = preProject
		scripts\.efcore = scripts\.efcore
		scripts\code_coverage.ps1 = scripts\code_coverage.ps1
		scripts\create_solution_file.ps1 = scripts\create_solution_file.ps1
		scripts\efcore_db_migration.ps1 = scripts\efcore_db_migration.ps1
		scripts\efcore_db_update.ps1 = scripts\efcore_db_update.ps1
	EndProjectSection
EndProject
Project("{2150E333-8FDC-42A3-9474-1A3956D46DE8}") = "samples", "samples", "{C12E5703-CE85-44E2-8586-FCC97DE40ADC}"
EndProject
Project("{2150E333-8FDC-42A3-9474-1A3956D46DE8}") = "Checklist", "Checklist", "{B67745CB-BB65-4B20-ABB7-FB1723930366}"
EndProject
Project("{2150E333-8FDC-42A3-9474-1A3956D46DE8}") = "RepeatIt", "RepeatIt", "{AC7DD114-CE3C-40D0-83C2-602A8CC029D0}"
EndProject
Project("{9A19103F-16F7-4668-BE54-9A1E7A4F7556}") = "Nameless.Checklist.Web", "samples\Checklist\Nameless.Checklist.Web\Nameless.Checklist.Web.csproj", "{B232E6AA-9F76-4953-AB8D-19D4CAF828ED}"
EndProject
Project("{9A19103F-16F7-4668-BE54-9A1E7A4F7556}") = "Nameless.RepeatIt.Web", "samples\RepeatIt\Nameless.RepeatIt.Web\Nameless.RepeatIt.Web.csproj", "{A000862D-EC21-4BDE-AD93-86A56761F122}"
EndProject
Project("{2150E333-8FDC-42A3-9474-1A3956D46DE8}") = "utils", "utils", "{75E32361-463E-4085-B406-8DDF76B4C879}"
EndProject
Project("{9A19103F-16F7-4668-BE54-9A1E7A4F7556}") = "Nameless.Utils", "utils\Nameless.Utils\Nameless.Utils.csproj", "{B2E548F5-E27D-4B4E-A7C2-B7591F91383C}"
EndProject
Global
	GlobalSection(SolutionConfigurationPlatforms) = preSolution
		Debug|Any CPU = Debug|Any CPU
		Release|Any CPU = Release|Any CPU
	EndGlobalSection
	GlobalSection(ProjectConfigurationPlatforms) = postSolution
		{9B7D083F-64A0-493B-BF0C-67E85BDC58F0}.Debug|Any CPU.ActiveCfg = Debug|Any CPU
		{9B7D083F-64A0-493B-BF0C-67E85BDC58F0}.Debug|Any CPU.Build.0 = Debug|Any CPU
		{9B7D083F-64A0-493B-BF0C-67E85BDC58F0}.Release|Any CPU.ActiveCfg = Release|Any CPU
		{9B7D083F-64A0-493B-BF0C-67E85BDC58F0}.Release|Any CPU.Build.0 = Release|Any CPU
		{3DC1E68A-555C-4802-ADAA-5A30C9008D35}.Debug|Any CPU.ActiveCfg = Debug|Any CPU
		{3DC1E68A-555C-4802-ADAA-5A30C9008D35}.Debug|Any CPU.Build.0 = Debug|Any CPU
		{3DC1E68A-555C-4802-ADAA-5A30C9008D35}.Release|Any CPU.ActiveCfg = Release|Any CPU
		{3DC1E68A-555C-4802-ADAA-5A30C9008D35}.Release|Any CPU.Build.0 = Release|Any CPU
		{205C15AF-61B9-4F2D-9952-00661780D9E1}.Debug|Any CPU.ActiveCfg = Debug|Any CPU
		{205C15AF-61B9-4F2D-9952-00661780D9E1}.Debug|Any CPU.Build.0 = Debug|Any CPU
		{205C15AF-61B9-4F2D-9952-00661780D9E1}.Release|Any CPU.ActiveCfg = Release|Any CPU
		{205C15AF-61B9-4F2D-9952-00661780D9E1}.Release|Any CPU.Build.0 = Release|Any CPU
		{86F98F03-3A8F-4F2F-90AD-736F5ACB5F1D}.Debug|Any CPU.ActiveCfg = Debug|Any CPU
		{86F98F03-3A8F-4F2F-90AD-736F5ACB5F1D}.Debug|Any CPU.Build.0 = Debug|Any CPU
		{86F98F03-3A8F-4F2F-90AD-736F5ACB5F1D}.Release|Any CPU.ActiveCfg = Release|Any CPU
		{86F98F03-3A8F-4F2F-90AD-736F5ACB5F1D}.Release|Any CPU.Build.0 = Release|Any CPU
		{078AD3F1-D42C-401E-A3C2-2D498130AD22}.Debug|Any CPU.ActiveCfg = Debug|Any CPU
		{078AD3F1-D42C-401E-A3C2-2D498130AD22}.Debug|Any CPU.Build.0 = Debug|Any CPU
		{078AD3F1-D42C-401E-A3C2-2D498130AD22}.Release|Any CPU.ActiveCfg = Release|Any CPU
		{078AD3F1-D42C-401E-A3C2-2D498130AD22}.Release|Any CPU.Build.0 = Release|Any CPU
		{08B607BC-630C-4705-8CF3-595DFE1B061C}.Debug|Any CPU.ActiveCfg = Debug|Any CPU
		{08B607BC-630C-4705-8CF3-595DFE1B061C}.Debug|Any CPU.Build.0 = Debug|Any CPU
		{08B607BC-630C-4705-8CF3-595DFE1B061C}.Release|Any CPU.ActiveCfg = Release|Any CPU
		{08B607BC-630C-4705-8CF3-595DFE1B061C}.Release|Any CPU.Build.0 = Release|Any CPU
		{9486CC21-934B-4A0A-87B2-930BF83D7DF7}.Debug|Any CPU.ActiveCfg = Debug|Any CPU
		{9486CC21-934B-4A0A-87B2-930BF83D7DF7}.Debug|Any CPU.Build.0 = Debug|Any CPU
		{9486CC21-934B-4A0A-87B2-930BF83D7DF7}.Release|Any CPU.ActiveCfg = Release|Any CPU
		{9486CC21-934B-4A0A-87B2-930BF83D7DF7}.Release|Any CPU.Build.0 = Release|Any CPU
		{068593C8-495F-4830-893B-39EB244DB9A3}.Debug|Any CPU.ActiveCfg = Debug|Any CPU
		{068593C8-495F-4830-893B-39EB244DB9A3}.Debug|Any CPU.Build.0 = Debug|Any CPU
		{068593C8-495F-4830-893B-39EB244DB9A3}.Release|Any CPU.ActiveCfg = Release|Any CPU
		{068593C8-495F-4830-893B-39EB244DB9A3}.Release|Any CPU.Build.0 = Release|Any CPU
		{FC914F1D-D2D8-4BFB-BBC7-DC0192810056}.Debug|Any CPU.ActiveCfg = Debug|Any CPU
		{FC914F1D-D2D8-4BFB-BBC7-DC0192810056}.Debug|Any CPU.Build.0 = Debug|Any CPU
		{FC914F1D-D2D8-4BFB-BBC7-DC0192810056}.Release|Any CPU.ActiveCfg = Release|Any CPU
		{FC914F1D-D2D8-4BFB-BBC7-DC0192810056}.Release|Any CPU.Build.0 = Release|Any CPU
		{EEADE55C-54AE-4692-B2D8-A356A48E80AE}.Debug|Any CPU.ActiveCfg = Debug|Any CPU
		{EEADE55C-54AE-4692-B2D8-A356A48E80AE}.Debug|Any CPU.Build.0 = Debug|Any CPU
		{EEADE55C-54AE-4692-B2D8-A356A48E80AE}.Release|Any CPU.ActiveCfg = Release|Any CPU
		{EEADE55C-54AE-4692-B2D8-A356A48E80AE}.Release|Any CPU.Build.0 = Release|Any CPU
		{58C513BE-1B63-4C39-B421-8BB98C1C0741}.Debug|Any CPU.ActiveCfg = Debug|Any CPU
		{58C513BE-1B63-4C39-B421-8BB98C1C0741}.Debug|Any CPU.Build.0 = Debug|Any CPU
		{58C513BE-1B63-4C39-B421-8BB98C1C0741}.Release|Any CPU.ActiveCfg = Release|Any CPU
		{58C513BE-1B63-4C39-B421-8BB98C1C0741}.Release|Any CPU.Build.0 = Release|Any CPU
		{C98472A7-ADEC-4F27-8019-FDB96074A464}.Debug|Any CPU.ActiveCfg = Debug|Any CPU
		{C98472A7-ADEC-4F27-8019-FDB96074A464}.Debug|Any CPU.Build.0 = Debug|Any CPU
		{C98472A7-ADEC-4F27-8019-FDB96074A464}.Release|Any CPU.ActiveCfg = Release|Any CPU
		{C98472A7-ADEC-4F27-8019-FDB96074A464}.Release|Any CPU.Build.0 = Release|Any CPU
		{E4340AF5-60D7-4915-9BDC-ABBFF67B0959}.Debug|Any CPU.ActiveCfg = Debug|Any CPU
		{E4340AF5-60D7-4915-9BDC-ABBFF67B0959}.Debug|Any CPU.Build.0 = Debug|Any CPU
		{E4340AF5-60D7-4915-9BDC-ABBFF67B0959}.Release|Any CPU.ActiveCfg = Release|Any CPU
		{E4340AF5-60D7-4915-9BDC-ABBFF67B0959}.Release|Any CPU.Build.0 = Release|Any CPU
		{FFF3CBC6-BB03-4880-BE6C-3991A603FFE0}.Debug|Any CPU.ActiveCfg = Debug|Any CPU
		{FFF3CBC6-BB03-4880-BE6C-3991A603FFE0}.Debug|Any CPU.Build.0 = Debug|Any CPU
		{FFF3CBC6-BB03-4880-BE6C-3991A603FFE0}.Release|Any CPU.ActiveCfg = Release|Any CPU
		{FFF3CBC6-BB03-4880-BE6C-3991A603FFE0}.Release|Any CPU.Build.0 = Release|Any CPU
		{7BD170FD-BE78-4545-8573-7B070E6B15D6}.Debug|Any CPU.ActiveCfg = Debug|Any CPU
		{7BD170FD-BE78-4545-8573-7B070E6B15D6}.Debug|Any CPU.Build.0 = Debug|Any CPU
		{7BD170FD-BE78-4545-8573-7B070E6B15D6}.Release|Any CPU.ActiveCfg = Release|Any CPU
		{7BD170FD-BE78-4545-8573-7B070E6B15D6}.Release|Any CPU.Build.0 = Release|Any CPU
		{7A0ADD37-02B2-4845-8A19-20B5F44C6EC4}.Debug|Any CPU.ActiveCfg = Debug|Any CPU
		{7A0ADD37-02B2-4845-8A19-20B5F44C6EC4}.Debug|Any CPU.Build.0 = Debug|Any CPU
		{7A0ADD37-02B2-4845-8A19-20B5F44C6EC4}.Release|Any CPU.ActiveCfg = Release|Any CPU
		{7A0ADD37-02B2-4845-8A19-20B5F44C6EC4}.Release|Any CPU.Build.0 = Release|Any CPU
		{0B2B35EE-FE94-478F-89E3-08F1CD87B238}.Debug|Any CPU.ActiveCfg = Debug|Any CPU
		{0B2B35EE-FE94-478F-89E3-08F1CD87B238}.Debug|Any CPU.Build.0 = Debug|Any CPU
		{0B2B35EE-FE94-478F-89E3-08F1CD87B238}.Release|Any CPU.ActiveCfg = Release|Any CPU
		{0B2B35EE-FE94-478F-89E3-08F1CD87B238}.Release|Any CPU.Build.0 = Release|Any CPU
		{E190E85B-AB3E-442C-A752-3854690A8433}.Debug|Any CPU.ActiveCfg = Debug|Any CPU
		{E190E85B-AB3E-442C-A752-3854690A8433}.Debug|Any CPU.Build.0 = Debug|Any CPU
		{E190E85B-AB3E-442C-A752-3854690A8433}.Release|Any CPU.ActiveCfg = Release|Any CPU
		{E190E85B-AB3E-442C-A752-3854690A8433}.Release|Any CPU.Build.0 = Release|Any CPU
		{7AABDF9A-9976-49E5-BA72-6DD06BDBB080}.Debug|Any CPU.ActiveCfg = Debug|Any CPU
		{7AABDF9A-9976-49E5-BA72-6DD06BDBB080}.Debug|Any CPU.Build.0 = Debug|Any CPU
		{7AABDF9A-9976-49E5-BA72-6DD06BDBB080}.Release|Any CPU.ActiveCfg = Release|Any CPU
		{7AABDF9A-9976-49E5-BA72-6DD06BDBB080}.Release|Any CPU.Build.0 = Release|Any CPU
		{2D7DD150-036E-442B-A8CD-D0AF1291FEA5}.Debug|Any CPU.ActiveCfg = Debug|Any CPU
		{2D7DD150-036E-442B-A8CD-D0AF1291FEA5}.Debug|Any CPU.Build.0 = Debug|Any CPU
		{2D7DD150-036E-442B-A8CD-D0AF1291FEA5}.Release|Any CPU.ActiveCfg = Release|Any CPU
		{2D7DD150-036E-442B-A8CD-D0AF1291FEA5}.Release|Any CPU.Build.0 = Release|Any CPU
		{E901A69D-D8B0-45DC-BAFE-B48BC23E76B9}.Debug|Any CPU.ActiveCfg = Debug|Any CPU
		{E901A69D-D8B0-45DC-BAFE-B48BC23E76B9}.Debug|Any CPU.Build.0 = Debug|Any CPU
		{E901A69D-D8B0-45DC-BAFE-B48BC23E76B9}.Release|Any CPU.ActiveCfg = Release|Any CPU
		{E901A69D-D8B0-45DC-BAFE-B48BC23E76B9}.Release|Any CPU.Build.0 = Release|Any CPU
		{62A50DD6-8D60-4413-B0F2-E2786169E30C}.Debug|Any CPU.ActiveCfg = Debug|Any CPU
		{62A50DD6-8D60-4413-B0F2-E2786169E30C}.Debug|Any CPU.Build.0 = Debug|Any CPU
		{62A50DD6-8D60-4413-B0F2-E2786169E30C}.Release|Any CPU.ActiveCfg = Release|Any CPU
		{62A50DD6-8D60-4413-B0F2-E2786169E30C}.Release|Any CPU.Build.0 = Release|Any CPU
		{3BAF2DD7-3834-4628-AD9A-241C14EC260E}.Debug|Any CPU.ActiveCfg = Debug|Any CPU
		{3BAF2DD7-3834-4628-AD9A-241C14EC260E}.Debug|Any CPU.Build.0 = Debug|Any CPU
		{3BAF2DD7-3834-4628-AD9A-241C14EC260E}.Release|Any CPU.ActiveCfg = Release|Any CPU
		{3BAF2DD7-3834-4628-AD9A-241C14EC260E}.Release|Any CPU.Build.0 = Release|Any CPU
		{399D9EE5-D9B9-4562-94F1-5A554E6795A7}.Debug|Any CPU.ActiveCfg = Debug|Any CPU
		{399D9EE5-D9B9-4562-94F1-5A554E6795A7}.Debug|Any CPU.Build.0 = Debug|Any CPU
		{399D9EE5-D9B9-4562-94F1-5A554E6795A7}.Release|Any CPU.ActiveCfg = Release|Any CPU
		{399D9EE5-D9B9-4562-94F1-5A554E6795A7}.Release|Any CPU.Build.0 = Release|Any CPU
		{DD8450AF-5B7B-45EA-A3D6-360673A46F26}.Debug|Any CPU.ActiveCfg = Debug|Any CPU
		{DD8450AF-5B7B-45EA-A3D6-360673A46F26}.Debug|Any CPU.Build.0 = Debug|Any CPU
		{DD8450AF-5B7B-45EA-A3D6-360673A46F26}.Release|Any CPU.ActiveCfg = Release|Any CPU
		{DD8450AF-5B7B-45EA-A3D6-360673A46F26}.Release|Any CPU.Build.0 = Release|Any CPU
		{43919454-420F-4E3E-8E68-67AEB04E6450}.Debug|Any CPU.ActiveCfg = Debug|Any CPU
		{43919454-420F-4E3E-8E68-67AEB04E6450}.Debug|Any CPU.Build.0 = Debug|Any CPU
		{43919454-420F-4E3E-8E68-67AEB04E6450}.Release|Any CPU.ActiveCfg = Release|Any CPU
		{43919454-420F-4E3E-8E68-67AEB04E6450}.Release|Any CPU.Build.0 = Release|Any CPU
		{8DDA2F69-CFD2-490B-B69E-2F52082A7758}.Debug|Any CPU.ActiveCfg = Debug|Any CPU
		{8DDA2F69-CFD2-490B-B69E-2F52082A7758}.Debug|Any CPU.Build.0 = Debug|Any CPU
		{8DDA2F69-CFD2-490B-B69E-2F52082A7758}.Release|Any CPU.ActiveCfg = Release|Any CPU
		{8DDA2F69-CFD2-490B-B69E-2F52082A7758}.Release|Any CPU.Build.0 = Release|Any CPU
		{A81BB515-C0D3-4347-8F9D-26444EB967DA}.Debug|Any CPU.ActiveCfg = Debug|Any CPU
		{A81BB515-C0D3-4347-8F9D-26444EB967DA}.Debug|Any CPU.Build.0 = Debug|Any CPU
		{A81BB515-C0D3-4347-8F9D-26444EB967DA}.Release|Any CPU.ActiveCfg = Release|Any CPU
		{A81BB515-C0D3-4347-8F9D-26444EB967DA}.Release|Any CPU.Build.0 = Release|Any CPU
		{F49103DA-5D96-4EA1-AF38-2ED7769B682C}.Debug|Any CPU.ActiveCfg = Debug|Any CPU
		{F49103DA-5D96-4EA1-AF38-2ED7769B682C}.Debug|Any CPU.Build.0 = Debug|Any CPU
		{F49103DA-5D96-4EA1-AF38-2ED7769B682C}.Release|Any CPU.ActiveCfg = Release|Any CPU
		{F49103DA-5D96-4EA1-AF38-2ED7769B682C}.Release|Any CPU.Build.0 = Release|Any CPU
		{BD804913-4D0E-4307-A970-B45C2BAE798C}.Debug|Any CPU.ActiveCfg = Debug|Any CPU
		{BD804913-4D0E-4307-A970-B45C2BAE798C}.Debug|Any CPU.Build.0 = Debug|Any CPU
		{BD804913-4D0E-4307-A970-B45C2BAE798C}.Release|Any CPU.ActiveCfg = Release|Any CPU
		{BD804913-4D0E-4307-A970-B45C2BAE798C}.Release|Any CPU.Build.0 = Release|Any CPU
		{F7CE869E-5400-4C40-8980-6C7CCD9CE995}.Debug|Any CPU.ActiveCfg = Debug|Any CPU
		{F7CE869E-5400-4C40-8980-6C7CCD9CE995}.Debug|Any CPU.Build.0 = Debug|Any CPU
		{F7CE869E-5400-4C40-8980-6C7CCD9CE995}.Release|Any CPU.ActiveCfg = Release|Any CPU
		{F7CE869E-5400-4C40-8980-6C7CCD9CE995}.Release|Any CPU.Build.0 = Release|Any CPU
		{A1EA4420-8127-4423-8DCF-30080E5057E1}.Debug|Any CPU.ActiveCfg = Debug|Any CPU
		{A1EA4420-8127-4423-8DCF-30080E5057E1}.Debug|Any CPU.Build.0 = Debug|Any CPU
		{A1EA4420-8127-4423-8DCF-30080E5057E1}.Release|Any CPU.ActiveCfg = Release|Any CPU
		{A1EA4420-8127-4423-8DCF-30080E5057E1}.Release|Any CPU.Build.0 = Release|Any CPU
		{AFA530B3-C9D7-4121-9960-16172983015A}.Debug|Any CPU.ActiveCfg = Debug|Any CPU
		{AFA530B3-C9D7-4121-9960-16172983015A}.Debug|Any CPU.Build.0 = Debug|Any CPU
		{AFA530B3-C9D7-4121-9960-16172983015A}.Release|Any CPU.ActiveCfg = Release|Any CPU
		{AFA530B3-C9D7-4121-9960-16172983015A}.Release|Any CPU.Build.0 = Release|Any CPU
		{29CD82A4-489A-4CBB-9202-93FB24D1BF80}.Debug|Any CPU.ActiveCfg = Debug|Any CPU
		{29CD82A4-489A-4CBB-9202-93FB24D1BF80}.Debug|Any CPU.Build.0 = Debug|Any CPU
		{29CD82A4-489A-4CBB-9202-93FB24D1BF80}.Release|Any CPU.ActiveCfg = Release|Any CPU
		{29CD82A4-489A-4CBB-9202-93FB24D1BF80}.Release|Any CPU.Build.0 = Release|Any CPU
		{986746D3-4671-4616-93D5-63248AF8F1A1}.Debug|Any CPU.ActiveCfg = Debug|Any CPU
		{986746D3-4671-4616-93D5-63248AF8F1A1}.Debug|Any CPU.Build.0 = Debug|Any CPU
		{986746D3-4671-4616-93D5-63248AF8F1A1}.Release|Any CPU.ActiveCfg = Release|Any CPU
		{986746D3-4671-4616-93D5-63248AF8F1A1}.Release|Any CPU.Build.0 = Release|Any CPU
		{E482AA9F-D934-4796-9C4C-BB735A41A574}.Debug|Any CPU.ActiveCfg = Debug|Any CPU
		{E482AA9F-D934-4796-9C4C-BB735A41A574}.Debug|Any CPU.Build.0 = Debug|Any CPU
		{E482AA9F-D934-4796-9C4C-BB735A41A574}.Release|Any CPU.ActiveCfg = Release|Any CPU
		{E482AA9F-D934-4796-9C4C-BB735A41A574}.Release|Any CPU.Build.0 = Release|Any CPU
		{879C5EF9-DEBA-4DA2-A515-648ACCA6D42C}.Debug|Any CPU.ActiveCfg = Debug|Any CPU
		{879C5EF9-DEBA-4DA2-A515-648ACCA6D42C}.Debug|Any CPU.Build.0 = Debug|Any CPU
		{879C5EF9-DEBA-4DA2-A515-648ACCA6D42C}.Release|Any CPU.ActiveCfg = Release|Any CPU
		{879C5EF9-DEBA-4DA2-A515-648ACCA6D42C}.Release|Any CPU.Build.0 = Release|Any CPU
		{EBADEA9E-53E3-4957-95F0-94C119A601EA}.Debug|Any CPU.ActiveCfg = Debug|Any CPU
		{EBADEA9E-53E3-4957-95F0-94C119A601EA}.Debug|Any CPU.Build.0 = Debug|Any CPU
		{EBADEA9E-53E3-4957-95F0-94C119A601EA}.Release|Any CPU.ActiveCfg = Release|Any CPU
		{EBADEA9E-53E3-4957-95F0-94C119A601EA}.Release|Any CPU.Build.0 = Release|Any CPU
		{4A7D8026-281E-4478-A4CD-05EE241A5E36}.Debug|Any CPU.ActiveCfg = Debug|Any CPU
		{4A7D8026-281E-4478-A4CD-05EE241A5E36}.Debug|Any CPU.Build.0 = Debug|Any CPU
		{4A7D8026-281E-4478-A4CD-05EE241A5E36}.Release|Any CPU.ActiveCfg = Release|Any CPU
		{4A7D8026-281E-4478-A4CD-05EE241A5E36}.Release|Any CPU.Build.0 = Release|Any CPU
		{D4F1E128-C3A7-4D32-BCDC-C58085A8963C}.Debug|Any CPU.ActiveCfg = Debug|Any CPU
		{D4F1E128-C3A7-4D32-BCDC-C58085A8963C}.Debug|Any CPU.Build.0 = Debug|Any CPU
		{D4F1E128-C3A7-4D32-BCDC-C58085A8963C}.Release|Any CPU.ActiveCfg = Release|Any CPU
		{D4F1E128-C3A7-4D32-BCDC-C58085A8963C}.Release|Any CPU.Build.0 = Release|Any CPU
		{CAC3EB33-3066-47D9-9768-F433FA63081C}.Debug|Any CPU.ActiveCfg = Debug|Any CPU
		{CAC3EB33-3066-47D9-9768-F433FA63081C}.Debug|Any CPU.Build.0 = Debug|Any CPU
		{CAC3EB33-3066-47D9-9768-F433FA63081C}.Release|Any CPU.ActiveCfg = Release|Any CPU
		{CAC3EB33-3066-47D9-9768-F433FA63081C}.Release|Any CPU.Build.0 = Release|Any CPU
		{B232E6AA-9F76-4953-AB8D-19D4CAF828ED}.Debug|Any CPU.ActiveCfg = Debug|Any CPU
		{B232E6AA-9F76-4953-AB8D-19D4CAF828ED}.Debug|Any CPU.Build.0 = Debug|Any CPU
		{B232E6AA-9F76-4953-AB8D-19D4CAF828ED}.Release|Any CPU.ActiveCfg = Release|Any CPU
		{B232E6AA-9F76-4953-AB8D-19D4CAF828ED}.Release|Any CPU.Build.0 = Release|Any CPU
		{A000862D-EC21-4BDE-AD93-86A56761F122}.Debug|Any CPU.ActiveCfg = Debug|Any CPU
		{A000862D-EC21-4BDE-AD93-86A56761F122}.Debug|Any CPU.Build.0 = Debug|Any CPU
		{A000862D-EC21-4BDE-AD93-86A56761F122}.Release|Any CPU.ActiveCfg = Release|Any CPU
		{A000862D-EC21-4BDE-AD93-86A56761F122}.Release|Any CPU.Build.0 = Release|Any CPU
		{B2E548F5-E27D-4B4E-A7C2-B7591F91383C}.Debug|Any CPU.ActiveCfg = Debug|Any CPU
		{B2E548F5-E27D-4B4E-A7C2-B7591F91383C}.Debug|Any CPU.Build.0 = Debug|Any CPU
		{B2E548F5-E27D-4B4E-A7C2-B7591F91383C}.Release|Any CPU.ActiveCfg = Release|Any CPU
		{B2E548F5-E27D-4B4E-A7C2-B7591F91383C}.Release|Any CPU.Build.0 = Release|Any CPU
	EndGlobalSection
	GlobalSection(SolutionProperties) = preSolution
		HideSolutionNode = FALSE
	EndGlobalSection
	GlobalSection(NestedProjects) = preSolution
		{9B7D083F-64A0-493B-BF0C-67E85BDC58F0} = {8D49D2F6-ED26-49A1-A5B7-82C04C89EF42}
		{3DC1E68A-555C-4802-ADAA-5A30C9008D35} = {8D49D2F6-ED26-49A1-A5B7-82C04C89EF42}
		{205C15AF-61B9-4F2D-9952-00661780D9E1} = {8D49D2F6-ED26-49A1-A5B7-82C04C89EF42}
		{86F98F03-3A8F-4F2F-90AD-736F5ACB5F1D} = {8D49D2F6-ED26-49A1-A5B7-82C04C89EF42}
		{078AD3F1-D42C-401E-A3C2-2D498130AD22} = {8D49D2F6-ED26-49A1-A5B7-82C04C89EF42}
		{08B607BC-630C-4705-8CF3-595DFE1B061C} = {8D49D2F6-ED26-49A1-A5B7-82C04C89EF42}
		{9486CC21-934B-4A0A-87B2-930BF83D7DF7} = {8D49D2F6-ED26-49A1-A5B7-82C04C89EF42}
		{068593C8-495F-4830-893B-39EB244DB9A3} = {8D49D2F6-ED26-49A1-A5B7-82C04C89EF42}
		{FC914F1D-D2D8-4BFB-BBC7-DC0192810056} = {8D49D2F6-ED26-49A1-A5B7-82C04C89EF42}
		{EEADE55C-54AE-4692-B2D8-A356A48E80AE} = {8D49D2F6-ED26-49A1-A5B7-82C04C89EF42}
		{58C513BE-1B63-4C39-B421-8BB98C1C0741} = {8D49D2F6-ED26-49A1-A5B7-82C04C89EF42}
		{C98472A7-ADEC-4F27-8019-FDB96074A464} = {8D49D2F6-ED26-49A1-A5B7-82C04C89EF42}
		{E4340AF5-60D7-4915-9BDC-ABBFF67B0959} = {8D49D2F6-ED26-49A1-A5B7-82C04C89EF42}
		{FFF3CBC6-BB03-4880-BE6C-3991A603FFE0} = {8D49D2F6-ED26-49A1-A5B7-82C04C89EF42}
		{7BD170FD-BE78-4545-8573-7B070E6B15D6} = {8D49D2F6-ED26-49A1-A5B7-82C04C89EF42}
		{7A0ADD37-02B2-4845-8A19-20B5F44C6EC4} = {8D49D2F6-ED26-49A1-A5B7-82C04C89EF42}
		{0B2B35EE-FE94-478F-89E3-08F1CD87B238} = {8D49D2F6-ED26-49A1-A5B7-82C04C89EF42}
		{E190E85B-AB3E-442C-A752-3854690A8433} = {8D49D2F6-ED26-49A1-A5B7-82C04C89EF42}
		{7AABDF9A-9976-49E5-BA72-6DD06BDBB080} = {8D49D2F6-ED26-49A1-A5B7-82C04C89EF42}
		{2D7DD150-036E-442B-A8CD-D0AF1291FEA5} = {8D49D2F6-ED26-49A1-A5B7-82C04C89EF42}
		{E901A69D-D8B0-45DC-BAFE-B48BC23E76B9} = {8D49D2F6-ED26-49A1-A5B7-82C04C89EF42}
		{62A50DD6-8D60-4413-B0F2-E2786169E30C} = {8D49D2F6-ED26-49A1-A5B7-82C04C89EF42}
		{3BAF2DD7-3834-4628-AD9A-241C14EC260E} = {8D49D2F6-ED26-49A1-A5B7-82C04C89EF42}
		{399D9EE5-D9B9-4562-94F1-5A554E6795A7} = {8D49D2F6-ED26-49A1-A5B7-82C04C89EF42}
		{DD8450AF-5B7B-45EA-A3D6-360673A46F26} = {1A52E807-E1BB-46A0-AB1A-317AAA4FD732}
		{43919454-420F-4E3E-8E68-67AEB04E6450} = {1A52E807-E1BB-46A0-AB1A-317AAA4FD732}
		{8DDA2F69-CFD2-490B-B69E-2F52082A7758} = {1A52E807-E1BB-46A0-AB1A-317AAA4FD732}
		{A81BB515-C0D3-4347-8F9D-26444EB967DA} = {1A52E807-E1BB-46A0-AB1A-317AAA4FD732}
		{F49103DA-5D96-4EA1-AF38-2ED7769B682C} = {1A52E807-E1BB-46A0-AB1A-317AAA4FD732}
		{BD804913-4D0E-4307-A970-B45C2BAE798C} = {1A52E807-E1BB-46A0-AB1A-317AAA4FD732}
		{F7CE869E-5400-4C40-8980-6C7CCD9CE995} = {1A52E807-E1BB-46A0-AB1A-317AAA4FD732}
		{A1EA4420-8127-4423-8DCF-30080E5057E1} = {1A52E807-E1BB-46A0-AB1A-317AAA4FD732}
		{AFA530B3-C9D7-4121-9960-16172983015A} = {1A52E807-E1BB-46A0-AB1A-317AAA4FD732}
		{29CD82A4-489A-4CBB-9202-93FB24D1BF80} = {1A52E807-E1BB-46A0-AB1A-317AAA4FD732}
		{986746D3-4671-4616-93D5-63248AF8F1A1} = {1A52E807-E1BB-46A0-AB1A-317AAA4FD732}
		{E482AA9F-D934-4796-9C4C-BB735A41A574} = {1A52E807-E1BB-46A0-AB1A-317AAA4FD732}
		{879C5EF9-DEBA-4DA2-A515-648ACCA6D42C} = {1A52E807-E1BB-46A0-AB1A-317AAA4FD732}
		{EBADEA9E-53E3-4957-95F0-94C119A601EA} = {1A52E807-E1BB-46A0-AB1A-317AAA4FD732}
		{4A7D8026-281E-4478-A4CD-05EE241A5E36} = {1A52E807-E1BB-46A0-AB1A-317AAA4FD732}
		{D4F1E128-C3A7-4D32-BCDC-C58085A8963C} = {1A52E807-E1BB-46A0-AB1A-317AAA4FD732}
		{CAC3EB33-3066-47D9-9768-F433FA63081C} = {1A52E807-E1BB-46A0-AB1A-317AAA4FD732}
		{9A1B7D27-F771-4E84-BDC1-C27C9D31550A} = {A8040124-56D6-4E08-9B62-AEF26359F162}
		{B67745CB-BB65-4B20-ABB7-FB1723930366} = {C12E5703-CE85-44E2-8586-FCC97DE40ADC}
		{AC7DD114-CE3C-40D0-83C2-602A8CC029D0} = {C12E5703-CE85-44E2-8586-FCC97DE40ADC}
		{B232E6AA-9F76-4953-AB8D-19D4CAF828ED} = {B67745CB-BB65-4B20-ABB7-FB1723930366}
		{A000862D-EC21-4BDE-AD93-86A56761F122} = {AC7DD114-CE3C-40D0-83C2-602A8CC029D0}
		{B2E548F5-E27D-4B4E-A7C2-B7591F91383C} = {75E32361-463E-4085-B406-8DDF76B4C879}
	EndGlobalSection
	GlobalSection(ExtensibilityGlobals) = postSolution
		SolutionGuid = {ABE952CA-E1AD-4C39-82FA-5B07EB6421E9}
	EndGlobalSection
EndGlobal
