
Microsoft Visual Studio Solution File, Format Version 12.00
# Visual Studio Version 17
VisualStudioVersion = 17.0.31903.59
MinimumVisualStudioVersion = 10.0.40219.1
Project("{2150E333-8FDC-42A3-9474-1A3956D46DE8}") = "src", "src", "{B0F8B265-A654-479F-A240-D7A0806CD2E4}"
EndProject
Project("{2150E333-8FDC-42A3-9474-1A3956D46DE8}") = "Autofac", "Autofac", "{B800E1FE-1F86-46C2-83AE-74F6C64C9A80}"
EndProject
Project("{9A19103F-16F7-4668-BE54-9A1E7A4F7556}") = "Nameless.Autofac", "src\Autofac\Nameless.Autofac\Nameless.Autofac.csproj", "{DF857763-9860-4DD5-9B53-60F594CBC3F1}"
EndProject
Project("{2150E333-8FDC-42A3-9474-1A3956D46DE8}") = "Caching", "Caching", "{F8BC1611-AEA9-44B5-99BA-45F019216270}"
EndProject
Project("{9A19103F-16F7-4668-BE54-9A1E7A4F7556}") = "Nameless.Caching.Abstractions", "src\Caching\Nameless.Caching.Abstractions\Nameless.Caching.Abstractions.csproj", "{82B549C3-4B10-49D7-A17B-C40F830FF19B}"
EndProject
Project("{9A19103F-16F7-4668-BE54-9A1E7A4F7556}") = "Nameless.Caching.InMemory", "src\Caching\Nameless.Caching.InMemory\Nameless.Caching.InMemory.csproj", "{3884CB17-0FB0-4D83-B318-A1E8067BACD3}"
EndProject
Project("{9A19103F-16F7-4668-BE54-9A1E7A4F7556}") = "Nameless.Caching.InMemory.DependencyInjection", "src\Caching\Nameless.Caching.InMemory.DependencyInjection\Nameless.Caching.InMemory.DependencyInjection.csproj", "{EA89948D-5343-4958-AEF7-CB1B8BB90D66}"
EndProject
Project("{9A19103F-16F7-4668-BE54-9A1E7A4F7556}") = "Nameless.Caching.InMemory.UnitTest", "src\Caching\Nameless.Caching.InMemory.UnitTest\Nameless.Caching.InMemory.UnitTest.csproj", "{F1096327-82F8-4C88-B133-957D6D5FF046}"
EndProject
Project("{9A19103F-16F7-4668-BE54-9A1E7A4F7556}") = "Nameless.Caching.Redis", "src\Caching\Nameless.Caching.Redis\Nameless.Caching.Redis.csproj", "{203B443E-DC80-4064-B4E1-84E2C8E2C692}"
EndProject
Project("{9A19103F-16F7-4668-BE54-9A1E7A4F7556}") = "Nameless.Caching.Redis.DependencyInjection", "src\Caching\Nameless.Caching.Redis.DependencyInjection\Nameless.Caching.Redis.DependencyInjection.csproj", "{10B988D4-B0C7-4B63-B25F-54732402F185}"
EndProject
Project("{2150E333-8FDC-42A3-9474-1A3956D46DE8}") = "Core", "Core", "{0098C91F-8C19-4B63-94D5-24C76608AFFD}"
EndProject
Project("{9A19103F-16F7-4668-BE54-9A1E7A4F7556}") = "Nameless.Core", "src\Core\Nameless.Core\Nameless.Core.csproj", "{26A02A3D-7FC0-4FDC-8E19-52644F75E30A}"
EndProject
Project("{9A19103F-16F7-4668-BE54-9A1E7A4F7556}") = "Nameless.Core.DependencyInjection", "src\Core\Nameless.Core.DependencyInjection\Nameless.Core.DependencyInjection.csproj", "{CC609766-45E9-414D-B8FB-08BC142E97AC}"
EndProject
Project("{9A19103F-16F7-4668-BE54-9A1E7A4F7556}") = "Nameless.Core.UnitTest", "src\Core\Nameless.Core.UnitTest\Nameless.Core.UnitTest.csproj", "{FC67A655-71A6-4C17-8136-3B13C7B4C1AD}"
EndProject
Project("{2150E333-8FDC-42A3-9474-1A3956D46DE8}") = "Data", "Data", "{CE0C0149-07FF-4512-972D-959A10A9DE33}"
EndProject
Project("{9A19103F-16F7-4668-BE54-9A1E7A4F7556}") = "Nameless.Data.Abstractions", "src\Data\Nameless.Data.Abstractions\Nameless.Data.Abstractions.csproj", "{983FC2F7-CE6B-40EB-B95B-B8B68044CE36}"
EndProject
Project("{9A19103F-16F7-4668-BE54-9A1E7A4F7556}") = "Nameless.Data.Abstractions.UnitTest", "src\Data\Nameless.Data.Abstractions.UnitTest\Nameless.Data.Abstractions.UnitTest.csproj", "{15844C24-27A9-4660-88C2-75D35A3D3B1F}"
EndProject
Project("{9A19103F-16F7-4668-BE54-9A1E7A4F7556}") = "Nameless.Data.Common.UnitTest", "src\Data\Nameless.Data.Common.UnitTest\Nameless.Data.Common.UnitTest.csproj", "{DC1773EE-35CB-4F07-AA2B-C8893BC57DE4}"
EndProject
Project("{9A19103F-16F7-4668-BE54-9A1E7A4F7556}") = "Nameless.Data.SQLite", "src\Data\Nameless.Data.SQLite\Nameless.Data.SQLite.csproj", "{5E2281A4-2E0B-487E-82EF-38EEED9541D0}"
EndProject
Project("{9A19103F-16F7-4668-BE54-9A1E7A4F7556}") = "Nameless.Data.SQLite.DependencyInjection", "src\Data\Nameless.Data.SQLite.DependencyInjection\Nameless.Data.SQLite.DependencyInjection.csproj", "{9A5F8354-2BE7-43E8-ACC7-03508877C433}"
EndProject
Project("{9A19103F-16F7-4668-BE54-9A1E7A4F7556}") = "Nameless.Data.SQLServer", "src\Data\Nameless.Data.SQLServer\Nameless.Data.SQLServer.csproj", "{2C6253A5-8A71-4F38-80C5-365D15A42D27}"
EndProject
Project("{9A19103F-16F7-4668-BE54-9A1E7A4F7556}") = "Nameless.Data.SQLServer.DependencyInjection", "src\Data\Nameless.Data.SQLServer.DependencyInjection\Nameless.Data.SQLServer.DependencyInjection.csproj", "{2E4C1E1A-1A98-4E5B-A172-A49799AC0684}"
EndProject
Project("{9A19103F-16F7-4668-BE54-9A1E7A4F7556}") = "Nameless.Data.SQLServer.UnitTest", "src\Data\Nameless.Data.SQLServer.UnitTest\Nameless.Data.SQLServer.UnitTest.csproj", "{2D07355E-D600-4BE7-9675-595B68A216CA}"
EndProject
Project("{2150E333-8FDC-42A3-9474-1A3956D46DE8}") = "FluentValidation", "FluentValidation", "{A64396EA-D1CD-438B-8906-339583076243}"
EndProject
Project("{9A19103F-16F7-4668-BE54-9A1E7A4F7556}") = "Nameless.FluentValidation", "src\FluentValidation\Nameless.FluentValidation\Nameless.FluentValidation.csproj", "{59338B2A-7E2F-43CC-9DE0-6705368CAAA3}"
EndProject
Project("{9A19103F-16F7-4668-BE54-9A1E7A4F7556}") = "Nameless.FluentValidation.DependencyInjection", "src\FluentValidation\Nameless.FluentValidation.DependencyInjection\Nameless.FluentValidation.DependencyInjection.csproj", "{DFA30112-EAB6-435D-9AFF-14705988EC1A}"
EndProject
Project("{9A19103F-16F7-4668-BE54-9A1E7A4F7556}") = "Nameless.FluentValidation.UnitTest", "src\FluentValidation\Nameless.FluentValidation.UnitTest\Nameless.FluentValidation.UnitTest.csproj", "{3211E0DA-450C-4B18-816E-DF16719ADEC3}"
EndProject
Project("{2150E333-8FDC-42A3-9474-1A3956D46DE8}") = "Localization", "Localization", "{04A05DBD-59D9-46F1-8226-049B3654406B}"
EndProject
Project("{9A19103F-16F7-4668-BE54-9A1E7A4F7556}") = "Nameless.Localization.Microsoft.Json", "src\Localization\Nameless.Localization.Microsoft.Json\Nameless.Localization.Microsoft.Json.csproj", "{1313DB8B-DBC1-4EC3-BA76-A8683EB21593}"
EndProject
Project("{9A19103F-16F7-4668-BE54-9A1E7A4F7556}") = "Nameless.Localization.Microsoft.Json.DependencyInjection", "src\Localization\Nameless.Localization.Microsoft.Json.DependencyInjection\Nameless.Localization.Microsoft.Json.DependencyInjection.csproj", "{060142C5-6B9F-4FCE-8052-F981829EA834}"
EndProject
Project("{9A19103F-16F7-4668-BE54-9A1E7A4F7556}") = "Nameless.Localization.Microsoft.Json.UnitTest", "src\Localization\Nameless.Localization.Microsoft.Json.UnitTest\Nameless.Localization.Microsoft.Json.UnitTest.csproj", "{2A88F98A-FEBC-4E58-A857-8A344A4386D4}"
EndProject
Project("{2150E333-8FDC-42A3-9474-1A3956D46DE8}") = "Logging", "Logging", "{780B3B31-D8A9-4098-B8B6-148EC9BCBF87}"
EndProject
Project("{9A19103F-16F7-4668-BE54-9A1E7A4F7556}") = "Nameless.Logging.Microsoft", "src\Logging\Nameless.Logging.Microsoft\Nameless.Logging.Microsoft.csproj", "{E40D7FB8-3914-4992-882C-3556ECAA9281}"
EndProject
Project("{2150E333-8FDC-42A3-9474-1A3956D46DE8}") = "Lucene", "Lucene", "{AA15BA3C-A23B-4D69-9986-AF7FBD30A049}"
EndProject
Project("{9A19103F-16F7-4668-BE54-9A1E7A4F7556}") = "Nameless.Lucene", "src\Lucene\Nameless.Lucene\Nameless.Lucene.csproj", "{9B521113-38B6-4368-A5DB-7C34733CE91E}"
EndProject
Project("{9A19103F-16F7-4668-BE54-9A1E7A4F7556}") = "Nameless.Lucene.DependencyInjection", "src\Lucene\Nameless.Lucene.DependencyInjection\Nameless.Lucene.DependencyInjection.csproj", "{43F0C2AF-C8A0-4E08-84E9-E7C6802F89A1}"
EndProject
Project("{9A19103F-16F7-4668-BE54-9A1E7A4F7556}") = "Nameless.Lucene.UnitTest", "src\Lucene\Nameless.Lucene.UnitTest\Nameless.Lucene.UnitTest.csproj", "{5465991A-D279-4255-A00C-2492089CE89A}"
EndProject
Project("{2150E333-8FDC-42A3-9474-1A3956D46DE8}") = "MediatR", "MediatR", "{1B0B0AF7-CDF1-40FA-89CE-4194A1A39344}"
EndProject
Project("{9A19103F-16F7-4668-BE54-9A1E7A4F7556}") = "Nameless.MediatR.Integration", "src\MediatR\Nameless.MediatR.Integration\Nameless.MediatR.Integration.csproj", "{CE557112-F944-4DFD-A1A9-6D24AD82E33F}"
EndProject
Project("{2150E333-8FDC-42A3-9474-1A3956D46DE8}") = "Messenger", "Messenger", "{1B629472-FFB7-4CAD-917D-B1E804AFDBA6}"
EndProject
Project("{9A19103F-16F7-4668-BE54-9A1E7A4F7556}") = "Nameless.Messenger.Abstractions", "src\Messenger\Nameless.Messenger.Abstractions\Nameless.Messenger.Abstractions.csproj", "{183005A4-1F73-4893-B480-FE83CA13001D}"
EndProject
Project("{9A19103F-16F7-4668-BE54-9A1E7A4F7556}") = "Nameless.Messenger.Email", "src\Messenger\Nameless.Messenger.Email\Nameless.Messenger.Email.csproj", "{6D05E671-7DD6-4628-A0CC-25E765B5D6E3}"
EndProject
Project("{9A19103F-16F7-4668-BE54-9A1E7A4F7556}") = "Nameless.Messenger.Email.DependencyInjection", "src\Messenger\Nameless.Messenger.Email.DependencyInjection\Nameless.Messenger.Email.DependencyInjection.csproj", "{2523C0F8-BF4A-4D89-B16C-1E255F9FDB6E}"
EndProject
Project("{2150E333-8FDC-42A3-9474-1A3956D46DE8}") = "NHibernate", "NHibernate", "{46B3C6B1-B550-484C-B641-AA32E77F15C5}"
EndProject
Project("{9A19103F-16F7-4668-BE54-9A1E7A4F7556}") = "Nameless.NHibernate", "src\NHibernate\Nameless.NHibernate\Nameless.NHibernate.csproj", "{0E9AFB53-20D6-4472-BD98-BF9691F16CF1}"
EndProject
Project("{9A19103F-16F7-4668-BE54-9A1E7A4F7556}") = "Nameless.NHibernate.DependencyInjection", "src\NHibernate\Nameless.NHibernate.DependencyInjection\Nameless.NHibernate.DependencyInjection.csproj", "{4A664046-A2E9-43D1-9DA8-75D222853774}"
EndProject
Project("{2150E333-8FDC-42A3-9474-1A3956D46DE8}") = "ProducerConsumer", "ProducerConsumer", "{405377EF-7190-419F-8D3D-8C1ACA8CFAE5}"
EndProject
Project("{9A19103F-16F7-4668-BE54-9A1E7A4F7556}") = "Nameless.ProducerConsumer.Abstractions", "src\ProducerConsumer\Nameless.ProducerConsumer.Abstractions\Nameless.ProducerConsumer.Abstractions.csproj", "{8950D642-F2D9-404F-81B7-14D56AD45620}"
EndProject
Project("{9A19103F-16F7-4668-BE54-9A1E7A4F7556}") = "Nameless.ProducerConsumer.RabbitMQ", "src\ProducerConsumer\Nameless.ProducerConsumer.RabbitMQ\Nameless.ProducerConsumer.RabbitMQ.csproj", "{AC60CBDC-C7A8-4536-8830-966FC64F8E87}"
EndProject
Project("{9A19103F-16F7-4668-BE54-9A1E7A4F7556}") = "Nameless.ProducerConsumer.RabbitMQ.DependencyInjection", "src\ProducerConsumer\Nameless.ProducerConsumer.RabbitMQ.DependencyInjection\Nameless.ProducerConsumer.RabbitMQ.DependencyInjection.csproj", "{B4E34646-9971-4E60-BEBA-F58AA79C0E49}"
EndProject
Project("{2150E333-8FDC-42A3-9474-1A3956D46DE8}") = "Security", "Security", "{7A441387-F933-44EB-99C2-641690D93CE2}"
EndProject
Project("{9A19103F-16F7-4668-BE54-9A1E7A4F7556}") = "Nameless.Security", "src\Security\Nameless.Security\Nameless.Security.csproj", "{A47E088D-EBF0-4050-B172-C8FD523209A6}"
EndProject
Project("{9A19103F-16F7-4668-BE54-9A1E7A4F7556}") = "Nameless.Security.Abstractions", "src\Security\Nameless.Security.Abstractions\Nameless.Security.Abstractions.csproj", "{5CD6E7FE-BDD4-489A-B35B-67911C2A55E5}"
EndProject
Project("{9A19103F-16F7-4668-BE54-9A1E7A4F7556}") = "Nameless.Security.DependencyInjection", "src\Security\Nameless.Security.DependencyInjection\Nameless.Security.DependencyInjection.csproj", "{D0C8C581-491E-43C0-A47E-CB5A819D0D99}"
EndProject
Project("{2150E333-8FDC-42A3-9474-1A3956D46DE8}") = "Web", "Web", "{AB0AB038-3818-45EA-9F78-AD264343560F}"
EndProject
Project("{9A19103F-16F7-4668-BE54-9A1E7A4F7556}") = "Nameless.Web.Core", "src\Web\Nameless.Web.Core\Nameless.Web.Core.csproj", "{5F2ED98B-2EA3-4670-8C4B-8A478ADF750F}"
EndProject
Project("{9A19103F-16F7-4668-BE54-9A1E7A4F7556}") = "Nameless.Web.Core.DependencyInjection", "src\Web\Nameless.Web.Core.DependencyInjection\Nameless.Web.Core.DependencyInjection.csproj", "{00CA6C20-8E9B-4F2D-B27F-FC086CDDEAA4}"
EndProject
Project("{9A19103F-16F7-4668-BE54-9A1E7A4F7556}") = "Nameless.Web.Core.UnitTest", "src\Web\Nameless.Web.Core.UnitTest\Nameless.Web.Core.UnitTest.csproj", "{A8A4E400-9A2F-480D-84E9-6DAC3C262375}"
EndProject
Project("{2150E333-8FDC-42A3-9474-1A3956D46DE8}") = "samples", "samples", "{086D52B4-E9C6-4A23-9B02-69845FD479B1}"
EndProject
Project("{9A19103F-16F7-4668-BE54-9A1E7A4F7556}") = "Nameless.Checklist.Web", "samples\Checklist\Nameless.Checklist.Web\Nameless.Checklist.Web.csproj", "{9434319F-C082-4413-BDF0-8DF672DEC39F}"
EndProject
Project("{9A19103F-16F7-4668-BE54-9A1E7A4F7556}") = "Nameless.RepeatIt.Web", "samples\RepeatIt\Nameless.RepeatIt.Web\Nameless.RepeatIt.Web.csproj", "{0714FF5D-92B4-4084-A5A0-60FCD1682A65}"
EndProject
Project("{2150E333-8FDC-42A3-9474-1A3956D46DE8}") = "MongoDB", "MongoDB", "{6285EFCE-3D17-41C8-911E-4BACDE76202C}"
EndProject
Project("{9A19103F-16F7-4668-BE54-9A1E7A4F7556}") = "Nameless.MongoDB", "src\MongoDB\Nameless.MongoDB\Nameless.MongoDB.csproj", "{4CB2F4D4-7700-41A6-9F3B-A22495F79A45}"
EndProject
Project("{9A19103F-16F7-4668-BE54-9A1E7A4F7556}") = "Nameless.MongoDB.DependencyInjection", "src\MongoDB\Nameless.MongoDB.DependencyInjection\Nameless.MongoDB.DependencyInjection.csproj", "{EBA66A7E-2DEE-45EB-A335-99FF753A01B2}"
EndProject
Project("{9A19103F-16F7-4668-BE54-9A1E7A4F7556}") = "Nameless.MongoDB.UnitTest", "src\MongoDB\Nameless.MongoDB.UnitTest\Nameless.MongoDB.UnitTest.csproj", "{03A30C1F-BFDE-4D3E-8A76-A9C78373E08E}"
EndProject
Project("{9A19103F-16F7-4668-BE54-9A1E7A4F7556}") = "Nameless.Data.Common", "src\Data\Nameless.Data.Common\Nameless.Data.Common.csproj", "{CD928A58-4A24-4C4A-B12F-E157944B89CB}"
EndProject
Project("{9A19103F-16F7-4668-BE54-9A1E7A4F7556}") = "Nameless.Caching.Redis.UnitTest", "src\Caching\Nameless.Caching.Redis.UnitTest\Nameless.Caching.Redis.UnitTest.csproj", "{4A8994F5-BDC4-4E57-A511-5D59DAA7F277}"
EndProject
Project("{9A19103F-16F7-4668-BE54-9A1E7A4F7556}") = "Nameless.Data.SQLite.UnitTest", "src\Data\Nameless.Data.SQLite.UnitTest\Nameless.Data.SQLite.UnitTest.csproj", "{340BAA80-A1AC-4A89-9D4C-EEB0D0FB504D}"
EndProject
Project("{9A19103F-16F7-4668-BE54-9A1E7A4F7556}") = "Nameless.Messenger.Email.UnitTest", "src\Messenger\Nameless.Messenger.Email.UnitTest\Nameless.Messenger.Email.UnitTest.csproj", "{0E2DB349-883F-4AA1-9F75-8FB9057087B8}"
EndProject
Project("{2150E333-8FDC-42A3-9474-1A3956D46DE8}") = "utils", "utils", "{C585689E-E359-48AE-AA33-3D64FDB64B42}"
EndProject
Project("{9A19103F-16F7-4668-BE54-9A1E7A4F7556}") = "Nameless.Test.Utils", "utils\Nameless.Test.Utils\Nameless.Test.Utils.csproj", "{00D1B66E-8331-4955-9ACC-B409DF873BE8}"
EndProject
Project("{9A19103F-16F7-4668-BE54-9A1E7A4F7556}") = "Nameless.Security.UnitTest", "src\Security\Nameless.Security.UnitTest\Nameless.Security.UnitTest.csproj", "{6CB4AC76-E61B-45F7-B383-D4FFE6D45855}"
EndProject
Project("{9A19103F-16F7-4668-BE54-9A1E7A4F7556}") = "Nameless.NHibernate.UnitTest", "src\NHibernate\Nameless.NHibernate.UnitTest\Nameless.NHibernate.UnitTest.csproj", "{6C7149B6-72EC-4729-B7AD-5CCF7FE9E647}"
EndProject
Project("{9A19103F-16F7-4668-BE54-9A1E7A4F7556}") = "Nameless.ProducerConsumer.RabbitMQ.Specs", "src\ProducerConsumer\Nameless.ProducerConsumer.RabbitMQ.Specs\Nameless.ProducerConsumer.RabbitMQ.Specs.csproj", "{4F4CDA07-9A6E-490B-94F9-5671184A1748}"
EndProject
Project("{2150E333-8FDC-42A3-9474-1A3956D46DE8}") = "github", "github", "{3C174D3A-0809-498C-B2A4-B7685BDE266E}"
EndProject
Project("{2150E333-8FDC-42A3-9474-1A3956D46DE8}") = "workflows", "workflows", "{1D129E42-751B-4462-A6FC-32C99867168C}"
	ProjectSection(SolutionItems) = preProject
		.github\workflows\develop.yml = .github\workflows\develop.yml
		.github\workflows\release.yml = .github\workflows\release.yml
	EndProjectSection
EndProject
Global
	GlobalSection(SolutionConfigurationPlatforms) = preSolution
		Debug|Any CPU = Debug|Any CPU
		Release|Any CPU = Release|Any CPU
	EndGlobalSection
	GlobalSection(ProjectConfigurationPlatforms) = postSolution
		{DF857763-9860-4DD5-9B53-60F594CBC3F1}.Debug|Any CPU.ActiveCfg = Debug|Any CPU
		{DF857763-9860-4DD5-9B53-60F594CBC3F1}.Debug|Any CPU.Build.0 = Debug|Any CPU
		{DF857763-9860-4DD5-9B53-60F594CBC3F1}.Release|Any CPU.ActiveCfg = Release|Any CPU
		{DF857763-9860-4DD5-9B53-60F594CBC3F1}.Release|Any CPU.Build.0 = Release|Any CPU
		{82B549C3-4B10-49D7-A17B-C40F830FF19B}.Debug|Any CPU.ActiveCfg = Debug|Any CPU
		{82B549C3-4B10-49D7-A17B-C40F830FF19B}.Debug|Any CPU.Build.0 = Debug|Any CPU
		{82B549C3-4B10-49D7-A17B-C40F830FF19B}.Release|Any CPU.ActiveCfg = Release|Any CPU
		{82B549C3-4B10-49D7-A17B-C40F830FF19B}.Release|Any CPU.Build.0 = Release|Any CPU
		{3884CB17-0FB0-4D83-B318-A1E8067BACD3}.Debug|Any CPU.ActiveCfg = Debug|Any CPU
		{3884CB17-0FB0-4D83-B318-A1E8067BACD3}.Debug|Any CPU.Build.0 = Debug|Any CPU
		{3884CB17-0FB0-4D83-B318-A1E8067BACD3}.Release|Any CPU.ActiveCfg = Release|Any CPU
		{3884CB17-0FB0-4D83-B318-A1E8067BACD3}.Release|Any CPU.Build.0 = Release|Any CPU
		{EA89948D-5343-4958-AEF7-CB1B8BB90D66}.Debug|Any CPU.ActiveCfg = Debug|Any CPU
		{EA89948D-5343-4958-AEF7-CB1B8BB90D66}.Debug|Any CPU.Build.0 = Debug|Any CPU
		{EA89948D-5343-4958-AEF7-CB1B8BB90D66}.Release|Any CPU.ActiveCfg = Release|Any CPU
		{EA89948D-5343-4958-AEF7-CB1B8BB90D66}.Release|Any CPU.Build.0 = Release|Any CPU
		{F1096327-82F8-4C88-B133-957D6D5FF046}.Debug|Any CPU.ActiveCfg = Debug|Any CPU
		{F1096327-82F8-4C88-B133-957D6D5FF046}.Debug|Any CPU.Build.0 = Debug|Any CPU
		{F1096327-82F8-4C88-B133-957D6D5FF046}.Release|Any CPU.ActiveCfg = Release|Any CPU
		{F1096327-82F8-4C88-B133-957D6D5FF046}.Release|Any CPU.Build.0 = Release|Any CPU
		{203B443E-DC80-4064-B4E1-84E2C8E2C692}.Debug|Any CPU.ActiveCfg = Debug|Any CPU
		{203B443E-DC80-4064-B4E1-84E2C8E2C692}.Debug|Any CPU.Build.0 = Debug|Any CPU
		{203B443E-DC80-4064-B4E1-84E2C8E2C692}.Release|Any CPU.ActiveCfg = Release|Any CPU
		{203B443E-DC80-4064-B4E1-84E2C8E2C692}.Release|Any CPU.Build.0 = Release|Any CPU
		{10B988D4-B0C7-4B63-B25F-54732402F185}.Debug|Any CPU.ActiveCfg = Debug|Any CPU
		{10B988D4-B0C7-4B63-B25F-54732402F185}.Debug|Any CPU.Build.0 = Debug|Any CPU
		{10B988D4-B0C7-4B63-B25F-54732402F185}.Release|Any CPU.ActiveCfg = Release|Any CPU
		{10B988D4-B0C7-4B63-B25F-54732402F185}.Release|Any CPU.Build.0 = Release|Any CPU
		{26A02A3D-7FC0-4FDC-8E19-52644F75E30A}.Debug|Any CPU.ActiveCfg = Debug|Any CPU
		{26A02A3D-7FC0-4FDC-8E19-52644F75E30A}.Debug|Any CPU.Build.0 = Debug|Any CPU
		{26A02A3D-7FC0-4FDC-8E19-52644F75E30A}.Release|Any CPU.ActiveCfg = Release|Any CPU
		{26A02A3D-7FC0-4FDC-8E19-52644F75E30A}.Release|Any CPU.Build.0 = Release|Any CPU
		{CC609766-45E9-414D-B8FB-08BC142E97AC}.Debug|Any CPU.ActiveCfg = Debug|Any CPU
		{CC609766-45E9-414D-B8FB-08BC142E97AC}.Debug|Any CPU.Build.0 = Debug|Any CPU
		{CC609766-45E9-414D-B8FB-08BC142E97AC}.Release|Any CPU.ActiveCfg = Release|Any CPU
		{CC609766-45E9-414D-B8FB-08BC142E97AC}.Release|Any CPU.Build.0 = Release|Any CPU
		{FC67A655-71A6-4C17-8136-3B13C7B4C1AD}.Debug|Any CPU.ActiveCfg = Debug|Any CPU
		{FC67A655-71A6-4C17-8136-3B13C7B4C1AD}.Debug|Any CPU.Build.0 = Debug|Any CPU
		{FC67A655-71A6-4C17-8136-3B13C7B4C1AD}.Release|Any CPU.ActiveCfg = Release|Any CPU
		{FC67A655-71A6-4C17-8136-3B13C7B4C1AD}.Release|Any CPU.Build.0 = Release|Any CPU
		{983FC2F7-CE6B-40EB-B95B-B8B68044CE36}.Debug|Any CPU.ActiveCfg = Debug|Any CPU
		{983FC2F7-CE6B-40EB-B95B-B8B68044CE36}.Debug|Any CPU.Build.0 = Debug|Any CPU
		{983FC2F7-CE6B-40EB-B95B-B8B68044CE36}.Release|Any CPU.ActiveCfg = Release|Any CPU
		{983FC2F7-CE6B-40EB-B95B-B8B68044CE36}.Release|Any CPU.Build.0 = Release|Any CPU
		{15844C24-27A9-4660-88C2-75D35A3D3B1F}.Debug|Any CPU.ActiveCfg = Debug|Any CPU
		{15844C24-27A9-4660-88C2-75D35A3D3B1F}.Debug|Any CPU.Build.0 = Debug|Any CPU
		{15844C24-27A9-4660-88C2-75D35A3D3B1F}.Release|Any CPU.ActiveCfg = Release|Any CPU
		{15844C24-27A9-4660-88C2-75D35A3D3B1F}.Release|Any CPU.Build.0 = Release|Any CPU
		{DC1773EE-35CB-4F07-AA2B-C8893BC57DE4}.Debug|Any CPU.ActiveCfg = Debug|Any CPU
		{DC1773EE-35CB-4F07-AA2B-C8893BC57DE4}.Debug|Any CPU.Build.0 = Debug|Any CPU
		{DC1773EE-35CB-4F07-AA2B-C8893BC57DE4}.Release|Any CPU.ActiveCfg = Release|Any CPU
		{DC1773EE-35CB-4F07-AA2B-C8893BC57DE4}.Release|Any CPU.Build.0 = Release|Any CPU
		{5E2281A4-2E0B-487E-82EF-38EEED9541D0}.Debug|Any CPU.ActiveCfg = Debug|Any CPU
		{5E2281A4-2E0B-487E-82EF-38EEED9541D0}.Debug|Any CPU.Build.0 = Debug|Any CPU
		{5E2281A4-2E0B-487E-82EF-38EEED9541D0}.Release|Any CPU.ActiveCfg = Release|Any CPU
		{5E2281A4-2E0B-487E-82EF-38EEED9541D0}.Release|Any CPU.Build.0 = Release|Any CPU
		{9A5F8354-2BE7-43E8-ACC7-03508877C433}.Debug|Any CPU.ActiveCfg = Debug|Any CPU
		{9A5F8354-2BE7-43E8-ACC7-03508877C433}.Debug|Any CPU.Build.0 = Debug|Any CPU
		{9A5F8354-2BE7-43E8-ACC7-03508877C433}.Release|Any CPU.ActiveCfg = Release|Any CPU
		{9A5F8354-2BE7-43E8-ACC7-03508877C433}.Release|Any CPU.Build.0 = Release|Any CPU
		{2C6253A5-8A71-4F38-80C5-365D15A42D27}.Debug|Any CPU.ActiveCfg = Debug|Any CPU
		{2C6253A5-8A71-4F38-80C5-365D15A42D27}.Debug|Any CPU.Build.0 = Debug|Any CPU
		{2C6253A5-8A71-4F38-80C5-365D15A42D27}.Release|Any CPU.ActiveCfg = Release|Any CPU
		{2C6253A5-8A71-4F38-80C5-365D15A42D27}.Release|Any CPU.Build.0 = Release|Any CPU
		{2E4C1E1A-1A98-4E5B-A172-A49799AC0684}.Debug|Any CPU.ActiveCfg = Debug|Any CPU
		{2E4C1E1A-1A98-4E5B-A172-A49799AC0684}.Debug|Any CPU.Build.0 = Debug|Any CPU
		{2E4C1E1A-1A98-4E5B-A172-A49799AC0684}.Release|Any CPU.ActiveCfg = Release|Any CPU
		{2E4C1E1A-1A98-4E5B-A172-A49799AC0684}.Release|Any CPU.Build.0 = Release|Any CPU
		{2D07355E-D600-4BE7-9675-595B68A216CA}.Debug|Any CPU.ActiveCfg = Debug|Any CPU
		{2D07355E-D600-4BE7-9675-595B68A216CA}.Debug|Any CPU.Build.0 = Debug|Any CPU
		{2D07355E-D600-4BE7-9675-595B68A216CA}.Release|Any CPU.ActiveCfg = Release|Any CPU
		{2D07355E-D600-4BE7-9675-595B68A216CA}.Release|Any CPU.Build.0 = Release|Any CPU
		{59338B2A-7E2F-43CC-9DE0-6705368CAAA3}.Debug|Any CPU.ActiveCfg = Debug|Any CPU
		{59338B2A-7E2F-43CC-9DE0-6705368CAAA3}.Debug|Any CPU.Build.0 = Debug|Any CPU
		{59338B2A-7E2F-43CC-9DE0-6705368CAAA3}.Release|Any CPU.ActiveCfg = Release|Any CPU
		{59338B2A-7E2F-43CC-9DE0-6705368CAAA3}.Release|Any CPU.Build.0 = Release|Any CPU
		{DFA30112-EAB6-435D-9AFF-14705988EC1A}.Debug|Any CPU.ActiveCfg = Debug|Any CPU
		{DFA30112-EAB6-435D-9AFF-14705988EC1A}.Debug|Any CPU.Build.0 = Debug|Any CPU
		{DFA30112-EAB6-435D-9AFF-14705988EC1A}.Release|Any CPU.ActiveCfg = Release|Any CPU
		{DFA30112-EAB6-435D-9AFF-14705988EC1A}.Release|Any CPU.Build.0 = Release|Any CPU
		{3211E0DA-450C-4B18-816E-DF16719ADEC3}.Debug|Any CPU.ActiveCfg = Debug|Any CPU
		{3211E0DA-450C-4B18-816E-DF16719ADEC3}.Debug|Any CPU.Build.0 = Debug|Any CPU
		{3211E0DA-450C-4B18-816E-DF16719ADEC3}.Release|Any CPU.ActiveCfg = Release|Any CPU
		{3211E0DA-450C-4B18-816E-DF16719ADEC3}.Release|Any CPU.Build.0 = Release|Any CPU
		{1313DB8B-DBC1-4EC3-BA76-A8683EB21593}.Debug|Any CPU.ActiveCfg = Debug|Any CPU
		{1313DB8B-DBC1-4EC3-BA76-A8683EB21593}.Debug|Any CPU.Build.0 = Debug|Any CPU
		{1313DB8B-DBC1-4EC3-BA76-A8683EB21593}.Release|Any CPU.ActiveCfg = Release|Any CPU
		{1313DB8B-DBC1-4EC3-BA76-A8683EB21593}.Release|Any CPU.Build.0 = Release|Any CPU
		{060142C5-6B9F-4FCE-8052-F981829EA834}.Debug|Any CPU.ActiveCfg = Debug|Any CPU
		{060142C5-6B9F-4FCE-8052-F981829EA834}.Debug|Any CPU.Build.0 = Debug|Any CPU
		{060142C5-6B9F-4FCE-8052-F981829EA834}.Release|Any CPU.ActiveCfg = Release|Any CPU
		{060142C5-6B9F-4FCE-8052-F981829EA834}.Release|Any CPU.Build.0 = Release|Any CPU
		{2A88F98A-FEBC-4E58-A857-8A344A4386D4}.Debug|Any CPU.ActiveCfg = Debug|Any CPU
		{2A88F98A-FEBC-4E58-A857-8A344A4386D4}.Debug|Any CPU.Build.0 = Debug|Any CPU
		{2A88F98A-FEBC-4E58-A857-8A344A4386D4}.Release|Any CPU.ActiveCfg = Release|Any CPU
		{2A88F98A-FEBC-4E58-A857-8A344A4386D4}.Release|Any CPU.Build.0 = Release|Any CPU
		{E40D7FB8-3914-4992-882C-3556ECAA9281}.Debug|Any CPU.ActiveCfg = Debug|Any CPU
		{E40D7FB8-3914-4992-882C-3556ECAA9281}.Debug|Any CPU.Build.0 = Debug|Any CPU
		{E40D7FB8-3914-4992-882C-3556ECAA9281}.Release|Any CPU.ActiveCfg = Release|Any CPU
		{E40D7FB8-3914-4992-882C-3556ECAA9281}.Release|Any CPU.Build.0 = Release|Any CPU
		{9B521113-38B6-4368-A5DB-7C34733CE91E}.Debug|Any CPU.ActiveCfg = Debug|Any CPU
		{9B521113-38B6-4368-A5DB-7C34733CE91E}.Debug|Any CPU.Build.0 = Debug|Any CPU
		{9B521113-38B6-4368-A5DB-7C34733CE91E}.Release|Any CPU.ActiveCfg = Release|Any CPU
		{9B521113-38B6-4368-A5DB-7C34733CE91E}.Release|Any CPU.Build.0 = Release|Any CPU
		{43F0C2AF-C8A0-4E08-84E9-E7C6802F89A1}.Debug|Any CPU.ActiveCfg = Debug|Any CPU
		{43F0C2AF-C8A0-4E08-84E9-E7C6802F89A1}.Debug|Any CPU.Build.0 = Debug|Any CPU
		{43F0C2AF-C8A0-4E08-84E9-E7C6802F89A1}.Release|Any CPU.ActiveCfg = Release|Any CPU
		{43F0C2AF-C8A0-4E08-84E9-E7C6802F89A1}.Release|Any CPU.Build.0 = Release|Any CPU
		{5465991A-D279-4255-A00C-2492089CE89A}.Debug|Any CPU.ActiveCfg = Debug|Any CPU
		{5465991A-D279-4255-A00C-2492089CE89A}.Debug|Any CPU.Build.0 = Debug|Any CPU
		{5465991A-D279-4255-A00C-2492089CE89A}.Release|Any CPU.ActiveCfg = Release|Any CPU
		{5465991A-D279-4255-A00C-2492089CE89A}.Release|Any CPU.Build.0 = Release|Any CPU
		{CE557112-F944-4DFD-A1A9-6D24AD82E33F}.Debug|Any CPU.ActiveCfg = Debug|Any CPU
		{CE557112-F944-4DFD-A1A9-6D24AD82E33F}.Debug|Any CPU.Build.0 = Debug|Any CPU
		{CE557112-F944-4DFD-A1A9-6D24AD82E33F}.Release|Any CPU.ActiveCfg = Release|Any CPU
		{CE557112-F944-4DFD-A1A9-6D24AD82E33F}.Release|Any CPU.Build.0 = Release|Any CPU
		{183005A4-1F73-4893-B480-FE83CA13001D}.Debug|Any CPU.ActiveCfg = Debug|Any CPU
		{183005A4-1F73-4893-B480-FE83CA13001D}.Debug|Any CPU.Build.0 = Debug|Any CPU
		{183005A4-1F73-4893-B480-FE83CA13001D}.Release|Any CPU.ActiveCfg = Release|Any CPU
		{183005A4-1F73-4893-B480-FE83CA13001D}.Release|Any CPU.Build.0 = Release|Any CPU
		{6D05E671-7DD6-4628-A0CC-25E765B5D6E3}.Debug|Any CPU.ActiveCfg = Debug|Any CPU
		{6D05E671-7DD6-4628-A0CC-25E765B5D6E3}.Debug|Any CPU.Build.0 = Debug|Any CPU
		{6D05E671-7DD6-4628-A0CC-25E765B5D6E3}.Release|Any CPU.ActiveCfg = Release|Any CPU
		{6D05E671-7DD6-4628-A0CC-25E765B5D6E3}.Release|Any CPU.Build.0 = Release|Any CPU
		{2523C0F8-BF4A-4D89-B16C-1E255F9FDB6E}.Debug|Any CPU.ActiveCfg = Debug|Any CPU
		{2523C0F8-BF4A-4D89-B16C-1E255F9FDB6E}.Debug|Any CPU.Build.0 = Debug|Any CPU
		{2523C0F8-BF4A-4D89-B16C-1E255F9FDB6E}.Release|Any CPU.ActiveCfg = Release|Any CPU
		{2523C0F8-BF4A-4D89-B16C-1E255F9FDB6E}.Release|Any CPU.Build.0 = Release|Any CPU
		{0E9AFB53-20D6-4472-BD98-BF9691F16CF1}.Debug|Any CPU.ActiveCfg = Debug|Any CPU
		{0E9AFB53-20D6-4472-BD98-BF9691F16CF1}.Debug|Any CPU.Build.0 = Debug|Any CPU
		{0E9AFB53-20D6-4472-BD98-BF9691F16CF1}.Release|Any CPU.ActiveCfg = Release|Any CPU
		{0E9AFB53-20D6-4472-BD98-BF9691F16CF1}.Release|Any CPU.Build.0 = Release|Any CPU
		{4A664046-A2E9-43D1-9DA8-75D222853774}.Debug|Any CPU.ActiveCfg = Debug|Any CPU
		{4A664046-A2E9-43D1-9DA8-75D222853774}.Debug|Any CPU.Build.0 = Debug|Any CPU
		{4A664046-A2E9-43D1-9DA8-75D222853774}.Release|Any CPU.ActiveCfg = Release|Any CPU
		{4A664046-A2E9-43D1-9DA8-75D222853774}.Release|Any CPU.Build.0 = Release|Any CPU
		{8950D642-F2D9-404F-81B7-14D56AD45620}.Debug|Any CPU.ActiveCfg = Debug|Any CPU
		{8950D642-F2D9-404F-81B7-14D56AD45620}.Debug|Any CPU.Build.0 = Debug|Any CPU
		{8950D642-F2D9-404F-81B7-14D56AD45620}.Release|Any CPU.ActiveCfg = Release|Any CPU
		{8950D642-F2D9-404F-81B7-14D56AD45620}.Release|Any CPU.Build.0 = Release|Any CPU
		{AC60CBDC-C7A8-4536-8830-966FC64F8E87}.Debug|Any CPU.ActiveCfg = Debug|Any CPU
		{AC60CBDC-C7A8-4536-8830-966FC64F8E87}.Debug|Any CPU.Build.0 = Debug|Any CPU
		{AC60CBDC-C7A8-4536-8830-966FC64F8E87}.Release|Any CPU.ActiveCfg = Release|Any CPU
		{AC60CBDC-C7A8-4536-8830-966FC64F8E87}.Release|Any CPU.Build.0 = Release|Any CPU
		{B4E34646-9971-4E60-BEBA-F58AA79C0E49}.Debug|Any CPU.ActiveCfg = Debug|Any CPU
		{B4E34646-9971-4E60-BEBA-F58AA79C0E49}.Debug|Any CPU.Build.0 = Debug|Any CPU
		{B4E34646-9971-4E60-BEBA-F58AA79C0E49}.Release|Any CPU.ActiveCfg = Release|Any CPU
		{B4E34646-9971-4E60-BEBA-F58AA79C0E49}.Release|Any CPU.Build.0 = Release|Any CPU
		{A47E088D-EBF0-4050-B172-C8FD523209A6}.Debug|Any CPU.ActiveCfg = Debug|Any CPU
		{A47E088D-EBF0-4050-B172-C8FD523209A6}.Debug|Any CPU.Build.0 = Debug|Any CPU
		{A47E088D-EBF0-4050-B172-C8FD523209A6}.Release|Any CPU.ActiveCfg = Release|Any CPU
		{A47E088D-EBF0-4050-B172-C8FD523209A6}.Release|Any CPU.Build.0 = Release|Any CPU
		{5CD6E7FE-BDD4-489A-B35B-67911C2A55E5}.Debug|Any CPU.ActiveCfg = Debug|Any CPU
		{5CD6E7FE-BDD4-489A-B35B-67911C2A55E5}.Debug|Any CPU.Build.0 = Debug|Any CPU
		{5CD6E7FE-BDD4-489A-B35B-67911C2A55E5}.Release|Any CPU.ActiveCfg = Release|Any CPU
		{5CD6E7FE-BDD4-489A-B35B-67911C2A55E5}.Release|Any CPU.Build.0 = Release|Any CPU
		{D0C8C581-491E-43C0-A47E-CB5A819D0D99}.Debug|Any CPU.ActiveCfg = Debug|Any CPU
		{D0C8C581-491E-43C0-A47E-CB5A819D0D99}.Debug|Any CPU.Build.0 = Debug|Any CPU
		{D0C8C581-491E-43C0-A47E-CB5A819D0D99}.Release|Any CPU.ActiveCfg = Release|Any CPU
		{D0C8C581-491E-43C0-A47E-CB5A819D0D99}.Release|Any CPU.Build.0 = Release|Any CPU
		{5F2ED98B-2EA3-4670-8C4B-8A478ADF750F}.Debug|Any CPU.ActiveCfg = Debug|Any CPU
		{5F2ED98B-2EA3-4670-8C4B-8A478ADF750F}.Debug|Any CPU.Build.0 = Debug|Any CPU
		{5F2ED98B-2EA3-4670-8C4B-8A478ADF750F}.Release|Any CPU.ActiveCfg = Release|Any CPU
		{5F2ED98B-2EA3-4670-8C4B-8A478ADF750F}.Release|Any CPU.Build.0 = Release|Any CPU
		{00CA6C20-8E9B-4F2D-B27F-FC086CDDEAA4}.Debug|Any CPU.ActiveCfg = Debug|Any CPU
		{00CA6C20-8E9B-4F2D-B27F-FC086CDDEAA4}.Debug|Any CPU.Build.0 = Debug|Any CPU
		{00CA6C20-8E9B-4F2D-B27F-FC086CDDEAA4}.Release|Any CPU.ActiveCfg = Release|Any CPU
		{00CA6C20-8E9B-4F2D-B27F-FC086CDDEAA4}.Release|Any CPU.Build.0 = Release|Any CPU
		{A8A4E400-9A2F-480D-84E9-6DAC3C262375}.Debug|Any CPU.ActiveCfg = Debug|Any CPU
		{A8A4E400-9A2F-480D-84E9-6DAC3C262375}.Debug|Any CPU.Build.0 = Debug|Any CPU
		{A8A4E400-9A2F-480D-84E9-6DAC3C262375}.Release|Any CPU.ActiveCfg = Release|Any CPU
		{A8A4E400-9A2F-480D-84E9-6DAC3C262375}.Release|Any CPU.Build.0 = Release|Any CPU
		{9434319F-C082-4413-BDF0-8DF672DEC39F}.Debug|Any CPU.ActiveCfg = Debug|Any CPU
		{9434319F-C082-4413-BDF0-8DF672DEC39F}.Debug|Any CPU.Build.0 = Debug|Any CPU
		{9434319F-C082-4413-BDF0-8DF672DEC39F}.Release|Any CPU.ActiveCfg = Release|Any CPU
		{9434319F-C082-4413-BDF0-8DF672DEC39F}.Release|Any CPU.Build.0 = Release|Any CPU
		{0714FF5D-92B4-4084-A5A0-60FCD1682A65}.Debug|Any CPU.ActiveCfg = Debug|Any CPU
		{0714FF5D-92B4-4084-A5A0-60FCD1682A65}.Debug|Any CPU.Build.0 = Debug|Any CPU
		{0714FF5D-92B4-4084-A5A0-60FCD1682A65}.Release|Any CPU.ActiveCfg = Release|Any CPU
		{0714FF5D-92B4-4084-A5A0-60FCD1682A65}.Release|Any CPU.Build.0 = Release|Any CPU
		{4CB2F4D4-7700-41A6-9F3B-A22495F79A45}.Debug|Any CPU.ActiveCfg = Debug|Any CPU
		{4CB2F4D4-7700-41A6-9F3B-A22495F79A45}.Debug|Any CPU.Build.0 = Debug|Any CPU
		{4CB2F4D4-7700-41A6-9F3B-A22495F79A45}.Release|Any CPU.ActiveCfg = Release|Any CPU
		{4CB2F4D4-7700-41A6-9F3B-A22495F79A45}.Release|Any CPU.Build.0 = Release|Any CPU
		{EBA66A7E-2DEE-45EB-A335-99FF753A01B2}.Debug|Any CPU.ActiveCfg = Debug|Any CPU
		{EBA66A7E-2DEE-45EB-A335-99FF753A01B2}.Debug|Any CPU.Build.0 = Debug|Any CPU
		{EBA66A7E-2DEE-45EB-A335-99FF753A01B2}.Release|Any CPU.ActiveCfg = Release|Any CPU
		{EBA66A7E-2DEE-45EB-A335-99FF753A01B2}.Release|Any CPU.Build.0 = Release|Any CPU
		{03A30C1F-BFDE-4D3E-8A76-A9C78373E08E}.Debug|Any CPU.ActiveCfg = Debug|Any CPU
		{03A30C1F-BFDE-4D3E-8A76-A9C78373E08E}.Debug|Any CPU.Build.0 = Debug|Any CPU
		{03A30C1F-BFDE-4D3E-8A76-A9C78373E08E}.Release|Any CPU.ActiveCfg = Release|Any CPU
		{03A30C1F-BFDE-4D3E-8A76-A9C78373E08E}.Release|Any CPU.Build.0 = Release|Any CPU
		{CD928A58-4A24-4C4A-B12F-E157944B89CB}.Debug|Any CPU.ActiveCfg = Debug|Any CPU
		{CD928A58-4A24-4C4A-B12F-E157944B89CB}.Debug|Any CPU.Build.0 = Debug|Any CPU
		{CD928A58-4A24-4C4A-B12F-E157944B89CB}.Release|Any CPU.ActiveCfg = Release|Any CPU
		{CD928A58-4A24-4C4A-B12F-E157944B89CB}.Release|Any CPU.Build.0 = Release|Any CPU
		{4A8994F5-BDC4-4E57-A511-5D59DAA7F277}.Debug|Any CPU.ActiveCfg = Debug|Any CPU
		{4A8994F5-BDC4-4E57-A511-5D59DAA7F277}.Debug|Any CPU.Build.0 = Debug|Any CPU
		{4A8994F5-BDC4-4E57-A511-5D59DAA7F277}.Release|Any CPU.ActiveCfg = Release|Any CPU
		{4A8994F5-BDC4-4E57-A511-5D59DAA7F277}.Release|Any CPU.Build.0 = Release|Any CPU
		{340BAA80-A1AC-4A89-9D4C-EEB0D0FB504D}.Debug|Any CPU.ActiveCfg = Debug|Any CPU
		{340BAA80-A1AC-4A89-9D4C-EEB0D0FB504D}.Debug|Any CPU.Build.0 = Debug|Any CPU
		{340BAA80-A1AC-4A89-9D4C-EEB0D0FB504D}.Release|Any CPU.ActiveCfg = Release|Any CPU
		{340BAA80-A1AC-4A89-9D4C-EEB0D0FB504D}.Release|Any CPU.Build.0 = Release|Any CPU
		{0E2DB349-883F-4AA1-9F75-8FB9057087B8}.Debug|Any CPU.ActiveCfg = Debug|Any CPU
		{0E2DB349-883F-4AA1-9F75-8FB9057087B8}.Debug|Any CPU.Build.0 = Debug|Any CPU
		{0E2DB349-883F-4AA1-9F75-8FB9057087B8}.Release|Any CPU.ActiveCfg = Release|Any CPU
		{0E2DB349-883F-4AA1-9F75-8FB9057087B8}.Release|Any CPU.Build.0 = Release|Any CPU
		{00D1B66E-8331-4955-9ACC-B409DF873BE8}.Debug|Any CPU.ActiveCfg = Debug|Any CPU
		{00D1B66E-8331-4955-9ACC-B409DF873BE8}.Debug|Any CPU.Build.0 = Debug|Any CPU
		{00D1B66E-8331-4955-9ACC-B409DF873BE8}.Release|Any CPU.ActiveCfg = Release|Any CPU
		{00D1B66E-8331-4955-9ACC-B409DF873BE8}.Release|Any CPU.Build.0 = Release|Any CPU
		{6CB4AC76-E61B-45F7-B383-D4FFE6D45855}.Debug|Any CPU.ActiveCfg = Debug|Any CPU
		{6CB4AC76-E61B-45F7-B383-D4FFE6D45855}.Debug|Any CPU.Build.0 = Debug|Any CPU
		{6CB4AC76-E61B-45F7-B383-D4FFE6D45855}.Release|Any CPU.ActiveCfg = Release|Any CPU
		{6CB4AC76-E61B-45F7-B383-D4FFE6D45855}.Release|Any CPU.Build.0 = Release|Any CPU
		{6C7149B6-72EC-4729-B7AD-5CCF7FE9E647}.Debug|Any CPU.ActiveCfg = Debug|Any CPU
		{6C7149B6-72EC-4729-B7AD-5CCF7FE9E647}.Debug|Any CPU.Build.0 = Debug|Any CPU
		{6C7149B6-72EC-4729-B7AD-5CCF7FE9E647}.Release|Any CPU.ActiveCfg = Release|Any CPU
		{6C7149B6-72EC-4729-B7AD-5CCF7FE9E647}.Release|Any CPU.Build.0 = Release|Any CPU
		{4F4CDA07-9A6E-490B-94F9-5671184A1748}.Debug|Any CPU.ActiveCfg = Debug|Any CPU
		{4F4CDA07-9A6E-490B-94F9-5671184A1748}.Debug|Any CPU.Build.0 = Debug|Any CPU
		{4F4CDA07-9A6E-490B-94F9-5671184A1748}.Release|Any CPU.ActiveCfg = Release|Any CPU
		{4F4CDA07-9A6E-490B-94F9-5671184A1748}.Release|Any CPU.Build.0 = Release|Any CPU
	EndGlobalSection
	GlobalSection(SolutionProperties) = preSolution
		HideSolutionNode = FALSE
	EndGlobalSection
	GlobalSection(NestedProjects) = preSolution
		{B800E1FE-1F86-46C2-83AE-74F6C64C9A80} = {B0F8B265-A654-479F-A240-D7A0806CD2E4}
		{DF857763-9860-4DD5-9B53-60F594CBC3F1} = {B800E1FE-1F86-46C2-83AE-74F6C64C9A80}
		{F8BC1611-AEA9-44B5-99BA-45F019216270} = {B0F8B265-A654-479F-A240-D7A0806CD2E4}
		{82B549C3-4B10-49D7-A17B-C40F830FF19B} = {F8BC1611-AEA9-44B5-99BA-45F019216270}
		{3884CB17-0FB0-4D83-B318-A1E8067BACD3} = {F8BC1611-AEA9-44B5-99BA-45F019216270}
		{EA89948D-5343-4958-AEF7-CB1B8BB90D66} = {F8BC1611-AEA9-44B5-99BA-45F019216270}
		{F1096327-82F8-4C88-B133-957D6D5FF046} = {F8BC1611-AEA9-44B5-99BA-45F019216270}
		{203B443E-DC80-4064-B4E1-84E2C8E2C692} = {F8BC1611-AEA9-44B5-99BA-45F019216270}
		{10B988D4-B0C7-4B63-B25F-54732402F185} = {F8BC1611-AEA9-44B5-99BA-45F019216270}
		{0098C91F-8C19-4B63-94D5-24C76608AFFD} = {B0F8B265-A654-479F-A240-D7A0806CD2E4}
		{26A02A3D-7FC0-4FDC-8E19-52644F75E30A} = {0098C91F-8C19-4B63-94D5-24C76608AFFD}
		{CC609766-45E9-414D-B8FB-08BC142E97AC} = {0098C91F-8C19-4B63-94D5-24C76608AFFD}
		{FC67A655-71A6-4C17-8136-3B13C7B4C1AD} = {0098C91F-8C19-4B63-94D5-24C76608AFFD}
		{CE0C0149-07FF-4512-972D-959A10A9DE33} = {B0F8B265-A654-479F-A240-D7A0806CD2E4}
		{983FC2F7-CE6B-40EB-B95B-B8B68044CE36} = {CE0C0149-07FF-4512-972D-959A10A9DE33}
		{15844C24-27A9-4660-88C2-75D35A3D3B1F} = {CE0C0149-07FF-4512-972D-959A10A9DE33}
		{DC1773EE-35CB-4F07-AA2B-C8893BC57DE4} = {CE0C0149-07FF-4512-972D-959A10A9DE33}
		{5E2281A4-2E0B-487E-82EF-38EEED9541D0} = {CE0C0149-07FF-4512-972D-959A10A9DE33}
		{9A5F8354-2BE7-43E8-ACC7-03508877C433} = {CE0C0149-07FF-4512-972D-959A10A9DE33}
		{2C6253A5-8A71-4F38-80C5-365D15A42D27} = {CE0C0149-07FF-4512-972D-959A10A9DE33}
		{2E4C1E1A-1A98-4E5B-A172-A49799AC0684} = {CE0C0149-07FF-4512-972D-959A10A9DE33}
		{2D07355E-D600-4BE7-9675-595B68A216CA} = {CE0C0149-07FF-4512-972D-959A10A9DE33}
		{A64396EA-D1CD-438B-8906-339583076243} = {B0F8B265-A654-479F-A240-D7A0806CD2E4}
		{59338B2A-7E2F-43CC-9DE0-6705368CAAA3} = {A64396EA-D1CD-438B-8906-339583076243}
		{DFA30112-EAB6-435D-9AFF-14705988EC1A} = {A64396EA-D1CD-438B-8906-339583076243}
		{3211E0DA-450C-4B18-816E-DF16719ADEC3} = {A64396EA-D1CD-438B-8906-339583076243}
		{04A05DBD-59D9-46F1-8226-049B3654406B} = {B0F8B265-A654-479F-A240-D7A0806CD2E4}
		{1313DB8B-DBC1-4EC3-BA76-A8683EB21593} = {04A05DBD-59D9-46F1-8226-049B3654406B}
		{060142C5-6B9F-4FCE-8052-F981829EA834} = {04A05DBD-59D9-46F1-8226-049B3654406B}
		{2A88F98A-FEBC-4E58-A857-8A344A4386D4} = {04A05DBD-59D9-46F1-8226-049B3654406B}
		{780B3B31-D8A9-4098-B8B6-148EC9BCBF87} = {B0F8B265-A654-479F-A240-D7A0806CD2E4}
		{E40D7FB8-3914-4992-882C-3556ECAA9281} = {780B3B31-D8A9-4098-B8B6-148EC9BCBF87}
		{AA15BA3C-A23B-4D69-9986-AF7FBD30A049} = {B0F8B265-A654-479F-A240-D7A0806CD2E4}
		{9B521113-38B6-4368-A5DB-7C34733CE91E} = {AA15BA3C-A23B-4D69-9986-AF7FBD30A049}
		{43F0C2AF-C8A0-4E08-84E9-E7C6802F89A1} = {AA15BA3C-A23B-4D69-9986-AF7FBD30A049}
		{5465991A-D279-4255-A00C-2492089CE89A} = {AA15BA3C-A23B-4D69-9986-AF7FBD30A049}
		{1B0B0AF7-CDF1-40FA-89CE-4194A1A39344} = {B0F8B265-A654-479F-A240-D7A0806CD2E4}
		{CE557112-F944-4DFD-A1A9-6D24AD82E33F} = {1B0B0AF7-CDF1-40FA-89CE-4194A1A39344}
		{1B629472-FFB7-4CAD-917D-B1E804AFDBA6} = {B0F8B265-A654-479F-A240-D7A0806CD2E4}
		{183005A4-1F73-4893-B480-FE83CA13001D} = {1B629472-FFB7-4CAD-917D-B1E804AFDBA6}
		{6D05E671-7DD6-4628-A0CC-25E765B5D6E3} = {1B629472-FFB7-4CAD-917D-B1E804AFDBA6}
		{2523C0F8-BF4A-4D89-B16C-1E255F9FDB6E} = {1B629472-FFB7-4CAD-917D-B1E804AFDBA6}
		{46B3C6B1-B550-484C-B641-AA32E77F15C5} = {B0F8B265-A654-479F-A240-D7A0806CD2E4}
		{0E9AFB53-20D6-4472-BD98-BF9691F16CF1} = {46B3C6B1-B550-484C-B641-AA32E77F15C5}
		{4A664046-A2E9-43D1-9DA8-75D222853774} = {46B3C6B1-B550-484C-B641-AA32E77F15C5}
		{405377EF-7190-419F-8D3D-8C1ACA8CFAE5} = {B0F8B265-A654-479F-A240-D7A0806CD2E4}
		{8950D642-F2D9-404F-81B7-14D56AD45620} = {405377EF-7190-419F-8D3D-8C1ACA8CFAE5}
		{AC60CBDC-C7A8-4536-8830-966FC64F8E87} = {405377EF-7190-419F-8D3D-8C1ACA8CFAE5}
		{B4E34646-9971-4E60-BEBA-F58AA79C0E49} = {405377EF-7190-419F-8D3D-8C1ACA8CFAE5}
		{7A441387-F933-44EB-99C2-641690D93CE2} = {B0F8B265-A654-479F-A240-D7A0806CD2E4}
		{A47E088D-EBF0-4050-B172-C8FD523209A6} = {7A441387-F933-44EB-99C2-641690D93CE2}
		{5CD6E7FE-BDD4-489A-B35B-67911C2A55E5} = {7A441387-F933-44EB-99C2-641690D93CE2}
		{D0C8C581-491E-43C0-A47E-CB5A819D0D99} = {7A441387-F933-44EB-99C2-641690D93CE2}
		{AB0AB038-3818-45EA-9F78-AD264343560F} = {B0F8B265-A654-479F-A240-D7A0806CD2E4}
		{5F2ED98B-2EA3-4670-8C4B-8A478ADF750F} = {AB0AB038-3818-45EA-9F78-AD264343560F}
		{00CA6C20-8E9B-4F2D-B27F-FC086CDDEAA4} = {AB0AB038-3818-45EA-9F78-AD264343560F}
		{A8A4E400-9A2F-480D-84E9-6DAC3C262375} = {AB0AB038-3818-45EA-9F78-AD264343560F}
		{9434319F-C082-4413-BDF0-8DF672DEC39F} = {086D52B4-E9C6-4A23-9B02-69845FD479B1}
		{0714FF5D-92B4-4084-A5A0-60FCD1682A65} = {086D52B4-E9C6-4A23-9B02-69845FD479B1}
		{6285EFCE-3D17-41C8-911E-4BACDE76202C} = {B0F8B265-A654-479F-A240-D7A0806CD2E4}
		{4CB2F4D4-7700-41A6-9F3B-A22495F79A45} = {6285EFCE-3D17-41C8-911E-4BACDE76202C}
		{EBA66A7E-2DEE-45EB-A335-99FF753A01B2} = {6285EFCE-3D17-41C8-911E-4BACDE76202C}
		{03A30C1F-BFDE-4D3E-8A76-A9C78373E08E} = {6285EFCE-3D17-41C8-911E-4BACDE76202C}
		{CD928A58-4A24-4C4A-B12F-E157944B89CB} = {CE0C0149-07FF-4512-972D-959A10A9DE33}
		{4A8994F5-BDC4-4E57-A511-5D59DAA7F277} = {F8BC1611-AEA9-44B5-99BA-45F019216270}
		{340BAA80-A1AC-4A89-9D4C-EEB0D0FB504D} = {CE0C0149-07FF-4512-972D-959A10A9DE33}
		{0E2DB349-883F-4AA1-9F75-8FB9057087B8} = {1B629472-FFB7-4CAD-917D-B1E804AFDBA6}
		{00D1B66E-8331-4955-9ACC-B409DF873BE8} = {C585689E-E359-48AE-AA33-3D64FDB64B42}
		{6CB4AC76-E61B-45F7-B383-D4FFE6D45855} = {7A441387-F933-44EB-99C2-641690D93CE2}
		{6C7149B6-72EC-4729-B7AD-5CCF7FE9E647} = {46B3C6B1-B550-484C-B641-AA32E77F15C5}
		{4F4CDA07-9A6E-490B-94F9-5671184A1748} = {405377EF-7190-419F-8D3D-8C1ACA8CFAE5}
		{1D129E42-751B-4462-A6FC-32C99867168C} = {3C174D3A-0809-498C-B2A4-B7685BDE266E}
	EndGlobalSection
	GlobalSection(ExtensibilityGlobals) = postSolution
		SolutionGuid = {717ADD35-E5EC-479F-ACB1-ADB14FF8A89C}
	EndGlobalSection
EndGlobal
